// !$*UTF8*$!
{
	archiveVersion = 1;
	classes = {
	};
	objectVersion = 56;
	objects = {

/* Begin PBXBuildFile section */
		FA2706832A2954D100EB2DAE /* RefrigeratorTests.swift in Sources */ = {isa = PBXBuildFile; fileRef = FA2706822A2954D100EB2DAE /* RefrigeratorTests.swift */; };
		FA2706862A295B8200EB2DAE /* TemperatureController.swift in Sources */ = {isa = PBXBuildFile; fileRef = FA2706852A295B8200EB2DAE /* TemperatureController.swift */; };
		FA2706872A295B8200EB2DAE /* TemperatureController.swift in Sources */ = {isa = PBXBuildFile; fileRef = FA2706852A295B8200EB2DAE /* TemperatureController.swift */; };
		FA27068A2A29897900EB2DAE /* Action.swift in Sources */ = {isa = PBXBuildFile; fileRef = FA2706892A29897900EB2DAE /* Action.swift */; };
		FA27068B2A29897900EB2DAE /* Action.swift in Sources */ = {isa = PBXBuildFile; fileRef = FA2706892A29897900EB2DAE /* Action.swift */; };
		FA27068D2A298A0C00EB2DAE /* turnLightOnAction.swift in Sources */ = {isa = PBXBuildFile; fileRef = FA27068C2A298A0C00EB2DAE /* turnLightOnAction.swift */; };
		FA27068E2A298A0C00EB2DAE /* turnLightOnAction.swift in Sources */ = {isa = PBXBuildFile; fileRef = FA27068C2A298A0C00EB2DAE /* turnLightOnAction.swift */; };
		FA2706902A298B8A00EB2DAE /* turnLightOffAction.swift in Sources */ = {isa = PBXBuildFile; fileRef = FA27068F2A298B8A00EB2DAE /* turnLightOffAction.swift */; };
		FA2706912A298B8A00EB2DAE /* turnLightOffAction.swift in Sources */ = {isa = PBXBuildFile; fileRef = FA27068F2A298B8A00EB2DAE /* turnLightOffAction.swift */; };
		FA2706932A298C8700EB2DAE /* pushSetPointUpAction.swift in Sources */ = {isa = PBXBuildFile; fileRef = FA2706922A298C8700EB2DAE /* pushSetPointUpAction.swift */; };
		FA2706942A298C8700EB2DAE /* pushSetPointUpAction.swift in Sources */ = {isa = PBXBuildFile; fileRef = FA2706922A298C8700EB2DAE /* pushSetPointUpAction.swift */; };
		FA2706962A298D0E00EB2DAE /* pushSetPointDownAction.swift in Sources */ = {isa = PBXBuildFile; fileRef = FA2706952A298D0E00EB2DAE /* pushSetPointDownAction.swift */; };
		FA2706972A298D0E00EB2DAE /* pushSetPointDownAction.swift in Sources */ = {isa = PBXBuildFile; fileRef = FA2706952A298D0E00EB2DAE /* pushSetPointDownAction.swift */; };
		FA2706992A2999C000EB2DAE /* openDoorAction.swift in Sources */ = {isa = PBXBuildFile; fileRef = FA2706982A2999C000EB2DAE /* openDoorAction.swift */; };
		FA27069A2A2999C000EB2DAE /* openDoorAction.swift in Sources */ = {isa = PBXBuildFile; fileRef = FA2706982A2999C000EB2DAE /* openDoorAction.swift */; };
		FA27069C2A299A1500EB2DAE /* closeDoorAction.swift in Sources */ = {isa = PBXBuildFile; fileRef = FA27069B2A299A1500EB2DAE /* closeDoorAction.swift */; };
		FA27069D2A299A1500EB2DAE /* closeDoorAction.swift in Sources */ = {isa = PBXBuildFile; fileRef = FA27069B2A299A1500EB2DAE /* closeDoorAction.swift */; };
		FA27069F2A299B1C00EB2DAE /* unlockDoorAction.swift in Sources */ = {isa = PBXBuildFile; fileRef = FA27069E2A299B1C00EB2DAE /* unlockDoorAction.swift */; };
		FA2706A02A299B1C00EB2DAE /* unlockDoorAction.swift in Sources */ = {isa = PBXBuildFile; fileRef = FA27069E2A299B1C00EB2DAE /* unlockDoorAction.swift */; };
		FA2706A22A29A0F000EB2DAE /* lockDoorAction.swift in Sources */ = {isa = PBXBuildFile; fileRef = FA2706A12A29A0F000EB2DAE /* lockDoorAction.swift */; };
		FA2706A32A29A0F000EB2DAE /* lockDoorAction.swift in Sources */ = {isa = PBXBuildFile; fileRef = FA2706A12A29A0F000EB2DAE /* lockDoorAction.swift */; };
		FA2706A62A29A6C500EB2DAE /* NormalCoolManagerMock.swift in Sources */ = {isa = PBXBuildFile; fileRef = FA2706A52A29A6C500EB2DAE /* NormalCoolManagerMock.swift */; };
		FA2706A72A29A6C500EB2DAE /* NormalCoolManagerMock.swift in Sources */ = {isa = PBXBuildFile; fileRef = FA2706A52A29A6C500EB2DAE /* NormalCoolManagerMock.swift */; };
		FA2706A92A29A6FC00EB2DAE /* DoorOpenedCoolManagerMock.swift in Sources */ = {isa = PBXBuildFile; fileRef = FA2706A82A29A6FC00EB2DAE /* DoorOpenedCoolManagerMock.swift */; };
		FA2706AA2A29A6FC00EB2DAE /* DoorOpenedCoolManagerMock.swift in Sources */ = {isa = PBXBuildFile; fileRef = FA2706A82A29A6FC00EB2DAE /* DoorOpenedCoolManagerMock.swift */; };
		FA2706AC2A29A74D00EB2DAE /* DefrostingRefrigeratorMock.swift in Sources */ = {isa = PBXBuildFile; fileRef = FA2706AB2A29A74D00EB2DAE /* DefrostingRefrigeratorMock.swift */; };
		FA2706AD2A29A74D00EB2DAE /* DefrostingRefrigeratorMock.swift in Sources */ = {isa = PBXBuildFile; fileRef = FA2706AB2A29A74D00EB2DAE /* DefrostingRefrigeratorMock.swift */; };
		FA2706AF2A29B14600EB2DAE /* turnCompressorOnAction.swift in Sources */ = {isa = PBXBuildFile; fileRef = FA2706AE2A29B14600EB2DAE /* turnCompressorOnAction.swift */; };
		FA2706B02A29B14600EB2DAE /* turnCompressorOnAction.swift in Sources */ = {isa = PBXBuildFile; fileRef = FA2706AE2A29B14600EB2DAE /* turnCompressorOnAction.swift */; };
		FA2706B22A29B16300EB2DAE /* turnCompressorOffAction.swift in Sources */ = {isa = PBXBuildFile; fileRef = FA2706B12A29B16300EB2DAE /* turnCompressorOffAction.swift */; };
		FA2706B32A29B16300EB2DAE /* turnCompressorOffAction.swift in Sources */ = {isa = PBXBuildFile; fileRef = FA2706B12A29B16300EB2DAE /* turnCompressorOffAction.swift */; };
		FA2706B52A29B21D00EB2DAE /* turnFanOnAction.swift in Sources */ = {isa = PBXBuildFile; fileRef = FA2706B42A29B21D00EB2DAE /* turnFanOnAction.swift */; };
		FA2706B62A29B21D00EB2DAE /* turnFanOnAction.swift in Sources */ = {isa = PBXBuildFile; fileRef = FA2706B42A29B21D00EB2DAE /* turnFanOnAction.swift */; };
		FA2706B82A29B26B00EB2DAE /* turnFanOffAction.swift in Sources */ = {isa = PBXBuildFile; fileRef = FA2706B72A29B26B00EB2DAE /* turnFanOffAction.swift */; };
		FA2706B92A29B26B00EB2DAE /* turnFanOffAction.swift in Sources */ = {isa = PBXBuildFile; fileRef = FA2706B72A29B26B00EB2DAE /* turnFanOffAction.swift */; };
		FA2706BB2A29B33200EB2DAE /* turnResistanceOnAction.swift in Sources */ = {isa = PBXBuildFile; fileRef = FA2706BA2A29B33200EB2DAE /* turnResistanceOnAction.swift */; };
		FA2706BC2A29B33200EB2DAE /* turnResistanceOnAction.swift in Sources */ = {isa = PBXBuildFile; fileRef = FA2706BA2A29B33200EB2DAE /* turnResistanceOnAction.swift */; };
		FA2706BE2A29B35100EB2DAE /* turnResistanceOffAction.swift in Sources */ = {isa = PBXBuildFile; fileRef = FA2706BD2A29B35100EB2DAE /* turnResistanceOffAction.swift */; };
		FA2706BF2A29B35100EB2DAE /* turnResistanceOffAction.swift in Sources */ = {isa = PBXBuildFile; fileRef = FA2706BD2A29B35100EB2DAE /* turnResistanceOffAction.swift */; };
		FA2706C12A29BBDA00EB2DAE /* DashBoardController.swift in Sources */ = {isa = PBXBuildFile; fileRef = FA2706C02A29BBDA00EB2DAE /* DashBoardController.swift */; };
		FA2706C22A29BBDA00EB2DAE /* DashBoardController.swift in Sources */ = {isa = PBXBuildFile; fileRef = FA2706C02A29BBDA00EB2DAE /* DashBoardController.swift */; };
		FA2706C42A29BC8C00EB2DAE /* ControllerCoolManager.swift in Sources */ = {isa = PBXBuildFile; fileRef = FA2706C32A29BC8C00EB2DAE /* ControllerCoolManager.swift */; };
		FA2706C52A29BC8C00EB2DAE /* ControllerCoolManager.swift in Sources */ = {isa = PBXBuildFile; fileRef = FA2706C32A29BC8C00EB2DAE /* ControllerCoolManager.swift */; };
		FA2706C82A29BD4F00EB2DAE /* viewCoolManager.swift in Sources */ = {isa = PBXBuildFile; fileRef = FA2706C72A29BD4F00EB2DAE /* viewCoolManager.swift */; };
		FA2706C92A29BD4F00EB2DAE /* viewCoolManager.swift in Sources */ = {isa = PBXBuildFile; fileRef = FA2706C72A29BD4F00EB2DAE /* viewCoolManager.swift */; };
		FA2706CB2A29BF5B00EB2DAE /* viewDashBoard.swift in Sources */ = {isa = PBXBuildFile; fileRef = FA2706CA2A29BF5B00EB2DAE /* viewDashBoard.swift */; };
		FA2706CC2A29BF5B00EB2DAE /* viewDashBoard.swift in Sources */ = {isa = PBXBuildFile; fileRef = FA2706CA2A29BF5B00EB2DAE /* viewDashBoard.swift */; };
		FA2706EF2A2A3A1400EB2DAE /* confirmSetPointSelectedAction.swift in Sources */ = {isa = PBXBuildFile; fileRef = FA2706EE2A2A3A1400EB2DAE /* confirmSetPointSelectedAction.swift */; };
		FA2706F02A2A3A1400EB2DAE /* confirmSetPointSelectedAction.swift in Sources */ = {isa = PBXBuildFile; fileRef = FA2706EE2A2A3A1400EB2DAE /* confirmSetPointSelectedAction.swift */; };
		FA2706FE2A2F868F00EB2DAE /* SetPointTests.swift in Sources */ = {isa = PBXBuildFile; fileRef = FA2706FD2A2F868F00EB2DAE /* SetPointTests.swift */; };
		FA2707022A30DAD700EB2DAE /* InconsistentRefrigeratorFactory.swift in Sources */ = {isa = PBXBuildFile; fileRef = FA2707012A30DAD700EB2DAE /* InconsistentRefrigeratorFactory.swift */; };
		FA2707032A30F0ED00EB2DAE /* InconsistentRefrigeratorFactory.swift in Sources */ = {isa = PBXBuildFile; fileRef = FA2707012A30DAD700EB2DAE /* InconsistentRefrigeratorFactory.swift */; };
		FA382EB72A19A23E0047D033 /* Compressor.swift in Sources */ = {isa = PBXBuildFile; fileRef = FAB54C2A2A0DC03200E14E1E /* Compressor.swift */; };
		FA382EB82A19A23E0047D033 /* Resistance.swift in Sources */ = {isa = PBXBuildFile; fileRef = FAB54C2E2A0DC03200E14E1E /* Resistance.swift */; };
		FA382EB92A19A23E0047D033 /* Refrigerator.swift in Sources */ = {isa = PBXBuildFile; fileRef = FA714C1F2A086C0D003E2CA4 /* Refrigerator.swift */; };
		FA382EBA2A19A23E0047D033 /* Temperature.swift in Sources */ = {isa = PBXBuildFile; fileRef = FA714C212A0870A2003E2CA4 /* Temperature.swift */; };
		FA382EBC2A19A23E0047D033 /* TemperatureStatus.swift in Sources */ = {isa = PBXBuildFile; fileRef = FA714C262A088089003E2CA4 /* TemperatureStatus.swift */; };
		FA382EBD2A19A23E0047D033 /* TemperatureUnit.swift in Sources */ = {isa = PBXBuildFile; fileRef = FA714C282A088369003E2CA4 /* TemperatureUnit.swift */; };
		FA382ED02A19A2930047D033 /* Door.swift in Sources */ = {isa = PBXBuildFile; fileRef = FAB54C2B2A0DC03200E14E1E /* Door.swift */; };
		FA382ED12A19A2930047D033 /* Fan.swift in Sources */ = {isa = PBXBuildFile; fileRef = FAB54C2D2A0DC03200E14E1E /* Fan.swift */; };
		FA382ED22A19A2930047D033 /* Light.swift in Sources */ = {isa = PBXBuildFile; fileRef = FAB54C2C2A0DC03200E14E1E /* Light.swift */; };
		FA382ED52A19E1C30047D033 /* RefrigeratorFactory.swift in Sources */ = {isa = PBXBuildFile; fileRef = FA382ED42A19E1C30047D033 /* RefrigeratorFactory.swift */; };
		FA382ED62A19E1C30047D033 /* RefrigeratorFactory.swift in Sources */ = {isa = PBXBuildFile; fileRef = FA382ED42A19E1C30047D033 /* RefrigeratorFactory.swift */; };
		FA382ED82A19E2710047D033 /* NormalRefrigeratorFactory.swift in Sources */ = {isa = PBXBuildFile; fileRef = FA382ED72A19E2710047D033 /* NormalRefrigeratorFactory.swift */; };
		FA382ED92A19E2710047D033 /* NormalRefrigeratorFactory.swift in Sources */ = {isa = PBXBuildFile; fileRef = FA382ED72A19E2710047D033 /* NormalRefrigeratorFactory.swift */; };
		FA382EDC2A1A79060047D033 /* DefrostingRefrigeratorFactory.swift in Sources */ = {isa = PBXBuildFile; fileRef = FA382EDB2A1A79060047D033 /* DefrostingRefrigeratorFactory.swift */; };
		FA382EDD2A1A79060047D033 /* DefrostingRefrigeratorFactory.swift in Sources */ = {isa = PBXBuildFile; fileRef = FA382EDB2A1A79060047D033 /* DefrostingRefrigeratorFactory.swift */; };
		FA382EDF2A1F3CC80047D033 /* FanProtocol.swift in Sources */ = {isa = PBXBuildFile; fileRef = FA382EDE2A1F3CC80047D033 /* FanProtocol.swift */; };
		FA382EE02A1F3CC80047D033 /* FanProtocol.swift in Sources */ = {isa = PBXBuildFile; fileRef = FA382EDE2A1F3CC80047D033 /* FanProtocol.swift */; };
		FA382EE22A1F3CE20047D033 /* ResistanceProtocol.swift in Sources */ = {isa = PBXBuildFile; fileRef = FA382EE12A1F3CE20047D033 /* ResistanceProtocol.swift */; };
		FA382EE32A1F3CE20047D033 /* ResistanceProtocol.swift in Sources */ = {isa = PBXBuildFile; fileRef = FA382EE12A1F3CE20047D033 /* ResistanceProtocol.swift */; };
		FA382EE52A1F3CFC0047D033 /* LightProtocol.swift in Sources */ = {isa = PBXBuildFile; fileRef = FA382EE42A1F3CFC0047D033 /* LightProtocol.swift */; };
		FA382EE62A1F3CFC0047D033 /* LightProtocol.swift in Sources */ = {isa = PBXBuildFile; fileRef = FA382EE42A1F3CFC0047D033 /* LightProtocol.swift */; };
		FA382EE82A1F3D160047D033 /* CompressorProtocol.swift in Sources */ = {isa = PBXBuildFile; fileRef = FA382EE72A1F3D160047D033 /* CompressorProtocol.swift */; };
		FA382EE92A1F3D160047D033 /* CompressorProtocol.swift in Sources */ = {isa = PBXBuildFile; fileRef = FA382EE72A1F3D160047D033 /* CompressorProtocol.swift */; };
		FA382EEB2A1F3D2D0047D033 /* DoorProtocol.swift in Sources */ = {isa = PBXBuildFile; fileRef = FA382EEA2A1F3D2D0047D033 /* DoorProtocol.swift */; };
		FA382EEC2A1F3D2D0047D033 /* DoorProtocol.swift in Sources */ = {isa = PBXBuildFile; fileRef = FA382EEA2A1F3D2D0047D033 /* DoorProtocol.swift */; };
		FA382EEE2A1F3D4E0047D033 /* RefrigeratorComponent.swift in Sources */ = {isa = PBXBuildFile; fileRef = FA382EED2A1F3D4E0047D033 /* RefrigeratorComponent.swift */; };
		FA382EEF2A1F3D4E0047D033 /* RefrigeratorComponent.swift in Sources */ = {isa = PBXBuildFile; fileRef = FA382EED2A1F3D4E0047D033 /* RefrigeratorComponent.swift */; };
		FA382EF52A1FB3660047D033 /* SetPoint.swift in Sources */ = {isa = PBXBuildFile; fileRef = FA382EF42A1FB3660047D033 /* SetPoint.swift */; };
		FA382EF62A1FB3660047D033 /* SetPoint.swift in Sources */ = {isa = PBXBuildFile; fileRef = FA382EF42A1FB3660047D033 /* SetPoint.swift */; };
		FA382EF82A20F20E0047D033 /* DoorOpenedRefrigeratorFactory.swift in Sources */ = {isa = PBXBuildFile; fileRef = FA382EF72A20F20E0047D033 /* DoorOpenedRefrigeratorFactory.swift */; };
		FA382EF92A20F20E0047D033 /* DoorOpenedRefrigeratorFactory.swift in Sources */ = {isa = PBXBuildFile; fileRef = FA382EF72A20F20E0047D033 /* DoorOpenedRefrigeratorFactory.swift */; };
		FA382EFB2A20FE060047D033 /* CorruptTemperaturesRefrigeratorFactory.swift in Sources */ = {isa = PBXBuildFile; fileRef = FA382EFA2A20FE060047D033 /* CorruptTemperaturesRefrigeratorFactory.swift */; };
		FA382EFC2A20FE060047D033 /* CorruptTemperaturesRefrigeratorFactory.swift in Sources */ = {isa = PBXBuildFile; fileRef = FA382EFA2A20FE060047D033 /* CorruptTemperaturesRefrigeratorFactory.swift */; };
		FA382F052A253F3E0047D033 /* CoolManager.swift in Sources */ = {isa = PBXBuildFile; fileRef = FA382F042A253F3E0047D033 /* CoolManager.swift */; };
		FA382F062A253F3E0047D033 /* CoolManager.swift in Sources */ = {isa = PBXBuildFile; fileRef = FA382F042A253F3E0047D033 /* CoolManager.swift */; };
		FA38FFE829FE669800BC21FA /* View3ViewController.swift in Sources */ = {isa = PBXBuildFile; fileRef = FA38FFDA29FE669800BC21FA /* View3ViewController.swift */; };
		FA38FFE929FE669800BC21FA /* View2ViewController.swift in Sources */ = {isa = PBXBuildFile; fileRef = FA38FFDB29FE669800BC21FA /* View2ViewController.swift */; };
		FA38FFEA29FE669800BC21FA /* View4ViewController.swift in Sources */ = {isa = PBXBuildFile; fileRef = FA38FFDC29FE669800BC21FA /* View4ViewController.swift */; };
		FA38FFEB29FE669800BC21FA /* View6ViewController.swift in Sources */ = {isa = PBXBuildFile; fileRef = FA38FFDD29FE669800BC21FA /* View6ViewController.swift */; };
		FA38FFEE29FE669800BC21FA /* View7ViewController.swift in Sources */ = {isa = PBXBuildFile; fileRef = FA38FFE029FE669800BC21FA /* View7ViewController.swift */; };
		FA38FFEF29FE669800BC21FA /* View.swift in Sources */ = {isa = PBXBuildFile; fileRef = FA38FFE129FE669800BC21FA /* View.swift */; };
		FA38FFF129FE669800BC21FA /* View5ViewController.swift in Sources */ = {isa = PBXBuildFile; fileRef = FA38FFE329FE669800BC21FA /* View5ViewController.swift */; };
		FA38FFF829FE670900BC21FA /* UIKit.framework in Frameworks */ = {isa = PBXBuildFile; fileRef = FA38FFF729FE670900BC21FA /* UIKit.framework */; };
		FA6C7A2229D8F6CD002267A5 /* AppDelegate.swift in Sources */ = {isa = PBXBuildFile; fileRef = FA6C7A2129D8F6CD002267A5 /* AppDelegate.swift */; };
		FA6C7A2429D8F6CD002267A5 /* SceneDelegate.swift in Sources */ = {isa = PBXBuildFile; fileRef = FA6C7A2329D8F6CD002267A5 /* SceneDelegate.swift */; };
		FA6C7A2629D8F6CD002267A5 /* ViewController.swift in Sources */ = {isa = PBXBuildFile; fileRef = FA6C7A2529D8F6CD002267A5 /* ViewController.swift */; };
		FA6C7A2929D8F6CD002267A5 /* Main.storyboard in Resources */ = {isa = PBXBuildFile; fileRef = FA6C7A2729D8F6CD002267A5 /* Main.storyboard */; };
		FA6C7A2B29D8F6D0002267A5 /* Assets.xcassets in Resources */ = {isa = PBXBuildFile; fileRef = FA6C7A2A29D8F6D0002267A5 /* Assets.xcassets */; };
		FA6C7A2E29D8F6D0002267A5 /* LaunchScreen.storyboard in Resources */ = {isa = PBXBuildFile; fileRef = FA6C7A2C29D8F6D0002267A5 /* LaunchScreen.storyboard */; };
		FA714C202A086C0D003E2CA4 /* Refrigerator.swift in Sources */ = {isa = PBXBuildFile; fileRef = FA714C1F2A086C0D003E2CA4 /* Refrigerator.swift */; };
		FA714C222A0870A2003E2CA4 /* Temperature.swift in Sources */ = {isa = PBXBuildFile; fileRef = FA714C212A0870A2003E2CA4 /* Temperature.swift */; };
		FA714C272A088089003E2CA4 /* TemperatureStatus.swift in Sources */ = {isa = PBXBuildFile; fileRef = FA714C262A088089003E2CA4 /* TemperatureStatus.swift */; };
		FA714C292A088369003E2CA4 /* TemperatureUnit.swift in Sources */ = {isa = PBXBuildFile; fileRef = FA714C282A088369003E2CA4 /* TemperatureUnit.swift */; };
		FA714C382A088BFF003E2CA4 /* CoolManagerTests.swift in Sources */ = {isa = PBXBuildFile; fileRef = FA714C372A088BFF003E2CA4 /* CoolManagerTests.swift */; };
		FA714C3E2A088C11003E2CA4 /* TemperatureRulesTests.swift in Sources */ = {isa = PBXBuildFile; fileRef = FA714C2F2A088BD9003E2CA4 /* TemperatureRulesTests.swift */; };
		FAB54C2F2A0DC03200E14E1E /* Compressor.swift in Sources */ = {isa = PBXBuildFile; fileRef = FAB54C2A2A0DC03200E14E1E /* Compressor.swift */; };
		FAB54C302A0DC03200E14E1E /* Door.swift in Sources */ = {isa = PBXBuildFile; fileRef = FAB54C2B2A0DC03200E14E1E /* Door.swift */; };
		FAB54C312A0DC03200E14E1E /* Light.swift in Sources */ = {isa = PBXBuildFile; fileRef = FAB54C2C2A0DC03200E14E1E /* Light.swift */; };
		FAB54C322A0DC03200E14E1E /* Fan.swift in Sources */ = {isa = PBXBuildFile; fileRef = FAB54C2D2A0DC03200E14E1E /* Fan.swift */; };
		FAB54C332A0DC03200E14E1E /* Resistance.swift in Sources */ = {isa = PBXBuildFile; fileRef = FAB54C2E2A0DC03200E14E1E /* Resistance.swift */; };
		FAB54C352A0DC8AE00E14E1E /* TemperatureTests.swift in Sources */ = {isa = PBXBuildFile; fileRef = FAB54C342A0DC8AE00E14E1E /* TemperatureTests.swift */; };
		FAB54C382A0E113C00E14E1E /* Presenter.swift in Sources */ = {isa = PBXBuildFile; fileRef = FAB54C372A0E113C00E14E1E /* Presenter.swift */; };
		FAB54C392A0E113C00E14E1E /* Presenter.swift in Sources */ = {isa = PBXBuildFile; fileRef = FAB54C372A0E113C00E14E1E /* Presenter.swift */; };
		FAB54C3B2A0E116600E14E1E /* viewProtocol.swift in Sources */ = {isa = PBXBuildFile; fileRef = FAB54C3A2A0E116600E14E1E /* viewProtocol.swift */; };
		FAB54C3C2A0E116600E14E1E /* viewProtocol.swift in Sources */ = {isa = PBXBuildFile; fileRef = FAB54C3A2A0E116600E14E1E /* viewProtocol.swift */; };
		FAB54C3E2A0E118A00E14E1E /* RefrigeratorBuilderViewModel.swift in Sources */ = {isa = PBXBuildFile; fileRef = FAB54C3D2A0E118A00E14E1E /* RefrigeratorBuilderViewModel.swift */; };
		FAB54C3F2A0E118A00E14E1E /* RefrigeratorBuilderViewModel.swift in Sources */ = {isa = PBXBuildFile; fileRef = FAB54C3D2A0E118A00E14E1E /* RefrigeratorBuilderViewModel.swift */; };
		FAB54C442A0E152300E14E1E /* RefrigeratorBuilderViewModelTests.swift in Sources */ = {isa = PBXBuildFile; fileRef = FAB54C432A0E152300E14E1E /* RefrigeratorBuilderViewModelTests.swift */; };
		FAB54C512A0E82E300E14E1E /* ViewHome.xib in Resources */ = {isa = PBXBuildFile; fileRef = FAB54C462A0E82E200E14E1E /* ViewHome.xib */; };
		FAB54C522A0E82E300E14E1E /* ViewHome.xib in Resources */ = {isa = PBXBuildFile; fileRef = FAB54C462A0E82E200E14E1E /* ViewHome.xib */; };
		FAB54C532A0E82E300E14E1E /* VISTA6.xib in Resources */ = {isa = PBXBuildFile; fileRef = FAB54C472A0E82E200E14E1E /* VISTA6.xib */; };
		FAB54C542A0E82E300E14E1E /* VISTA6.xib in Resources */ = {isa = PBXBuildFile; fileRef = FAB54C472A0E82E200E14E1E /* VISTA6.xib */; };
		FAB54C552A0E82E300E14E1E /* VISTA1.xib in Resources */ = {isa = PBXBuildFile; fileRef = FAB54C482A0E82E200E14E1E /* VISTA1.xib */; };
		FAB54C562A0E82E300E14E1E /* VISTA1.xib in Resources */ = {isa = PBXBuildFile; fileRef = FAB54C482A0E82E200E14E1E /* VISTA1.xib */; };
		FAB54C572A0E82E300E14E1E /* VISTA7.xib in Resources */ = {isa = PBXBuildFile; fileRef = FAB54C492A0E82E200E14E1E /* VISTA7.xib */; };
		FAB54C582A0E82E300E14E1E /* VISTA7.xib in Resources */ = {isa = PBXBuildFile; fileRef = FAB54C492A0E82E200E14E1E /* VISTA7.xib */; };
		FAB54C592A0E82E300E14E1E /* VISTA3.xib in Resources */ = {isa = PBXBuildFile; fileRef = FAB54C4A2A0E82E200E14E1E /* VISTA3.xib */; };
		FAB54C5A2A0E82E300E14E1E /* VISTA3.xib in Resources */ = {isa = PBXBuildFile; fileRef = FAB54C4A2A0E82E200E14E1E /* VISTA3.xib */; };
		FAB54C5B2A0E82E300E14E1E /* VISTA8.xib in Resources */ = {isa = PBXBuildFile; fileRef = FAB54C4B2A0E82E200E14E1E /* VISTA8.xib */; };
		FAB54C5C2A0E82E300E14E1E /* VISTA8.xib in Resources */ = {isa = PBXBuildFile; fileRef = FAB54C4B2A0E82E200E14E1E /* VISTA8.xib */; };
		FAB54C5D2A0E82E300E14E1E /* VISTA4.xib in Resources */ = {isa = PBXBuildFile; fileRef = FAB54C4C2A0E82E300E14E1E /* VISTA4.xib */; };
		FAB54C5E2A0E82E300E14E1E /* VISTA4.xib in Resources */ = {isa = PBXBuildFile; fileRef = FAB54C4C2A0E82E300E14E1E /* VISTA4.xib */; };
		FAB54C5F2A0E82E300E14E1E /* VISTA2.xib in Resources */ = {isa = PBXBuildFile; fileRef = FAB54C4D2A0E82E300E14E1E /* VISTA2.xib */; };
		FAB54C602A0E82E300E14E1E /* VISTA2.xib in Resources */ = {isa = PBXBuildFile; fileRef = FAB54C4D2A0E82E300E14E1E /* VISTA2.xib */; };
		FAB54C612A0E82E300E14E1E /* VISTA9.xib in Resources */ = {isa = PBXBuildFile; fileRef = FAB54C4E2A0E82E300E14E1E /* VISTA9.xib */; };
		FAB54C622A0E82E300E14E1E /* VISTA9.xib in Resources */ = {isa = PBXBuildFile; fileRef = FAB54C4E2A0E82E300E14E1E /* VISTA9.xib */; };
		FAB54C632A0E82E300E14E1E /* VISTA10.xib in Resources */ = {isa = PBXBuildFile; fileRef = FAB54C4F2A0E82E300E14E1E /* VISTA10.xib */; };
		FAB54C642A0E82E300E14E1E /* VISTA10.xib in Resources */ = {isa = PBXBuildFile; fileRef = FAB54C4F2A0E82E300E14E1E /* VISTA10.xib */; };
		FAB54C652A0E82E300E14E1E /* VISTA5.xib in Resources */ = {isa = PBXBuildFile; fileRef = FAB54C502A0E82E300E14E1E /* VISTA5.xib */; };
		FAB54C662A0E82E300E14E1E /* VISTA5.xib in Resources */ = {isa = PBXBuildFile; fileRef = FAB54C502A0E82E300E14E1E /* VISTA5.xib */; };
		FACC4C832A48D7BE00246B2E /* View1PresenterTests.swift in Sources */ = {isa = PBXBuildFile; fileRef = FACC4C822A48D7BE00246B2E /* View1PresenterTests.swift */; };
		FACC4C882A4A60F400246B2E /* MainPresenter.swift in Sources */ = {isa = PBXBuildFile; fileRef = FACC4C872A4A60F400246B2E /* MainPresenter.swift */; };
		FACC4C892A4A60F400246B2E /* MainPresenter.swift in Sources */ = {isa = PBXBuildFile; fileRef = FACC4C872A4A60F400246B2E /* MainPresenter.swift */; };
		FACC4C8B2A4A613600246B2E /* MainViewModel.swift in Sources */ = {isa = PBXBuildFile; fileRef = FACC4C8A2A4A613600246B2E /* MainViewModel.swift */; };
		FACC4C8C2A4A613600246B2E /* MainViewModel.swift in Sources */ = {isa = PBXBuildFile; fileRef = FACC4C8A2A4A613600246B2E /* MainViewModel.swift */; };
		FACC4C8E2A4A737800246B2E /* MainPresenterTest.swift in Sources */ = {isa = PBXBuildFile; fileRef = FACC4C8D2A4A737800246B2E /* MainPresenterTest.swift */; };
		FACC4C902A4A8F9A00246B2E /* ButtonFactory.swift in Sources */ = {isa = PBXBuildFile; fileRef = FACC4C8F2A4A8F9A00246B2E /* ButtonFactory.swift */; };
		FACC4C912A4A8F9A00246B2E /* ButtonFactory.swift in Sources */ = {isa = PBXBuildFile; fileRef = FACC4C8F2A4A8F9A00246B2E /* ButtonFactory.swift */; };
		FACC4C942A4A906700246B2E /* HomeButtonFactory.swift in Sources */ = {isa = PBXBuildFile; fileRef = FACC4C932A4A906700246B2E /* HomeButtonFactory.swift */; };
		FACC4C972A4A911900246B2E /* HomeButton.swift in Sources */ = {isa = PBXBuildFile; fileRef = FACC4C962A4A911900246B2E /* HomeButton.swift */; };
		FACC4C992A4A9CC100246B2E /* SettingsButton.swift in Sources */ = {isa = PBXBuildFile; fileRef = FACC4C982A4A9CC100246B2E /* SettingsButton.swift */; };
		FACC4C9A2A4A9CC100246B2E /* SettingsButton.swift in Sources */ = {isa = PBXBuildFile; fileRef = FACC4C982A4A9CC100246B2E /* SettingsButton.swift */; };
		FACC4C9C2A4A9CE300246B2E /* ProfileButton.swift in Sources */ = {isa = PBXBuildFile; fileRef = FACC4C9B2A4A9CE300246B2E /* ProfileButton.swift */; };
		FACC4C9D2A4A9CE300246B2E /* ProfileButton.swift in Sources */ = {isa = PBXBuildFile; fileRef = FACC4C9B2A4A9CE300246B2E /* ProfileButton.swift */; };
		FACC4C9F2A4A9CF900246B2E /* ConnectionButton.swift in Sources */ = {isa = PBXBuildFile; fileRef = FACC4C9E2A4A9CF900246B2E /* ConnectionButton.swift */; };
		FACC4CA02A4A9CF900246B2E /* ConnectionButton.swift in Sources */ = {isa = PBXBuildFile; fileRef = FACC4C9E2A4A9CF900246B2E /* ConnectionButton.swift */; };
		FACC4CA22A4A9D2D00246B2E /* SettingsButtonFactory.swift in Sources */ = {isa = PBXBuildFile; fileRef = FACC4CA12A4A9D2D00246B2E /* SettingsButtonFactory.swift */; };
		FACC4CA32A4A9D2D00246B2E /* SettingsButtonFactory.swift in Sources */ = {isa = PBXBuildFile; fileRef = FACC4CA12A4A9D2D00246B2E /* SettingsButtonFactory.swift */; };
		FACC4CA52A4A9D3A00246B2E /* ProfileButtonFactory.swift in Sources */ = {isa = PBXBuildFile; fileRef = FACC4CA42A4A9D3A00246B2E /* ProfileButtonFactory.swift */; };
		FACC4CA62A4A9D3A00246B2E /* ProfileButtonFactory.swift in Sources */ = {isa = PBXBuildFile; fileRef = FACC4CA42A4A9D3A00246B2E /* ProfileButtonFactory.swift */; };
		FACC4CA82A4A9D4D00246B2E /* ConnectionButtonFactory.swift in Sources */ = {isa = PBXBuildFile; fileRef = FACC4CA72A4A9D4D00246B2E /* ConnectionButtonFactory.swift */; };
		FACC4CA92A4A9D4D00246B2E /* ConnectionButtonFactory.swift in Sources */ = {isa = PBXBuildFile; fileRef = FACC4CA72A4A9D4D00246B2E /* ConnectionButtonFactory.swift */; };
/* End PBXBuildFile section */

/* Begin PBXContainerItemProxy section */
		FA714C392A088BFF003E2CA4 /* PBXContainerItemProxy */ = {
			isa = PBXContainerItemProxy;
			containerPortal = FA6C7A1629D8F6CD002267A5 /* Project object */;
			proxyType = 1;
			remoteGlobalIDString = FA6C7A1D29D8F6CD002267A5;
			remoteInfo = CoolManager;
		};
/* End PBXContainerItemProxy section */

/* Begin PBXFileReference section */
		FA2706822A2954D100EB2DAE /* RefrigeratorTests.swift */ = {isa = PBXFileReference; fileEncoding = 4; lastKnownFileType = sourcecode.swift; path = RefrigeratorTests.swift; sourceTree = "<group>"; };
		FA2706852A295B8200EB2DAE /* TemperatureController.swift */ = {isa = PBXFileReference; lastKnownFileType = sourcecode.swift; path = TemperatureController.swift; sourceTree = "<group>"; };
		FA2706892A29897900EB2DAE /* Action.swift */ = {isa = PBXFileReference; lastKnownFileType = sourcecode.swift; path = Action.swift; sourceTree = "<group>"; };
		FA27068C2A298A0C00EB2DAE /* turnLightOnAction.swift */ = {isa = PBXFileReference; lastKnownFileType = sourcecode.swift; path = turnLightOnAction.swift; sourceTree = "<group>"; };
		FA27068F2A298B8A00EB2DAE /* turnLightOffAction.swift */ = {isa = PBXFileReference; lastKnownFileType = sourcecode.swift; path = turnLightOffAction.swift; sourceTree = "<group>"; };
		FA2706922A298C8700EB2DAE /* pushSetPointUpAction.swift */ = {isa = PBXFileReference; lastKnownFileType = sourcecode.swift; path = pushSetPointUpAction.swift; sourceTree = "<group>"; };
		FA2706952A298D0E00EB2DAE /* pushSetPointDownAction.swift */ = {isa = PBXFileReference; lastKnownFileType = sourcecode.swift; path = pushSetPointDownAction.swift; sourceTree = "<group>"; };
		FA2706982A2999C000EB2DAE /* openDoorAction.swift */ = {isa = PBXFileReference; lastKnownFileType = sourcecode.swift; path = openDoorAction.swift; sourceTree = "<group>"; };
		FA27069B2A299A1500EB2DAE /* closeDoorAction.swift */ = {isa = PBXFileReference; lastKnownFileType = sourcecode.swift; path = closeDoorAction.swift; sourceTree = "<group>"; };
		FA27069E2A299B1C00EB2DAE /* unlockDoorAction.swift */ = {isa = PBXFileReference; lastKnownFileType = sourcecode.swift; path = unlockDoorAction.swift; sourceTree = "<group>"; };
		FA2706A12A29A0F000EB2DAE /* lockDoorAction.swift */ = {isa = PBXFileReference; lastKnownFileType = sourcecode.swift; path = lockDoorAction.swift; sourceTree = "<group>"; };
		FA2706A52A29A6C500EB2DAE /* NormalCoolManagerMock.swift */ = {isa = PBXFileReference; lastKnownFileType = sourcecode.swift; path = NormalCoolManagerMock.swift; sourceTree = "<group>"; };
		FA2706A82A29A6FC00EB2DAE /* DoorOpenedCoolManagerMock.swift */ = {isa = PBXFileReference; lastKnownFileType = sourcecode.swift; path = DoorOpenedCoolManagerMock.swift; sourceTree = "<group>"; };
		FA2706AB2A29A74D00EB2DAE /* DefrostingRefrigeratorMock.swift */ = {isa = PBXFileReference; lastKnownFileType = sourcecode.swift; path = DefrostingRefrigeratorMock.swift; sourceTree = "<group>"; };
		FA2706AE2A29B14600EB2DAE /* turnCompressorOnAction.swift */ = {isa = PBXFileReference; lastKnownFileType = sourcecode.swift; path = turnCompressorOnAction.swift; sourceTree = "<group>"; };
		FA2706B12A29B16300EB2DAE /* turnCompressorOffAction.swift */ = {isa = PBXFileReference; lastKnownFileType = sourcecode.swift; path = turnCompressorOffAction.swift; sourceTree = "<group>"; };
		FA2706B42A29B21D00EB2DAE /* turnFanOnAction.swift */ = {isa = PBXFileReference; lastKnownFileType = sourcecode.swift; path = turnFanOnAction.swift; sourceTree = "<group>"; };
		FA2706B72A29B26B00EB2DAE /* turnFanOffAction.swift */ = {isa = PBXFileReference; lastKnownFileType = sourcecode.swift; path = turnFanOffAction.swift; sourceTree = "<group>"; };
		FA2706BA2A29B33200EB2DAE /* turnResistanceOnAction.swift */ = {isa = PBXFileReference; lastKnownFileType = sourcecode.swift; path = turnResistanceOnAction.swift; sourceTree = "<group>"; };
		FA2706BD2A29B35100EB2DAE /* turnResistanceOffAction.swift */ = {isa = PBXFileReference; lastKnownFileType = sourcecode.swift; path = turnResistanceOffAction.swift; sourceTree = "<group>"; };
		FA2706C02A29BBDA00EB2DAE /* DashBoardController.swift */ = {isa = PBXFileReference; lastKnownFileType = sourcecode.swift; path = DashBoardController.swift; sourceTree = "<group>"; };
		FA2706C32A29BC8C00EB2DAE /* ControllerCoolManager.swift */ = {isa = PBXFileReference; lastKnownFileType = sourcecode.swift; path = ControllerCoolManager.swift; sourceTree = "<group>"; };
		FA2706C72A29BD4F00EB2DAE /* viewCoolManager.swift */ = {isa = PBXFileReference; lastKnownFileType = sourcecode.swift; path = viewCoolManager.swift; sourceTree = "<group>"; };
		FA2706CA2A29BF5B00EB2DAE /* viewDashBoard.swift */ = {isa = PBXFileReference; lastKnownFileType = sourcecode.swift; path = viewDashBoard.swift; sourceTree = "<group>"; };
		FA2706EE2A2A3A1400EB2DAE /* confirmSetPointSelectedAction.swift */ = {isa = PBXFileReference; lastKnownFileType = sourcecode.swift; path = confirmSetPointSelectedAction.swift; sourceTree = "<group>"; };
		FA2706FD2A2F868F00EB2DAE /* SetPointTests.swift */ = {isa = PBXFileReference; lastKnownFileType = sourcecode.swift; path = SetPointTests.swift; sourceTree = "<group>"; };
		FA2707012A30DAD700EB2DAE /* InconsistentRefrigeratorFactory.swift */ = {isa = PBXFileReference; lastKnownFileType = sourcecode.swift; path = InconsistentRefrigeratorFactory.swift; sourceTree = "<group>"; };
		FA382ED42A19E1C30047D033 /* RefrigeratorFactory.swift */ = {isa = PBXFileReference; lastKnownFileType = sourcecode.swift; path = RefrigeratorFactory.swift; sourceTree = "<group>"; };
		FA382ED72A19E2710047D033 /* NormalRefrigeratorFactory.swift */ = {isa = PBXFileReference; lastKnownFileType = sourcecode.swift; path = NormalRefrigeratorFactory.swift; sourceTree = "<group>"; };
		FA382EDB2A1A79060047D033 /* DefrostingRefrigeratorFactory.swift */ = {isa = PBXFileReference; lastKnownFileType = sourcecode.swift; path = DefrostingRefrigeratorFactory.swift; sourceTree = "<group>"; };
		FA382EDE2A1F3CC80047D033 /* FanProtocol.swift */ = {isa = PBXFileReference; lastKnownFileType = sourcecode.swift; path = FanProtocol.swift; sourceTree = "<group>"; };
		FA382EE12A1F3CE20047D033 /* ResistanceProtocol.swift */ = {isa = PBXFileReference; lastKnownFileType = sourcecode.swift; path = ResistanceProtocol.swift; sourceTree = "<group>"; };
		FA382EE42A1F3CFC0047D033 /* LightProtocol.swift */ = {isa = PBXFileReference; lastKnownFileType = sourcecode.swift; path = LightProtocol.swift; sourceTree = "<group>"; };
		FA382EE72A1F3D160047D033 /* CompressorProtocol.swift */ = {isa = PBXFileReference; lastKnownFileType = sourcecode.swift; path = CompressorProtocol.swift; sourceTree = "<group>"; };
		FA382EEA2A1F3D2D0047D033 /* DoorProtocol.swift */ = {isa = PBXFileReference; lastKnownFileType = sourcecode.swift; path = DoorProtocol.swift; sourceTree = "<group>"; };
		FA382EED2A1F3D4E0047D033 /* RefrigeratorComponent.swift */ = {isa = PBXFileReference; lastKnownFileType = sourcecode.swift; path = RefrigeratorComponent.swift; sourceTree = "<group>"; };
		FA382EF42A1FB3660047D033 /* SetPoint.swift */ = {isa = PBXFileReference; lastKnownFileType = sourcecode.swift; path = SetPoint.swift; sourceTree = "<group>"; };
		FA382EF72A20F20E0047D033 /* DoorOpenedRefrigeratorFactory.swift */ = {isa = PBXFileReference; lastKnownFileType = sourcecode.swift; path = DoorOpenedRefrigeratorFactory.swift; sourceTree = "<group>"; };
		FA382EFA2A20FE060047D033 /* CorruptTemperaturesRefrigeratorFactory.swift */ = {isa = PBXFileReference; lastKnownFileType = sourcecode.swift; path = CorruptTemperaturesRefrigeratorFactory.swift; sourceTree = "<group>"; };
		FA382F042A253F3E0047D033 /* CoolManager.swift */ = {isa = PBXFileReference; lastKnownFileType = sourcecode.swift; path = CoolManager.swift; sourceTree = "<group>"; };
		FA38FFDA29FE669800BC21FA /* View3ViewController.swift */ = {isa = PBXFileReference; fileEncoding = 4; lastKnownFileType = sourcecode.swift; path = View3ViewController.swift; sourceTree = "<group>"; };
		FA38FFDB29FE669800BC21FA /* View2ViewController.swift */ = {isa = PBXFileReference; fileEncoding = 4; lastKnownFileType = sourcecode.swift; path = View2ViewController.swift; sourceTree = "<group>"; };
		FA38FFDC29FE669800BC21FA /* View4ViewController.swift */ = {isa = PBXFileReference; fileEncoding = 4; lastKnownFileType = sourcecode.swift; path = View4ViewController.swift; sourceTree = "<group>"; };
		FA38FFDD29FE669800BC21FA /* View6ViewController.swift */ = {isa = PBXFileReference; fileEncoding = 4; lastKnownFileType = sourcecode.swift; path = View6ViewController.swift; sourceTree = "<group>"; };
		FA38FFE029FE669800BC21FA /* View7ViewController.swift */ = {isa = PBXFileReference; fileEncoding = 4; lastKnownFileType = sourcecode.swift; path = View7ViewController.swift; sourceTree = "<group>"; };
		FA38FFE129FE669800BC21FA /* View.swift */ = {isa = PBXFileReference; fileEncoding = 4; lastKnownFileType = sourcecode.swift; path = View.swift; sourceTree = "<group>"; };
		FA38FFE329FE669800BC21FA /* View5ViewController.swift */ = {isa = PBXFileReference; fileEncoding = 4; lastKnownFileType = sourcecode.swift; path = View5ViewController.swift; sourceTree = "<group>"; };
		FA38FFF729FE670900BC21FA /* UIKit.framework */ = {isa = PBXFileReference; lastKnownFileType = wrapper.framework; name = UIKit.framework; path = System/Library/Frameworks/UIKit.framework; sourceTree = SDKROOT; };
		FA6C7A1E29D8F6CD002267A5 /* CoolManager.app */ = {isa = PBXFileReference; explicitFileType = wrapper.application; includeInIndex = 0; path = CoolManager.app; sourceTree = BUILT_PRODUCTS_DIR; };
		FA6C7A2129D8F6CD002267A5 /* AppDelegate.swift */ = {isa = PBXFileReference; lastKnownFileType = sourcecode.swift; path = AppDelegate.swift; sourceTree = "<group>"; };
		FA6C7A2329D8F6CD002267A5 /* SceneDelegate.swift */ = {isa = PBXFileReference; lastKnownFileType = sourcecode.swift; path = SceneDelegate.swift; sourceTree = "<group>"; };
		FA6C7A2529D8F6CD002267A5 /* ViewController.swift */ = {isa = PBXFileReference; lastKnownFileType = sourcecode.swift; path = ViewController.swift; sourceTree = "<group>"; };
		FA6C7A2829D8F6CD002267A5 /* Base */ = {isa = PBXFileReference; lastKnownFileType = file.storyboard; name = Base; path = Base.lproj/Main.storyboard; sourceTree = "<group>"; };
		FA6C7A2A29D8F6D0002267A5 /* Assets.xcassets */ = {isa = PBXFileReference; lastKnownFileType = folder.assetcatalog; path = Assets.xcassets; sourceTree = "<group>"; };
		FA6C7A2D29D8F6D0002267A5 /* Base */ = {isa = PBXFileReference; lastKnownFileType = file.storyboard; name = Base; path = Base.lproj/LaunchScreen.storyboard; sourceTree = "<group>"; };
		FA6C7A2F29D8F6D0002267A5 /* Info.plist */ = {isa = PBXFileReference; lastKnownFileType = text.plist.xml; path = Info.plist; sourceTree = "<group>"; };
		FA714C1F2A086C0D003E2CA4 /* Refrigerator.swift */ = {isa = PBXFileReference; lastKnownFileType = sourcecode.swift; path = Refrigerator.swift; sourceTree = "<group>"; };
		FA714C212A0870A2003E2CA4 /* Temperature.swift */ = {isa = PBXFileReference; lastKnownFileType = sourcecode.swift; path = Temperature.swift; sourceTree = "<group>"; };
		FA714C262A088089003E2CA4 /* TemperatureStatus.swift */ = {isa = PBXFileReference; lastKnownFileType = sourcecode.swift; path = TemperatureStatus.swift; sourceTree = "<group>"; };
		FA714C282A088369003E2CA4 /* TemperatureUnit.swift */ = {isa = PBXFileReference; lastKnownFileType = sourcecode.swift; path = TemperatureUnit.swift; sourceTree = "<group>"; };
		FA714C2F2A088BD9003E2CA4 /* TemperatureRulesTests.swift */ = {isa = PBXFileReference; lastKnownFileType = sourcecode.swift; path = TemperatureRulesTests.swift; sourceTree = "<group>"; };
		FA714C352A088BFF003E2CA4 /* CoolManagerTests.xctest */ = {isa = PBXFileReference; explicitFileType = wrapper.cfbundle; includeInIndex = 0; path = CoolManagerTests.xctest; sourceTree = BUILT_PRODUCTS_DIR; };
		FA714C372A088BFF003E2CA4 /* CoolManagerTests.swift */ = {isa = PBXFileReference; lastKnownFileType = sourcecode.swift; path = CoolManagerTests.swift; sourceTree = "<group>"; };
		FAB54C2A2A0DC03200E14E1E /* Compressor.swift */ = {isa = PBXFileReference; fileEncoding = 4; lastKnownFileType = sourcecode.swift; path = Compressor.swift; sourceTree = "<group>"; };
		FAB54C2B2A0DC03200E14E1E /* Door.swift */ = {isa = PBXFileReference; fileEncoding = 4; lastKnownFileType = sourcecode.swift; path = Door.swift; sourceTree = "<group>"; };
		FAB54C2C2A0DC03200E14E1E /* Light.swift */ = {isa = PBXFileReference; fileEncoding = 4; lastKnownFileType = sourcecode.swift; path = Light.swift; sourceTree = "<group>"; };
		FAB54C2D2A0DC03200E14E1E /* Fan.swift */ = {isa = PBXFileReference; fileEncoding = 4; lastKnownFileType = sourcecode.swift; path = Fan.swift; sourceTree = "<group>"; };
		FAB54C2E2A0DC03200E14E1E /* Resistance.swift */ = {isa = PBXFileReference; fileEncoding = 4; lastKnownFileType = sourcecode.swift; path = Resistance.swift; sourceTree = "<group>"; };
		FAB54C342A0DC8AE00E14E1E /* TemperatureTests.swift */ = {isa = PBXFileReference; lastKnownFileType = sourcecode.swift; path = TemperatureTests.swift; sourceTree = "<group>"; };
		FAB54C372A0E113C00E14E1E /* Presenter.swift */ = {isa = PBXFileReference; lastKnownFileType = sourcecode.swift; path = Presenter.swift; sourceTree = "<group>"; };
		FAB54C3A2A0E116600E14E1E /* viewProtocol.swift */ = {isa = PBXFileReference; lastKnownFileType = sourcecode.swift; path = viewProtocol.swift; sourceTree = "<group>"; };
		FAB54C3D2A0E118A00E14E1E /* RefrigeratorBuilderViewModel.swift */ = {isa = PBXFileReference; lastKnownFileType = sourcecode.swift; path = RefrigeratorBuilderViewModel.swift; sourceTree = "<group>"; };
		FAB54C432A0E152300E14E1E /* RefrigeratorBuilderViewModelTests.swift */ = {isa = PBXFileReference; lastKnownFileType = sourcecode.swift; path = RefrigeratorBuilderViewModelTests.swift; sourceTree = "<group>"; };
		FAB54C462A0E82E200E14E1E /* ViewHome.xib */ = {isa = PBXFileReference; fileEncoding = 4; lastKnownFileType = file.xib; path = ViewHome.xib; sourceTree = "<group>"; };
		FAB54C472A0E82E200E14E1E /* VISTA6.xib */ = {isa = PBXFileReference; fileEncoding = 4; lastKnownFileType = file.xib; path = VISTA6.xib; sourceTree = "<group>"; };
		FAB54C482A0E82E200E14E1E /* VISTA1.xib */ = {isa = PBXFileReference; fileEncoding = 4; lastKnownFileType = file.xib; path = VISTA1.xib; sourceTree = "<group>"; };
		FAB54C492A0E82E200E14E1E /* VISTA7.xib */ = {isa = PBXFileReference; fileEncoding = 4; lastKnownFileType = file.xib; path = VISTA7.xib; sourceTree = "<group>"; };
		FAB54C4A2A0E82E200E14E1E /* VISTA3.xib */ = {isa = PBXFileReference; fileEncoding = 4; lastKnownFileType = file.xib; path = VISTA3.xib; sourceTree = "<group>"; };
		FAB54C4B2A0E82E200E14E1E /* VISTA8.xib */ = {isa = PBXFileReference; fileEncoding = 4; lastKnownFileType = file.xib; path = VISTA8.xib; sourceTree = "<group>"; };
		FAB54C4C2A0E82E300E14E1E /* VISTA4.xib */ = {isa = PBXFileReference; fileEncoding = 4; lastKnownFileType = file.xib; path = VISTA4.xib; sourceTree = "<group>"; };
		FAB54C4D2A0E82E300E14E1E /* VISTA2.xib */ = {isa = PBXFileReference; fileEncoding = 4; lastKnownFileType = file.xib; path = VISTA2.xib; sourceTree = "<group>"; };
		FAB54C4E2A0E82E300E14E1E /* VISTA9.xib */ = {isa = PBXFileReference; fileEncoding = 4; lastKnownFileType = file.xib; path = VISTA9.xib; sourceTree = "<group>"; };
		FAB54C4F2A0E82E300E14E1E /* VISTA10.xib */ = {isa = PBXFileReference; fileEncoding = 4; lastKnownFileType = file.xib; path = VISTA10.xib; sourceTree = "<group>"; };
		FAB54C502A0E82E300E14E1E /* VISTA5.xib */ = {isa = PBXFileReference; fileEncoding = 4; lastKnownFileType = file.xib; path = VISTA5.xib; sourceTree = "<group>"; };
		FAB54C672A0EB93900E14E1E /* Vista1.swift */ = {isa = PBXFileReference; lastKnownFileType = sourcecode.swift; path = Vista1.swift; sourceTree = "<group>"; };
		FACC4C822A48D7BE00246B2E /* View1PresenterTests.swift */ = {isa = PBXFileReference; lastKnownFileType = sourcecode.swift; path = View1PresenterTests.swift; sourceTree = "<group>"; };
		FACC4C872A4A60F400246B2E /* MainPresenter.swift */ = {isa = PBXFileReference; lastKnownFileType = sourcecode.swift; path = MainPresenter.swift; sourceTree = "<group>"; };
		FACC4C8A2A4A613600246B2E /* MainViewModel.swift */ = {isa = PBXFileReference; lastKnownFileType = sourcecode.swift; path = MainViewModel.swift; sourceTree = "<group>"; };
		FACC4C8D2A4A737800246B2E /* MainPresenterTest.swift */ = {isa = PBXFileReference; lastKnownFileType = sourcecode.swift; path = MainPresenterTest.swift; sourceTree = "<group>"; };
		FACC4C8F2A4A8F9A00246B2E /* ButtonFactory.swift */ = {isa = PBXFileReference; lastKnownFileType = sourcecode.swift; path = ButtonFactory.swift; sourceTree = "<group>"; };
		FACC4C932A4A906700246B2E /* HomeButtonFactory.swift */ = {isa = PBXFileReference; lastKnownFileType = sourcecode.swift; path = HomeButtonFactory.swift; sourceTree = "<group>"; };
		FACC4C962A4A911900246B2E /* HomeButton.swift */ = {isa = PBXFileReference; lastKnownFileType = sourcecode.swift; path = HomeButton.swift; sourceTree = "<group>"; };
		FACC4C982A4A9CC100246B2E /* SettingsButton.swift */ = {isa = PBXFileReference; lastKnownFileType = sourcecode.swift; path = SettingsButton.swift; sourceTree = "<group>"; };
		FACC4C9B2A4A9CE300246B2E /* ProfileButton.swift */ = {isa = PBXFileReference; lastKnownFileType = sourcecode.swift; path = ProfileButton.swift; sourceTree = "<group>"; };
		FACC4C9E2A4A9CF900246B2E /* ConnectionButton.swift */ = {isa = PBXFileReference; lastKnownFileType = sourcecode.swift; path = ConnectionButton.swift; sourceTree = "<group>"; };
		FACC4CA12A4A9D2D00246B2E /* SettingsButtonFactory.swift */ = {isa = PBXFileReference; lastKnownFileType = sourcecode.swift; path = SettingsButtonFactory.swift; sourceTree = "<group>"; };
		FACC4CA42A4A9D3A00246B2E /* ProfileButtonFactory.swift */ = {isa = PBXFileReference; lastKnownFileType = sourcecode.swift; path = ProfileButtonFactory.swift; sourceTree = "<group>"; };
		FACC4CA72A4A9D4D00246B2E /* ConnectionButtonFactory.swift */ = {isa = PBXFileReference; lastKnownFileType = sourcecode.swift; path = ConnectionButtonFactory.swift; sourceTree = "<group>"; };
/* End PBXFileReference section */

/* Begin PBXFrameworksBuildPhase section */
		FA6C7A1B29D8F6CD002267A5 /* Frameworks */ = {
			isa = PBXFrameworksBuildPhase;
			buildActionMask = 2147483647;
			files = (
				FA38FFF829FE670900BC21FA /* UIKit.framework in Frameworks */,
			);
			runOnlyForDeploymentPostprocessing = 0;
		};
		FA714C322A088BFF003E2CA4 /* Frameworks */ = {
			isa = PBXFrameworksBuildPhase;
			buildActionMask = 2147483647;
			files = (
			);
			runOnlyForDeploymentPostprocessing = 0;
		};
/* End PBXFrameworksBuildPhase section */

/* Begin PBXGroup section */
		FA2706842A295B6800EB2DAE /* Controllers */ = {
			isa = PBXGroup;
			children = (
				FA2706852A295B8200EB2DAE /* TemperatureController.swift */,
				FA2706C02A29BBDA00EB2DAE /* DashBoardController.swift */,
				FA2706C32A29BC8C00EB2DAE /* ControllerCoolManager.swift */,
			);
			path = Controllers;
			sourceTree = "<group>";
		};
		FA2706882A29885000EB2DAE /* Actions */ = {
			isa = PBXGroup;
			children = (
				FA2706892A29897900EB2DAE /* Action.swift */,
				FA2706BA2A29B33200EB2DAE /* turnResistanceOnAction.swift */,
				FA2706AE2A29B14600EB2DAE /* turnCompressorOnAction.swift */,
				FA2706922A298C8700EB2DAE /* pushSetPointUpAction.swift */,
				FA27068C2A298A0C00EB2DAE /* turnLightOnAction.swift */,
				FA27068F2A298B8A00EB2DAE /* turnLightOffAction.swift */,
				FA2706952A298D0E00EB2DAE /* pushSetPointDownAction.swift */,
				FA2706982A2999C000EB2DAE /* openDoorAction.swift */,
				FA27069B2A299A1500EB2DAE /* closeDoorAction.swift */,
				FA27069E2A299B1C00EB2DAE /* unlockDoorAction.swift */,
				FA2706A12A29A0F000EB2DAE /* lockDoorAction.swift */,
				FA2706B12A29B16300EB2DAE /* turnCompressorOffAction.swift */,
				FA2706B42A29B21D00EB2DAE /* turnFanOnAction.swift */,
				FA2706B72A29B26B00EB2DAE /* turnFanOffAction.swift */,
				FA2706BD2A29B35100EB2DAE /* turnResistanceOffAction.swift */,
				FA2706EE2A2A3A1400EB2DAE /* confirmSetPointSelectedAction.swift */,
			);
			path = Actions;
			sourceTree = "<group>";
		};
		FA2706A42A29A67E00EB2DAE /* CoolManager */ = {
			isa = PBXGroup;
			children = (
				FA2706A52A29A6C500EB2DAE /* NormalCoolManagerMock.swift */,
				FA2706A82A29A6FC00EB2DAE /* DoorOpenedCoolManagerMock.swift */,
				FA2706AB2A29A74D00EB2DAE /* DefrostingRefrigeratorMock.swift */,
			);
			path = CoolManager;
			sourceTree = "<group>";
		};
		FA2706C62A29BD2400EB2DAE /* Views */ = {
			isa = PBXGroup;
			children = (
				FA2706C72A29BD4F00EB2DAE /* viewCoolManager.swift */,
				FA2706CA2A29BF5B00EB2DAE /* viewDashBoard.swift */,
			);
			path = Views;
			sourceTree = "<group>";
		};
		FA382ED32A19E1920047D033 /* Factory */ = {
			isa = PBXGroup;
			children = (
				FA382ED42A19E1C30047D033 /* RefrigeratorFactory.swift */,
				FA382ED72A19E2710047D033 /* NormalRefrigeratorFactory.swift */,
				FA382EDB2A1A79060047D033 /* DefrostingRefrigeratorFactory.swift */,
				FA382EF72A20F20E0047D033 /* DoorOpenedRefrigeratorFactory.swift */,
				FA382EFA2A20FE060047D033 /* CorruptTemperaturesRefrigeratorFactory.swift */,
				FA2707012A30DAD700EB2DAE /* InconsistentRefrigeratorFactory.swift */,
			);
			path = Factory;
			sourceTree = "<group>";
		};
		FA382EDA2A19E2990047D033 /* Components */ = {
			isa = PBXGroup;
			children = (
				FA382EF02A1F3D660047D033 /* NormalMocks */,
				FA382EDE2A1F3CC80047D033 /* FanProtocol.swift */,
				FA382EE12A1F3CE20047D033 /* ResistanceProtocol.swift */,
				FA382EE42A1F3CFC0047D033 /* LightProtocol.swift */,
				FA382EE72A1F3D160047D033 /* CompressorProtocol.swift */,
				FA382EEA2A1F3D2D0047D033 /* DoorProtocol.swift */,
				FA382EED2A1F3D4E0047D033 /* RefrigeratorComponent.swift */,
			);
			path = Components;
			sourceTree = "<group>";
		};
		FA382EF02A1F3D660047D033 /* NormalMocks */ = {
			isa = PBXGroup;
			children = (
				FAB54C2E2A0DC03200E14E1E /* Resistance.swift */,
				FAB54C2A2A0DC03200E14E1E /* Compressor.swift */,
				FAB54C2B2A0DC03200E14E1E /* Door.swift */,
				FAB54C2D2A0DC03200E14E1E /* Fan.swift */,
				FAB54C2C2A0DC03200E14E1E /* Light.swift */,
			);
			path = NormalMocks;
			sourceTree = "<group>";
		};
		FA38FFCC29FE5DE500BC21FA /* ViewControllers */ = {
			isa = PBXGroup;
			children = (
				FACC4C922A4A8FCF00246B2E /* FactoriesUI */,
				FACC4C862A4A60AA00246B2E /* ViewControllerMain */,
				FAB54C362A0E110F00E14E1E /* ViewControler1 */,
				FA38FFDB29FE669800BC21FA /* View2ViewController.swift */,
				FA38FFDA29FE669800BC21FA /* View3ViewController.swift */,
				FA38FFDC29FE669800BC21FA /* View4ViewController.swift */,
				FA38FFE329FE669800BC21FA /* View5ViewController.swift */,
				FA38FFDD29FE669800BC21FA /* View6ViewController.swift */,
				FA38FFE029FE669800BC21FA /* View7ViewController.swift */,
			);
			path = ViewControllers;
			sourceTree = "<group>";
		};
		FA38FFF629FE670900BC21FA /* Frameworks */ = {
			isa = PBXGroup;
			children = (
				FA38FFF729FE670900BC21FA /* UIKit.framework */,
			);
			name = Frameworks;
			sourceTree = "<group>";
		};
		FA6C7A1529D8F6CD002267A5 = {
			isa = PBXGroup;
			children = (
				FA6C7A2029D8F6CD002267A5 /* CoolManager */,
				FA714C362A088BFF003E2CA4 /* CoolManagerTests */,
				FA6C7A1F29D8F6CD002267A5 /* Products */,
				FA38FFF629FE670900BC21FA /* Frameworks */,
				FACC4C852A4A594500246B2E /* Recovered References */,
			);
			sourceTree = "<group>";
		};
		FA6C7A1F29D8F6CD002267A5 /* Products */ = {
			isa = PBXGroup;
			children = (
				FA6C7A1E29D8F6CD002267A5 /* CoolManager.app */,
				FA714C352A088BFF003E2CA4 /* CoolManagerTests.xctest */,
			);
			name = Products;
			sourceTree = "<group>";
		};
		FA6C7A2029D8F6CD002267A5 /* CoolManager */ = {
			isa = PBXGroup;
			children = (
				FA2706A42A29A67E00EB2DAE /* CoolManager */,
				FA2706C62A29BD2400EB2DAE /* Views */,
				FA2706882A29885000EB2DAE /* Actions */,
				FA714C1E2A086BF4003E2CA4 /* Domain */,
				FA382EDA2A19E2990047D033 /* Components */,
				FA382ED32A19E1920047D033 /* Factory */,
				FA2706842A295B6800EB2DAE /* Controllers */,
				FAB54C452A0E82A400E14E1E /* xib */,
				FA38FFCC29FE5DE500BC21FA /* ViewControllers */,
				FA6C7A2129D8F6CD002267A5 /* AppDelegate.swift */,
				FA6C7A2329D8F6CD002267A5 /* SceneDelegate.swift */,
				FA6C7A2A29D8F6D0002267A5 /* Assets.xcassets */,
				FA6C7A2F29D8F6D0002267A5 /* Info.plist */,
			);
			path = CoolManager;
			sourceTree = "<group>";
		};
		FA714C1E2A086BF4003E2CA4 /* Domain */ = {
			isa = PBXGroup;
			children = (
				FA382F042A253F3E0047D033 /* CoolManager.swift */,
				FA714C1F2A086C0D003E2CA4 /* Refrigerator.swift */,
				FA714C212A0870A2003E2CA4 /* Temperature.swift */,
				FA714C262A088089003E2CA4 /* TemperatureStatus.swift */,
				FA714C282A088369003E2CA4 /* TemperatureUnit.swift */,
				FA382EF42A1FB3660047D033 /* SetPoint.swift */,
			);
			path = Domain;
			sourceTree = "<group>";
		};
		FA714C362A088BFF003E2CA4 /* CoolManagerTests */ = {
			isa = PBXGroup;
			children = (
				FA2706FD2A2F868F00EB2DAE /* SetPointTests.swift */,
				FA2706822A2954D100EB2DAE /* RefrigeratorTests.swift */,
				FA714C2F2A088BD9003E2CA4 /* TemperatureRulesTests.swift */,
				FA714C372A088BFF003E2CA4 /* CoolManagerTests.swift */,
				FAB54C342A0DC8AE00E14E1E /* TemperatureTests.swift */,
				FAB54C432A0E152300E14E1E /* RefrigeratorBuilderViewModelTests.swift */,
				FACC4C822A48D7BE00246B2E /* View1PresenterTests.swift */,
				FACC4C8D2A4A737800246B2E /* MainPresenterTest.swift */,
			);
			path = CoolManagerTests;
			sourceTree = "<group>";
		};
		FAB54C362A0E110F00E14E1E /* ViewControler1 */ = {
			isa = PBXGroup;
			children = (
				FA38FFE129FE669800BC21FA /* View.swift */,
				FAB54C372A0E113C00E14E1E /* Presenter.swift */,
				FAB54C3A2A0E116600E14E1E /* viewProtocol.swift */,
				FAB54C3D2A0E118A00E14E1E /* RefrigeratorBuilderViewModel.swift */,
			);
			path = ViewControler1;
			sourceTree = "<group>";
		};
		FAB54C452A0E82A400E14E1E /* xib */ = {
			isa = PBXGroup;
			children = (
				FA6C7A2C29D8F6D0002267A5 /* LaunchScreen.storyboard */,
				FA6C7A2729D8F6CD002267A5 /* Main.storyboard */,
				FAB54C462A0E82E200E14E1E /* ViewHome.xib */,
				FAB54C482A0E82E200E14E1E /* VISTA1.xib */,
				FAB54C4D2A0E82E300E14E1E /* VISTA2.xib */,
				FAB54C4A2A0E82E200E14E1E /* VISTA3.xib */,
				FAB54C4C2A0E82E300E14E1E /* VISTA4.xib */,
				FAB54C502A0E82E300E14E1E /* VISTA5.xib */,
				FAB54C472A0E82E200E14E1E /* VISTA6.xib */,
				FAB54C492A0E82E200E14E1E /* VISTA7.xib */,
				FAB54C4B2A0E82E200E14E1E /* VISTA8.xib */,
				FAB54C4E2A0E82E300E14E1E /* VISTA9.xib */,
				FAB54C4F2A0E82E300E14E1E /* VISTA10.xib */,
			);
			path = xib;
			sourceTree = "<group>";
		};
		FACC4C852A4A594500246B2E /* Recovered References */ = {
			isa = PBXGroup;
			children = (
				FAB54C672A0EB93900E14E1E /* Vista1.swift */,
			);
			name = "Recovered References";
			sourceTree = "<group>";
		};
		FACC4C862A4A60AA00246B2E /* ViewControllerMain */ = {
			isa = PBXGroup;
			children = (
				FACC4C952A4A90C300246B2E /* MenuOptions */,
				FA6C7A2529D8F6CD002267A5 /* ViewController.swift */,
				FACC4C872A4A60F400246B2E /* MainPresenter.swift */,
				FACC4C8A2A4A613600246B2E /* MainViewModel.swift */,
			);
			path = ViewControllerMain;
			sourceTree = "<group>";
		};
		FACC4C922A4A8FCF00246B2E /* FactoriesUI */ = {
			isa = PBXGroup;
			children = (
				FACC4C8F2A4A8F9A00246B2E /* ButtonFactory.swift */,
				FACC4C932A4A906700246B2E /* HomeButtonFactory.swift */,
				FACC4CA12A4A9D2D00246B2E /* SettingsButtonFactory.swift */,
				FACC4CA42A4A9D3A00246B2E /* ProfileButtonFactory.swift */,
				FACC4CA72A4A9D4D00246B2E /* ConnectionButtonFactory.swift */,
			);
			path = FactoriesUI;
			sourceTree = "<group>";
		};
		FACC4C952A4A90C300246B2E /* MenuOptions */ = {
			isa = PBXGroup;
			children = (
				FACC4C962A4A911900246B2E /* HomeButton.swift */,
				FACC4C982A4A9CC100246B2E /* SettingsButton.swift */,
				FACC4C9B2A4A9CE300246B2E /* ProfileButton.swift */,
				FACC4C9E2A4A9CF900246B2E /* ConnectionButton.swift */,
			);
			path = MenuOptions;
			sourceTree = "<group>";
		};
/* End PBXGroup section */

/* Begin PBXNativeTarget section */
		FA6C7A1D29D8F6CD002267A5 /* CoolManager */ = {
			isa = PBXNativeTarget;
			buildConfigurationList = FA6C7A3229D8F6D0002267A5 /* Build configuration list for PBXNativeTarget "CoolManager" */;
			buildPhases = (
				FA6C7A1A29D8F6CD002267A5 /* Sources */,
				FA6C7A1B29D8F6CD002267A5 /* Frameworks */,
				FA6C7A1C29D8F6CD002267A5 /* Resources */,
			);
			buildRules = (
			);
			dependencies = (
			);
			name = CoolManager;
			productName = CoolManager;
			productReference = FA6C7A1E29D8F6CD002267A5 /* CoolManager.app */;
			productType = "com.apple.product-type.application";
		};
		FA714C342A088BFF003E2CA4 /* CoolManagerTests */ = {
			isa = PBXNativeTarget;
			buildConfigurationList = FA714C3B2A088BFF003E2CA4 /* Build configuration list for PBXNativeTarget "CoolManagerTests" */;
			buildPhases = (
				FA714C312A088BFF003E2CA4 /* Sources */,
				FA714C322A088BFF003E2CA4 /* Frameworks */,
				FA714C332A088BFF003E2CA4 /* Resources */,
			);
			buildRules = (
			);
			dependencies = (
				FA714C3A2A088BFF003E2CA4 /* PBXTargetDependency */,
			);
			name = CoolManagerTests;
			productName = CoolManagerTests;
			productReference = FA714C352A088BFF003E2CA4 /* CoolManagerTests.xctest */;
			productType = "com.apple.product-type.bundle.unit-test";
		};
/* End PBXNativeTarget section */

/* Begin PBXProject section */
		FA6C7A1629D8F6CD002267A5 /* Project object */ = {
			isa = PBXProject;
			attributes = {
				BuildIndependentTargetsInParallel = 1;
				LastSwiftUpdateCheck = 1420;
				LastUpgradeCheck = 1420;
				TargetAttributes = {
					FA6C7A1D29D8F6CD002267A5 = {
						CreatedOnToolsVersion = 14.2;
					};
					FA714C342A088BFF003E2CA4 = {
						CreatedOnToolsVersion = 14.2;
						TestTargetID = FA6C7A1D29D8F6CD002267A5;
					};
				};
			};
			buildConfigurationList = FA6C7A1929D8F6CD002267A5 /* Build configuration list for PBXProject "CoolManager" */;
			compatibilityVersion = "Xcode 14.0";
			developmentRegion = en;
			hasScannedForEncodings = 0;
			knownRegions = (
				en,
				Base,
			);
			mainGroup = FA6C7A1529D8F6CD002267A5;
			productRefGroup = FA6C7A1F29D8F6CD002267A5 /* Products */;
			projectDirPath = "";
			projectRoot = "";
			targets = (
				FA6C7A1D29D8F6CD002267A5 /* CoolManager */,
				FA714C342A088BFF003E2CA4 /* CoolManagerTests */,
			);
		};
/* End PBXProject section */

/* Begin PBXResourcesBuildPhase section */
		FA6C7A1C29D8F6CD002267A5 /* Resources */ = {
			isa = PBXResourcesBuildPhase;
			buildActionMask = 2147483647;
			files = (
				FAB54C5F2A0E82E300E14E1E /* VISTA2.xib in Resources */,
				FA6C7A2E29D8F6D0002267A5 /* LaunchScreen.storyboard in Resources */,
				FAB54C572A0E82E300E14E1E /* VISTA7.xib in Resources */,
				FAB54C532A0E82E300E14E1E /* VISTA6.xib in Resources */,
				FAB54C612A0E82E300E14E1E /* VISTA9.xib in Resources */,
				FAB54C652A0E82E300E14E1E /* VISTA5.xib in Resources */,
				FAB54C552A0E82E300E14E1E /* VISTA1.xib in Resources */,
				FAB54C512A0E82E300E14E1E /* ViewHome.xib in Resources */,
				FAB54C5B2A0E82E300E14E1E /* VISTA8.xib in Resources */,
				FA6C7A2B29D8F6D0002267A5 /* Assets.xcassets in Resources */,
				FA6C7A2929D8F6CD002267A5 /* Main.storyboard in Resources */,
				FAB54C592A0E82E300E14E1E /* VISTA3.xib in Resources */,
				FAB54C632A0E82E300E14E1E /* VISTA10.xib in Resources */,
				FAB54C5D2A0E82E300E14E1E /* VISTA4.xib in Resources */,
			);
			runOnlyForDeploymentPostprocessing = 0;
		};
		FA714C332A088BFF003E2CA4 /* Resources */ = {
			isa = PBXResourcesBuildPhase;
			buildActionMask = 2147483647;
			files = (
				FAB54C5E2A0E82E300E14E1E /* VISTA4.xib in Resources */,
				FAB54C5C2A0E82E300E14E1E /* VISTA8.xib in Resources */,
				FAB54C622A0E82E300E14E1E /* VISTA9.xib in Resources */,
				FAB54C542A0E82E300E14E1E /* VISTA6.xib in Resources */,
				FAB54C5A2A0E82E300E14E1E /* VISTA3.xib in Resources */,
				FAB54C662A0E82E300E14E1E /* VISTA5.xib in Resources */,
				FAB54C602A0E82E300E14E1E /* VISTA2.xib in Resources */,
				FAB54C642A0E82E300E14E1E /* VISTA10.xib in Resources */,
				FAB54C582A0E82E300E14E1E /* VISTA7.xib in Resources */,
				FAB54C562A0E82E300E14E1E /* VISTA1.xib in Resources */,
				FAB54C522A0E82E300E14E1E /* ViewHome.xib in Resources */,
			);
			runOnlyForDeploymentPostprocessing = 0;
		};
/* End PBXResourcesBuildPhase section */

/* Begin PBXSourcesBuildPhase section */
		FA6C7A1A29D8F6CD002267A5 /* Sources */ = {
			isa = PBXSourcesBuildPhase;
			buildActionMask = 2147483647;
			files = (
				FA2706B52A29B21D00EB2DAE /* turnFanOnAction.swift in Sources */,
				FAB54C3E2A0E118A00E14E1E /* RefrigeratorBuilderViewModel.swift in Sources */,
				FACC4C902A4A8F9A00246B2E /* ButtonFactory.swift in Sources */,
				FA714C202A086C0D003E2CA4 /* Refrigerator.swift in Sources */,
				FACC4CA82A4A9D4D00246B2E /* ConnectionButtonFactory.swift in Sources */,
				FA382EDC2A1A79060047D033 /* DefrostingRefrigeratorFactory.swift in Sources */,
				FA38FFEE29FE669800BC21FA /* View7ViewController.swift in Sources */,
				FA382EF52A1FB3660047D033 /* SetPoint.swift in Sources */,
				FA6C7A2629D8F6CD002267A5 /* ViewController.swift in Sources */,
				FA382EEB2A1F3D2D0047D033 /* DoorProtocol.swift in Sources */,
				FA2706962A298D0E00EB2DAE /* pushSetPointDownAction.swift in Sources */,
				FA2706C12A29BBDA00EB2DAE /* DashBoardController.swift in Sources */,
				FA38FFEB29FE669800BC21FA /* View6ViewController.swift in Sources */,
				FAB54C322A0DC03200E14E1E /* Fan.swift in Sources */,
				FA2706CB2A29BF5B00EB2DAE /* viewDashBoard.swift in Sources */,
				FAB54C332A0DC03200E14E1E /* Resistance.swift in Sources */,
				FA6C7A2229D8F6CD002267A5 /* AppDelegate.swift in Sources */,
				FA2706B82A29B26B00EB2DAE /* turnFanOffAction.swift in Sources */,
				FA2706992A2999C000EB2DAE /* openDoorAction.swift in Sources */,
				FA382ED52A19E1C30047D033 /* RefrigeratorFactory.swift in Sources */,
				FA714C272A088089003E2CA4 /* TemperatureStatus.swift in Sources */,
				FAB54C302A0DC03200E14E1E /* Door.swift in Sources */,
				FA38FFE929FE669800BC21FA /* View2ViewController.swift in Sources */,
				FA2706C82A29BD4F00EB2DAE /* viewCoolManager.swift in Sources */,
				FA2706A62A29A6C500EB2DAE /* NormalCoolManagerMock.swift in Sources */,
				FA27069C2A299A1500EB2DAE /* closeDoorAction.swift in Sources */,
				FA714C292A088369003E2CA4 /* TemperatureUnit.swift in Sources */,
				FA2706C42A29BC8C00EB2DAE /* ControllerCoolManager.swift in Sources */,
				FACC4CA22A4A9D2D00246B2E /* SettingsButtonFactory.swift in Sources */,
				FA2706B22A29B16300EB2DAE /* turnCompressorOffAction.swift in Sources */,
				FACC4C992A4A9CC100246B2E /* SettingsButton.swift in Sources */,
				FA382EEE2A1F3D4E0047D033 /* RefrigeratorComponent.swift in Sources */,
				FA38FFF129FE669800BC21FA /* View5ViewController.swift in Sources */,
				FA27069F2A299B1C00EB2DAE /* unlockDoorAction.swift in Sources */,
				FA38FFE829FE669800BC21FA /* View3ViewController.swift in Sources */,
				FACC4C942A4A906700246B2E /* HomeButtonFactory.swift in Sources */,
				FA2706A22A29A0F000EB2DAE /* lockDoorAction.swift in Sources */,
				FA714C222A0870A2003E2CA4 /* Temperature.swift in Sources */,
				FAB54C312A0DC03200E14E1E /* Light.swift in Sources */,
				FA6C7A2429D8F6CD002267A5 /* SceneDelegate.swift in Sources */,
				FACC4C8B2A4A613600246B2E /* MainViewModel.swift in Sources */,
				FACC4C882A4A60F400246B2E /* MainPresenter.swift in Sources */,
				FA2706862A295B8200EB2DAE /* TemperatureController.swift in Sources */,
				FA382EDF2A1F3CC80047D033 /* FanProtocol.swift in Sources */,
				FACC4C9F2A4A9CF900246B2E /* ConnectionButton.swift in Sources */,
				FA2706AF2A29B14600EB2DAE /* turnCompressorOnAction.swift in Sources */,
				FAB54C382A0E113C00E14E1E /* Presenter.swift in Sources */,
				FA38FFEA29FE669800BC21FA /* View4ViewController.swift in Sources */,
				FA382EE82A1F3D160047D033 /* CompressorProtocol.swift in Sources */,
				FA382ED82A19E2710047D033 /* NormalRefrigeratorFactory.swift in Sources */,
				FA27068D2A298A0C00EB2DAE /* turnLightOnAction.swift in Sources */,
				FA382EE22A1F3CE20047D033 /* ResistanceProtocol.swift in Sources */,
				FA382EE52A1F3CFC0047D033 /* LightProtocol.swift in Sources */,
				FAB54C2F2A0DC03200E14E1E /* Compressor.swift in Sources */,
				FACC4CA52A4A9D3A00246B2E /* ProfileButtonFactory.swift in Sources */,
				FA2706EF2A2A3A1400EB2DAE /* confirmSetPointSelectedAction.swift in Sources */,
				FA382F052A253F3E0047D033 /* CoolManager.swift in Sources */,
				FACC4C972A4A911900246B2E /* HomeButton.swift in Sources */,
				FA382EF82A20F20E0047D033 /* DoorOpenedRefrigeratorFactory.swift in Sources */,
				FA38FFEF29FE669800BC21FA /* View.swift in Sources */,
				FA2706AC2A29A74D00EB2DAE /* DefrostingRefrigeratorMock.swift in Sources */,
				FA2706902A298B8A00EB2DAE /* turnLightOffAction.swift in Sources */,
				FA382EFB2A20FE060047D033 /* CorruptTemperaturesRefrigeratorFactory.swift in Sources */,
				FA2706A92A29A6FC00EB2DAE /* DoorOpenedCoolManagerMock.swift in Sources */,
				FA27068A2A29897900EB2DAE /* Action.swift in Sources */,
				FAB54C3B2A0E116600E14E1E /* viewProtocol.swift in Sources */,
				FA2706BB2A29B33200EB2DAE /* turnResistanceOnAction.swift in Sources */,
				FACC4C9C2A4A9CE300246B2E /* ProfileButton.swift in Sources */,
				FA2706932A298C8700EB2DAE /* pushSetPointUpAction.swift in Sources */,
				FA2706BE2A29B35100EB2DAE /* turnResistanceOffAction.swift in Sources */,
				FA2707022A30DAD700EB2DAE /* InconsistentRefrigeratorFactory.swift in Sources */,
			);
			runOnlyForDeploymentPostprocessing = 0;
		};
		FA714C312A088BFF003E2CA4 /* Sources */ = {
			isa = PBXSourcesBuildPhase;
			buildActionMask = 2147483647;
			files = (
				FA2707032A30F0ED00EB2DAE /* InconsistentRefrigeratorFactory.swift in Sources */,
				FACC4C9A2A4A9CC100246B2E /* SettingsButton.swift in Sources */,
				FA2706C52A29BC8C00EB2DAE /* ControllerCoolManager.swift in Sources */,
				FA2706872A295B8200EB2DAE /* TemperatureController.swift in Sources */,
				FA2706C22A29BBDA00EB2DAE /* DashBoardController.swift in Sources */,
				FACC4C8E2A4A737800246B2E /* MainPresenterTest.swift in Sources */,
				FA382F062A253F3E0047D033 /* CoolManager.swift in Sources */,
				FA382ED02A19A2930047D033 /* Door.swift in Sources */,
				FA382ED12A19A2930047D033 /* Fan.swift in Sources */,
				FA382ED22A19A2930047D033 /* Light.swift in Sources */,
				FA2706912A298B8A00EB2DAE /* turnLightOffAction.swift in Sources */,
				FA2706CC2A29BF5B00EB2DAE /* viewDashBoard.swift in Sources */,
				FACC4CA92A4A9D4D00246B2E /* ConnectionButtonFactory.swift in Sources */,
				FA2706B32A29B16300EB2DAE /* turnCompressorOffAction.swift in Sources */,
				FACC4C8C2A4A613600246B2E /* MainViewModel.swift in Sources */,
				FA2706972A298D0E00EB2DAE /* pushSetPointDownAction.swift in Sources */,
				FA2706F02A2A3A1400EB2DAE /* confirmSetPointSelectedAction.swift in Sources */,
				FA382ED92A19E2710047D033 /* NormalRefrigeratorFactory.swift in Sources */,
				FA2706A32A29A0F000EB2DAE /* lockDoorAction.swift in Sources */,
				FA27069D2A299A1500EB2DAE /* closeDoorAction.swift in Sources */,
				FA2706942A298C8700EB2DAE /* pushSetPointUpAction.swift in Sources */,
				FA382ED62A19E1C30047D033 /* RefrigeratorFactory.swift in Sources */,
				FA382EDD2A1A79060047D033 /* DefrostingRefrigeratorFactory.swift in Sources */,
				FA382EFC2A20FE060047D033 /* CorruptTemperaturesRefrigeratorFactory.swift in Sources */,
				FA382EE62A1F3CFC0047D033 /* LightProtocol.swift in Sources */,
				FA382EE32A1F3CE20047D033 /* ResistanceProtocol.swift in Sources */,
				FA382EE02A1F3CC80047D033 /* FanProtocol.swift in Sources */,
				FA382EE92A1F3D160047D033 /* CompressorProtocol.swift in Sources */,
				FA382EB72A19A23E0047D033 /* Compressor.swift in Sources */,
				FA27068E2A298A0C00EB2DAE /* turnLightOnAction.swift in Sources */,
				FA382EB82A19A23E0047D033 /* Resistance.swift in Sources */,
				FA382EEF2A1F3D4E0047D033 /* RefrigeratorComponent.swift in Sources */,
				FA2706A02A299B1C00EB2DAE /* unlockDoorAction.swift in Sources */,
				FACC4CA02A4A9CF900246B2E /* ConnectionButton.swift in Sources */,
				FA382EB92A19A23E0047D033 /* Refrigerator.swift in Sources */,
				FACC4CA62A4A9D3A00246B2E /* ProfileButtonFactory.swift in Sources */,
				FACC4C912A4A8F9A00246B2E /* ButtonFactory.swift in Sources */,
				FA382EBA2A19A23E0047D033 /* Temperature.swift in Sources */,
				FA382EBC2A19A23E0047D033 /* TemperatureStatus.swift in Sources */,
				FA27068B2A29897900EB2DAE /* Action.swift in Sources */,
				FA382EBD2A19A23E0047D033 /* TemperatureUnit.swift in Sources */,
				FA2706B02A29B14600EB2DAE /* turnCompressorOnAction.swift in Sources */,
				FAB54C3F2A0E118A00E14E1E /* RefrigeratorBuilderViewModel.swift in Sources */,
				FA2706C92A29BD4F00EB2DAE /* viewCoolManager.swift in Sources */,
				FA2706AD2A29A74D00EB2DAE /* DefrostingRefrigeratorMock.swift in Sources */,
				FA2706BF2A29B35100EB2DAE /* turnResistanceOffAction.swift in Sources */,
				FAB54C352A0DC8AE00E14E1E /* TemperatureTests.swift in Sources */,
				FACC4CA32A4A9D2D00246B2E /* SettingsButtonFactory.swift in Sources */,
				FA714C3E2A088C11003E2CA4 /* TemperatureRulesTests.swift in Sources */,
				FA2706B62A29B21D00EB2DAE /* turnFanOnAction.swift in Sources */,
				FA2706832A2954D100EB2DAE /* RefrigeratorTests.swift in Sources */,
				FA2706B92A29B26B00EB2DAE /* turnFanOffAction.swift in Sources */,
				FA714C382A088BFF003E2CA4 /* CoolManagerTests.swift in Sources */,
				FA382EEC2A1F3D2D0047D033 /* DoorProtocol.swift in Sources */,
				FAB54C392A0E113C00E14E1E /* Presenter.swift in Sources */,
				FAB54C3C2A0E116600E14E1E /* viewProtocol.swift in Sources */,
				FA2706BC2A29B33200EB2DAE /* turnResistanceOnAction.swift in Sources */,
				FA27069A2A2999C000EB2DAE /* openDoorAction.swift in Sources */,
				FAB54C442A0E152300E14E1E /* RefrigeratorBuilderViewModelTests.swift in Sources */,
				FA2706AA2A29A6FC00EB2DAE /* DoorOpenedCoolManagerMock.swift in Sources */,
				FA2706A72A29A6C500EB2DAE /* NormalCoolManagerMock.swift in Sources */,
				FA2706FE2A2F868F00EB2DAE /* SetPointTests.swift in Sources */,
				FACC4C9D2A4A9CE300246B2E /* ProfileButton.swift in Sources */,
				FACC4C892A4A60F400246B2E /* MainPresenter.swift in Sources */,
				FA382EF92A20F20E0047D033 /* DoorOpenedRefrigeratorFactory.swift in Sources */,
				FACC4C832A48D7BE00246B2E /* View1PresenterTests.swift in Sources */,
				FA382EF62A1FB3660047D033 /* SetPoint.swift in Sources */,
			);
			runOnlyForDeploymentPostprocessing = 0;
		};
/* End PBXSourcesBuildPhase section */

/* Begin PBXTargetDependency section */
		FA714C3A2A088BFF003E2CA4 /* PBXTargetDependency */ = {
			isa = PBXTargetDependency;
			target = FA6C7A1D29D8F6CD002267A5 /* CoolManager */;
			targetProxy = FA714C392A088BFF003E2CA4 /* PBXContainerItemProxy */;
		};
/* End PBXTargetDependency section */

/* Begin PBXVariantGroup section */
		FA6C7A2729D8F6CD002267A5 /* Main.storyboard */ = {
			isa = PBXVariantGroup;
			children = (
				FA6C7A2829D8F6CD002267A5 /* Base */,
			);
			name = Main.storyboard;
			sourceTree = "<group>";
		};
		FA6C7A2C29D8F6D0002267A5 /* LaunchScreen.storyboard */ = {
			isa = PBXVariantGroup;
			children = (
				FA6C7A2D29D8F6D0002267A5 /* Base */,
			);
			name = LaunchScreen.storyboard;
			sourceTree = "<group>";
		};
/* End PBXVariantGroup section */

/* Begin XCBuildConfiguration section */
		FA6C7A3029D8F6D0002267A5 /* Debug */ = {
			isa = XCBuildConfiguration;
			buildSettings = {
				ALWAYS_SEARCH_USER_PATHS = NO;
				CLANG_ANALYZER_NONNULL = YES;
				CLANG_ANALYZER_NUMBER_OBJECT_CONVERSION = YES_AGGRESSIVE;
				CLANG_CXX_LANGUAGE_STANDARD = "gnu++20";
				CLANG_ENABLE_MODULES = YES;
				CLANG_ENABLE_OBJC_ARC = YES;
				CLANG_ENABLE_OBJC_WEAK = YES;
				CLANG_WARN_BLOCK_CAPTURE_AUTORELEASING = YES;
				CLANG_WARN_BOOL_CONVERSION = YES;
				CLANG_WARN_COMMA = YES;
				CLANG_WARN_CONSTANT_CONVERSION = YES;
				CLANG_WARN_DEPRECATED_OBJC_IMPLEMENTATIONS = YES;
				CLANG_WARN_DIRECT_OBJC_ISA_USAGE = YES_ERROR;
				CLANG_WARN_DOCUMENTATION_COMMENTS = YES;
				CLANG_WARN_EMPTY_BODY = YES;
				CLANG_WARN_ENUM_CONVERSION = YES;
				CLANG_WARN_INFINITE_RECURSION = YES;
				CLANG_WARN_INT_CONVERSION = YES;
				CLANG_WARN_NON_LITERAL_NULL_CONVERSION = YES;
				CLANG_WARN_OBJC_IMPLICIT_RETAIN_SELF = YES;
				CLANG_WARN_OBJC_LITERAL_CONVERSION = YES;
				CLANG_WARN_OBJC_ROOT_CLASS = YES_ERROR;
				CLANG_WARN_QUOTED_INCLUDE_IN_FRAMEWORK_HEADER = YES;
				CLANG_WARN_RANGE_LOOP_ANALYSIS = YES;
				CLANG_WARN_STRICT_PROTOTYPES = YES;
				CLANG_WARN_SUSPICIOUS_MOVE = YES;
				CLANG_WARN_UNGUARDED_AVAILABILITY = YES_AGGRESSIVE;
				CLANG_WARN_UNREACHABLE_CODE = YES;
				CLANG_WARN__DUPLICATE_METHOD_MATCH = YES;
				COPY_PHASE_STRIP = NO;
				DEBUG_INFORMATION_FORMAT = dwarf;
				ENABLE_STRICT_OBJC_MSGSEND = YES;
				ENABLE_TESTABILITY = YES;
				GCC_C_LANGUAGE_STANDARD = gnu11;
				GCC_DYNAMIC_NO_PIC = NO;
				GCC_NO_COMMON_BLOCKS = YES;
				GCC_OPTIMIZATION_LEVEL = 0;
				GCC_PREPROCESSOR_DEFINITIONS = (
					"DEBUG=1",
					"$(inherited)",
				);
				GCC_WARN_64_TO_32_BIT_CONVERSION = YES;
				GCC_WARN_ABOUT_RETURN_TYPE = YES_ERROR;
				GCC_WARN_UNDECLARED_SELECTOR = YES;
				GCC_WARN_UNINITIALIZED_AUTOS = YES_AGGRESSIVE;
				GCC_WARN_UNUSED_FUNCTION = YES;
				GCC_WARN_UNUSED_VARIABLE = YES;
				IPHONEOS_DEPLOYMENT_TARGET = 16.2;
				MTL_ENABLE_DEBUG_INFO = INCLUDE_SOURCE;
				MTL_FAST_MATH = YES;
				ONLY_ACTIVE_ARCH = YES;
				SDKROOT = iphoneos;
				SWIFT_ACTIVE_COMPILATION_CONDITIONS = DEBUG;
				SWIFT_OPTIMIZATION_LEVEL = "-Onone";
			};
			name = Debug;
		};
		FA6C7A3129D8F6D0002267A5 /* Release */ = {
			isa = XCBuildConfiguration;
			buildSettings = {
				ALWAYS_SEARCH_USER_PATHS = NO;
				CLANG_ANALYZER_NONNULL = YES;
				CLANG_ANALYZER_NUMBER_OBJECT_CONVERSION = YES_AGGRESSIVE;
				CLANG_CXX_LANGUAGE_STANDARD = "gnu++20";
				CLANG_ENABLE_MODULES = YES;
				CLANG_ENABLE_OBJC_ARC = YES;
				CLANG_ENABLE_OBJC_WEAK = YES;
				CLANG_WARN_BLOCK_CAPTURE_AUTORELEASING = YES;
				CLANG_WARN_BOOL_CONVERSION = YES;
				CLANG_WARN_COMMA = YES;
				CLANG_WARN_CONSTANT_CONVERSION = YES;
				CLANG_WARN_DEPRECATED_OBJC_IMPLEMENTATIONS = YES;
				CLANG_WARN_DIRECT_OBJC_ISA_USAGE = YES_ERROR;
				CLANG_WARN_DOCUMENTATION_COMMENTS = YES;
				CLANG_WARN_EMPTY_BODY = YES;
				CLANG_WARN_ENUM_CONVERSION = YES;
				CLANG_WARN_INFINITE_RECURSION = YES;
				CLANG_WARN_INT_CONVERSION = YES;
				CLANG_WARN_NON_LITERAL_NULL_CONVERSION = YES;
				CLANG_WARN_OBJC_IMPLICIT_RETAIN_SELF = YES;
				CLANG_WARN_OBJC_LITERAL_CONVERSION = YES;
				CLANG_WARN_OBJC_ROOT_CLASS = YES_ERROR;
				CLANG_WARN_QUOTED_INCLUDE_IN_FRAMEWORK_HEADER = YES;
				CLANG_WARN_RANGE_LOOP_ANALYSIS = YES;
				CLANG_WARN_STRICT_PROTOTYPES = YES;
				CLANG_WARN_SUSPICIOUS_MOVE = YES;
				CLANG_WARN_UNGUARDED_AVAILABILITY = YES_AGGRESSIVE;
				CLANG_WARN_UNREACHABLE_CODE = YES;
				CLANG_WARN__DUPLICATE_METHOD_MATCH = YES;
				COPY_PHASE_STRIP = NO;
				DEBUG_INFORMATION_FORMAT = "dwarf-with-dsym";
				ENABLE_NS_ASSERTIONS = NO;
				ENABLE_STRICT_OBJC_MSGSEND = YES;
				GCC_C_LANGUAGE_STANDARD = gnu11;
				GCC_NO_COMMON_BLOCKS = YES;
				GCC_WARN_64_TO_32_BIT_CONVERSION = YES;
				GCC_WARN_ABOUT_RETURN_TYPE = YES_ERROR;
				GCC_WARN_UNDECLARED_SELECTOR = YES;
				GCC_WARN_UNINITIALIZED_AUTOS = YES_AGGRESSIVE;
				GCC_WARN_UNUSED_FUNCTION = YES;
				GCC_WARN_UNUSED_VARIABLE = YES;
				IPHONEOS_DEPLOYMENT_TARGET = 16.2;
				MTL_ENABLE_DEBUG_INFO = NO;
				MTL_FAST_MATH = YES;
				SDKROOT = iphoneos;
				SWIFT_COMPILATION_MODE = wholemodule;
				SWIFT_OPTIMIZATION_LEVEL = "-O";
				VALIDATE_PRODUCT = YES;
			};
			name = Release;
		};
		FA6C7A3329D8F6D0002267A5 /* Debug */ = {
			isa = XCBuildConfiguration;
			buildSettings = {
				ASSETCATALOG_COMPILER_APPICON_NAME = AppIcon;
				ASSETCATALOG_COMPILER_GLOBAL_ACCENT_COLOR_NAME = AccentColor;
				CODE_SIGN_STYLE = Automatic;
				CURRENT_PROJECT_VERSION = 1;
				DEVELOPMENT_TEAM = 66759VY892;
				GENERATE_INFOPLIST_FILE = YES;
				INFOPLIST_FILE = CoolManager/Info.plist;
				INFOPLIST_KEY_UIApplicationSupportsIndirectInputEvents = YES;
				INFOPLIST_KEY_UILaunchStoryboardName = LaunchScreen;
				INFOPLIST_KEY_UIMainStoryboardFile = Main;
				INFOPLIST_KEY_UIStatusBarStyle = "";
				INFOPLIST_KEY_UISupportedInterfaceOrientations = UIInterfaceOrientationLandscapeLeft;
				LD_RUNPATH_SEARCH_PATHS = (
					"$(inherited)",
					"@executable_path/Frameworks",
				);
				MARKETING_VERSION = 1.0;
				PRODUCT_BUNDLE_IDENTIFIER = example.CoolManager;
				PRODUCT_NAME = "$(TARGET_NAME)";
				SUPPORTED_PLATFORMS = "iphoneos iphonesimulator";
				SUPPORTS_MACCATALYST = NO;
				SUPPORTS_MAC_DESIGNED_FOR_IPHONE_IPAD = NO;
				SWIFT_EMIT_LOC_STRINGS = YES;
				SWIFT_VERSION = 5.0;
				TARGETED_DEVICE_FAMILY = 2;
			};
			name = Debug;
		};
		FA6C7A3429D8F6D0002267A5 /* Release */ = {
			isa = XCBuildConfiguration;
			buildSettings = {
				ASSETCATALOG_COMPILER_APPICON_NAME = AppIcon;
				ASSETCATALOG_COMPILER_GLOBAL_ACCENT_COLOR_NAME = AccentColor;
				CODE_SIGN_STYLE = Automatic;
				CURRENT_PROJECT_VERSION = 1;
				DEVELOPMENT_TEAM = 66759VY892;
				GENERATE_INFOPLIST_FILE = YES;
				INFOPLIST_FILE = CoolManager/Info.plist;
				INFOPLIST_KEY_UIApplicationSupportsIndirectInputEvents = YES;
				INFOPLIST_KEY_UILaunchStoryboardName = LaunchScreen;
				INFOPLIST_KEY_UIMainStoryboardFile = Main;
				INFOPLIST_KEY_UIStatusBarStyle = "";
				INFOPLIST_KEY_UISupportedInterfaceOrientations = UIInterfaceOrientationLandscapeLeft;
				LD_RUNPATH_SEARCH_PATHS = (
					"$(inherited)",
					"@executable_path/Frameworks",
				);
				MARKETING_VERSION = 1.0;
				PRODUCT_BUNDLE_IDENTIFIER = example.CoolManager;
				PRODUCT_NAME = "$(TARGET_NAME)";
				SUPPORTED_PLATFORMS = "iphoneos iphonesimulator";
				SUPPORTS_MACCATALYST = NO;
				SUPPORTS_MAC_DESIGNED_FOR_IPHONE_IPAD = NO;
				SWIFT_EMIT_LOC_STRINGS = YES;
				SWIFT_VERSION = 5.0;
				TARGETED_DEVICE_FAMILY = 2;
			};
			name = Release;
		};
		FA714C3C2A088BFF003E2CA4 /* Debug */ = {
			isa = XCBuildConfiguration;
			buildSettings = {
				BUNDLE_LOADER = "$(TEST_HOST)";
				CODE_SIGN_STYLE = Automatic;
				CURRENT_PROJECT_VERSION = 1;
				DEVELOPMENT_TEAM = 66759VY892;
				GENERATE_INFOPLIST_FILE = YES;
				MARKETING_VERSION = 1.0;
				PRODUCT_BUNDLE_IDENTIFIER = example.CoolManagerTests;
				PRODUCT_NAME = "$(TARGET_NAME)";
				SWIFT_EMIT_LOC_STRINGS = NO;
				SWIFT_VERSION = 5.0;
				TARGETED_DEVICE_FAMILY = "1,2";
				TEST_HOST = "$(BUILT_PRODUCTS_DIR)/CoolManager.app/$(BUNDLE_EXECUTABLE_FOLDER_PATH)/CoolManager";
			};
			name = Debug;
		};
		FA714C3D2A088BFF003E2CA4 /* Release */ = {
			isa = XCBuildConfiguration;
			buildSettings = {
				BUNDLE_LOADER = "$(TEST_HOST)";
				CODE_SIGN_STYLE = Automatic;
				CURRENT_PROJECT_VERSION = 1;
				DEVELOPMENT_TEAM = 66759VY892;
				GENERATE_INFOPLIST_FILE = YES;
				MARKETING_VERSION = 1.0;
				PRODUCT_BUNDLE_IDENTIFIER = example.CoolManagerTests;
				PRODUCT_NAME = "$(TARGET_NAME)";
				SWIFT_EMIT_LOC_STRINGS = NO;
				SWIFT_VERSION = 5.0;
				TARGETED_DEVICE_FAMILY = "1,2";
				TEST_HOST = "$(BUILT_PRODUCTS_DIR)/CoolManager.app/$(BUNDLE_EXECUTABLE_FOLDER_PATH)/CoolManager";
			};
			name = Release;
		};
/* End XCBuildConfiguration section */

/* Begin XCConfigurationList section */
		FA6C7A1929D8F6CD002267A5 /* Build configuration list for PBXProject "CoolManager" */ = {
			isa = XCConfigurationList;
			buildConfigurations = (
				FA6C7A3029D8F6D0002267A5 /* Debug */,
				FA6C7A3129D8F6D0002267A5 /* Release */,
			);
			defaultConfigurationIsVisible = 0;
			defaultConfigurationName = Release;
		};
		FA6C7A3229D8F6D0002267A5 /* Build configuration list for PBXNativeTarget "CoolManager" */ = {
			isa = XCConfigurationList;
			buildConfigurations = (
				FA6C7A3329D8F6D0002267A5 /* Debug */,
				FA6C7A3429D8F6D0002267A5 /* Release */,
			);
			defaultConfigurationIsVisible = 0;
			defaultConfigurationName = Release;
		};
		FA714C3B2A088BFF003E2CA4 /* Build configuration list for PBXNativeTarget "CoolManagerTests" */ = {
			isa = XCConfigurationList;
			buildConfigurations = (
				FA714C3C2A088BFF003E2CA4 /* Debug */,
				FA714C3D2A088BFF003E2CA4 /* Release */,
			);
			defaultConfigurationIsVisible = 0;
			defaultConfigurationName = Release;
		};
/* End XCConfigurationList section */
	};
	rootObject = FA6C7A1629D8F6CD002267A5 /* Project object */;
}
