// !$*UTF8*$!
{
	archiveVersion = 1;
	classes = {
	};
	objectVersion = 56;
	objects = {

/* Begin PBXBuildFile section */
		FA157CE529E17CDB00A04E02 /* view1.xib in Resources */ = {isa = PBXBuildFile; fileRef = FA157CE429E17CDB00A04E02 /* view1.xib */; };
		FA157CE729E17E8E00A04E02 /* view2.xib in Resources */ = {isa = PBXBuildFile; fileRef = FA157CE629E17E8E00A04E02 /* view2.xib */; };
		FA157CE929E1873D00A04E02 /* view3.xib in Resources */ = {isa = PBXBuildFile; fileRef = FA157CE829E1873D00A04E02 /* view3.xib */; };
		FA157CEB29E1875800A04E02 /* view4.xib in Resources */ = {isa = PBXBuildFile; fileRef = FA157CEA29E1875800A04E02 /* view4.xib */; };
		FA157CED29E1876100A04E02 /* view5.xib in Resources */ = {isa = PBXBuildFile; fileRef = FA157CEC29E1876100A04E02 /* view5.xib */; };
		FA157CEF29E1876C00A04E02 /* view6.xib in Resources */ = {isa = PBXBuildFile; fileRef = FA157CEE29E1876C00A04E02 /* view6.xib */; };
		FA157CF129E1877600A04E02 /* view7.xib in Resources */ = {isa = PBXBuildFile; fileRef = FA157CF029E1877600A04E02 /* view7.xib */; };
		FA157CF529E213B900A04E02 /* view1.swift in Sources */ = {isa = PBXBuildFile; fileRef = FA157CF429E213B900A04E02 /* view1.swift */; };
		FA157CF729E213CE00A04E02 /* view2.swift in Sources */ = {isa = PBXBuildFile; fileRef = FA157CF629E213CE00A04E02 /* view2.swift */; };
		FA157CF929E4DDEC00A04E02 /* view3.swift in Sources */ = {isa = PBXBuildFile; fileRef = FA157CF829E4DDEC00A04E02 /* view3.swift */; };
		FA157CFB29E4DE1800A04E02 /* view4.swift in Sources */ = {isa = PBXBuildFile; fileRef = FA157CFA29E4DE1800A04E02 /* view4.swift */; };
		FA157CFD29E4DE2200A04E02 /* view5.swift in Sources */ = {isa = PBXBuildFile; fileRef = FA157CFC29E4DE2200A04E02 /* view5.swift */; };
		FA157CFF29E4DE2C00A04E02 /* view6.swift in Sources */ = {isa = PBXBuildFile; fileRef = FA157CFE29E4DE2C00A04E02 /* view6.swift */; };
		FA157D0129E4DE3700A04E02 /* view7.swift in Sources */ = {isa = PBXBuildFile; fileRef = FA157D0029E4DE3700A04E02 /* view7.swift */; };
		FA38FFE829FE669800BC21FA /* View3ViewController.swift in Sources */ = {isa = PBXBuildFile; fileRef = FA38FFDA29FE669800BC21FA /* View3ViewController.swift */; };
		FA38FFE929FE669800BC21FA /* View2ViewController.swift in Sources */ = {isa = PBXBuildFile; fileRef = FA38FFDB29FE669800BC21FA /* View2ViewController.swift */; };
		FA38FFEA29FE669800BC21FA /* View4ViewController.swift in Sources */ = {isa = PBXBuildFile; fileRef = FA38FFDC29FE669800BC21FA /* View4ViewController.swift */; };
		FA38FFEB29FE669800BC21FA /* View6ViewController.swift in Sources */ = {isa = PBXBuildFile; fileRef = FA38FFDD29FE669800BC21FA /* View6ViewController.swift */; };
		FA38FFEE29FE669800BC21FA /* View7ViewController.swift in Sources */ = {isa = PBXBuildFile; fileRef = FA38FFE029FE669800BC21FA /* View7ViewController.swift */; };
		FA38FFEF29FE669800BC21FA /* View1ViewController.swift in Sources */ = {isa = PBXBuildFile; fileRef = FA38FFE129FE669800BC21FA /* View1ViewController.swift */; };
		FA38FFF129FE669800BC21FA /* View5ViewController.swift in Sources */ = {isa = PBXBuildFile; fileRef = FA38FFE329FE669800BC21FA /* View5ViewController.swift */; };
		FA38FFF829FE670900BC21FA /* UIKit.framework in Frameworks */ = {isa = PBXBuildFile; fileRef = FA38FFF729FE670900BC21FA /* UIKit.framework */; };
		FA6C7A2229D8F6CD002267A5 /* AppDelegate.swift in Sources */ = {isa = PBXBuildFile; fileRef = FA6C7A2129D8F6CD002267A5 /* AppDelegate.swift */; };
		FA6C7A2429D8F6CD002267A5 /* SceneDelegate.swift in Sources */ = {isa = PBXBuildFile; fileRef = FA6C7A2329D8F6CD002267A5 /* SceneDelegate.swift */; };
		FA6C7A2629D8F6CD002267A5 /* ViewController.swift in Sources */ = {isa = PBXBuildFile; fileRef = FA6C7A2529D8F6CD002267A5 /* ViewController.swift */; };
		FA6C7A2929D8F6CD002267A5 /* Main.storyboard in Resources */ = {isa = PBXBuildFile; fileRef = FA6C7A2729D8F6CD002267A5 /* Main.storyboard */; };
		FA6C7A2B29D8F6D0002267A5 /* Assets.xcassets in Resources */ = {isa = PBXBuildFile; fileRef = FA6C7A2A29D8F6D0002267A5 /* Assets.xcassets */; };
		FA6C7A2E29D8F6D0002267A5 /* LaunchScreen.storyboard in Resources */ = {isa = PBXBuildFile; fileRef = FA6C7A2C29D8F6D0002267A5 /* LaunchScreen.storyboard */; };
/* End PBXBuildFile section */

/* Begin PBXFileReference section */
		FA157CE429E17CDB00A04E02 /* view1.xib */ = {isa = PBXFileReference; lastKnownFileType = file.xib; path = view1.xib; sourceTree = "<group>"; };
		FA157CE629E17E8E00A04E02 /* view2.xib */ = {isa = PBXFileReference; lastKnownFileType = file.xib; path = view2.xib; sourceTree = "<group>"; };
		FA157CE829E1873D00A04E02 /* view3.xib */ = {isa = PBXFileReference; lastKnownFileType = file.xib; path = view3.xib; sourceTree = "<group>"; };
		FA157CEA29E1875800A04E02 /* view4.xib */ = {isa = PBXFileReference; lastKnownFileType = file.xib; path = view4.xib; sourceTree = "<group>"; };
		FA157CEC29E1876100A04E02 /* view5.xib */ = {isa = PBXFileReference; lastKnownFileType = file.xib; path = view5.xib; sourceTree = "<group>"; };
		FA157CEE29E1876C00A04E02 /* view6.xib */ = {isa = PBXFileReference; lastKnownFileType = file.xib; path = view6.xib; sourceTree = "<group>"; };
		FA157CF029E1877600A04E02 /* view7.xib */ = {isa = PBXFileReference; lastKnownFileType = file.xib; path = view7.xib; sourceTree = "<group>"; };
		FA157CF429E213B900A04E02 /* view1.swift */ = {isa = PBXFileReference; lastKnownFileType = sourcecode.swift; path = view1.swift; sourceTree = "<group>"; };
		FA157CF629E213CE00A04E02 /* view2.swift */ = {isa = PBXFileReference; lastKnownFileType = sourcecode.swift; path = view2.swift; sourceTree = "<group>"; };
		FA157CF829E4DDEC00A04E02 /* view3.swift */ = {isa = PBXFileReference; lastKnownFileType = sourcecode.swift; path = view3.swift; sourceTree = "<group>"; };
		FA157CFA29E4DE1800A04E02 /* view4.swift */ = {isa = PBXFileReference; lastKnownFileType = sourcecode.swift; path = view4.swift; sourceTree = "<group>"; };
		FA157CFC29E4DE2200A04E02 /* view5.swift */ = {isa = PBXFileReference; lastKnownFileType = sourcecode.swift; path = view5.swift; sourceTree = "<group>"; };
		FA157CFE29E4DE2C00A04E02 /* view6.swift */ = {isa = PBXFileReference; lastKnownFileType = sourcecode.swift; path = view6.swift; sourceTree = "<group>"; };
		FA157D0029E4DE3700A04E02 /* view7.swift */ = {isa = PBXFileReference; lastKnownFileType = sourcecode.swift; path = view7.swift; sourceTree = "<group>"; };
		FA38FFDA29FE669800BC21FA /* View3ViewController.swift */ = {isa = PBXFileReference; fileEncoding = 4; lastKnownFileType = sourcecode.swift; path = View3ViewController.swift; sourceTree = "<group>"; };
		FA38FFDB29FE669800BC21FA /* View2ViewController.swift */ = {isa = PBXFileReference; fileEncoding = 4; lastKnownFileType = sourcecode.swift; path = View2ViewController.swift; sourceTree = "<group>"; };
		FA38FFDC29FE669800BC21FA /* View4ViewController.swift */ = {isa = PBXFileReference; fileEncoding = 4; lastKnownFileType = sourcecode.swift; path = View4ViewController.swift; sourceTree = "<group>"; };
		FA38FFDD29FE669800BC21FA /* View6ViewController.swift */ = {isa = PBXFileReference; fileEncoding = 4; lastKnownFileType = sourcecode.swift; path = View6ViewController.swift; sourceTree = "<group>"; };
		FA38FFE029FE669800BC21FA /* View7ViewController.swift */ = {isa = PBXFileReference; fileEncoding = 4; lastKnownFileType = sourcecode.swift; path = View7ViewController.swift; sourceTree = "<group>"; };
		FA38FFE129FE669800BC21FA /* View1ViewController.swift */ = {isa = PBXFileReference; fileEncoding = 4; lastKnownFileType = sourcecode.swift; path = View1ViewController.swift; sourceTree = "<group>"; };
		FA38FFE329FE669800BC21FA /* View5ViewController.swift */ = {isa = PBXFileReference; fileEncoding = 4; lastKnownFileType = sourcecode.swift; path = View5ViewController.swift; sourceTree = "<group>"; };
		FA38FFF729FE670900BC21FA /* UIKit.framework */ = {isa = PBXFileReference; lastKnownFileType = wrapper.framework; name = UIKit.framework; path = System/Library/Frameworks/UIKit.framework; sourceTree = SDKROOT; };
		FA6C7A1E29D8F6CD002267A5 /* CoolManager.app */ = {isa = PBXFileReference; explicitFileType = wrapper.application; includeInIndex = 0; path = CoolManager.app; sourceTree = BUILT_PRODUCTS_DIR; };
		FA6C7A2129D8F6CD002267A5 /* AppDelegate.swift */ = {isa = PBXFileReference; lastKnownFileType = sourcecode.swift; path = AppDelegate.swift; sourceTree = "<group>"; };
		FA6C7A2329D8F6CD002267A5 /* SceneDelegate.swift */ = {isa = PBXFileReference; lastKnownFileType = sourcecode.swift; path = SceneDelegate.swift; sourceTree = "<group>"; };
		FA6C7A2529D8F6CD002267A5 /* ViewController.swift */ = {isa = PBXFileReference; lastKnownFileType = sourcecode.swift; path = ViewController.swift; sourceTree = "<group>"; };
		FA6C7A2829D8F6CD002267A5 /* Base */ = {isa = PBXFileReference; lastKnownFileType = file.storyboard; name = Base; path = Base.lproj/Main.storyboard; sourceTree = "<group>"; };
		FA6C7A2A29D8F6D0002267A5 /* Assets.xcassets */ = {isa = PBXFileReference; lastKnownFileType = folder.assetcatalog; path = Assets.xcassets; sourceTree = "<group>"; };
		FA6C7A2D29D8F6D0002267A5 /* Base */ = {isa = PBXFileReference; lastKnownFileType = file.storyboard; name = Base; path = Base.lproj/LaunchScreen.storyboard; sourceTree = "<group>"; };
		FA6C7A2F29D8F6D0002267A5 /* Info.plist */ = {isa = PBXFileReference; lastKnownFileType = text.plist.xml; path = Info.plist; sourceTree = "<group>"; };
/* End PBXFileReference section */

/* Begin PBXFrameworksBuildPhase section */
		FA6C7A1B29D8F6CD002267A5 /* Frameworks */ = {
			isa = PBXFrameworksBuildPhase;
			buildActionMask = 2147483647;
			files = (
				FA38FFF829FE670900BC21FA /* UIKit.framework in Frameworks */,
			);
			runOnlyForDeploymentPostprocessing = 0;
		};
/* End PBXFrameworksBuildPhase section */

/* Begin PBXGroup section */
		FA157CE329E17C8E00A04E02 /* Views */ = {
			isa = PBXGroup;
			children = (
				FA157CE429E17CDB00A04E02 /* view1.xib */,
				FA157CE629E17E8E00A04E02 /* view2.xib */,
				FA157CE829E1873D00A04E02 /* view3.xib */,
				FA157CEA29E1875800A04E02 /* view4.xib */,
				FA157CEC29E1876100A04E02 /* view5.xib */,
				FA157CEE29E1876C00A04E02 /* view6.xib */,
				FA157CF029E1877600A04E02 /* view7.xib */,
				FA157CF429E213B900A04E02 /* view1.swift */,
				FA157CF629E213CE00A04E02 /* view2.swift */,
				FA157CF829E4DDEC00A04E02 /* view3.swift */,
				FA157CFA29E4DE1800A04E02 /* view4.swift */,
				FA157CFC29E4DE2200A04E02 /* view5.swift */,
				FA157CFE29E4DE2C00A04E02 /* view6.swift */,
				FA157D0029E4DE3700A04E02 /* view7.swift */,
			);
			path = Views;
			sourceTree = "<group>";
		};
		FA38FFCC29FE5DE500BC21FA /* ViewControllers */ = {
			isa = PBXGroup;
			children = (
				FA38FFE129FE669800BC21FA /* View1ViewController.swift */,
				FA38FFDB29FE669800BC21FA /* View2ViewController.swift */,
				FA38FFDA29FE669800BC21FA /* View3ViewController.swift */,
				FA38FFDC29FE669800BC21FA /* View4ViewController.swift */,
				FA38FFE329FE669800BC21FA /* View5ViewController.swift */,
				FA38FFDD29FE669800BC21FA /* View6ViewController.swift */,
				FA38FFE029FE669800BC21FA /* View7ViewController.swift */,
			);
			path = ViewControllers;
			sourceTree = "<group>";
		};
		FA38FFF629FE670900BC21FA /* Frameworks */ = {
			isa = PBXGroup;
			children = (
				FA38FFF729FE670900BC21FA /* UIKit.framework */,
			);
			name = Frameworks;
			sourceTree = "<group>";
		};
		FA6C7A1529D8F6CD002267A5 = {
			isa = PBXGroup;
			children = (
				FA6C7A2029D8F6CD002267A5 /* CoolManager */,
				FA6C7A1F29D8F6CD002267A5 /* Products */,
				FA38FFF629FE670900BC21FA /* Frameworks */,
			);
			sourceTree = "<group>";
		};
		FA6C7A1F29D8F6CD002267A5 /* Products */ = {
			isa = PBXGroup;
			children = (
				FA6C7A1E29D8F6CD002267A5 /* CoolManager.app */,
			);
			name = Products;
			sourceTree = "<group>";
		};
		FA6C7A2029D8F6CD002267A5 /* CoolManager */ = {
			isa = PBXGroup;
			children = (
				FA38FFCC29FE5DE500BC21FA /* ViewControllers */,
				FA157CE329E17C8E00A04E02 /* Views */,
				FA6C7A2129D8F6CD002267A5 /* AppDelegate.swift */,
				FA6C7A2329D8F6CD002267A5 /* SceneDelegate.swift */,
				FA6C7A2529D8F6CD002267A5 /* ViewController.swift */,
				FA6C7A2729D8F6CD002267A5 /* Main.storyboard */,
				FA6C7A2A29D8F6D0002267A5 /* Assets.xcassets */,
				FA6C7A2C29D8F6D0002267A5 /* LaunchScreen.storyboard */,
				FA6C7A2F29D8F6D0002267A5 /* Info.plist */,
			);
			path = CoolManager;
			sourceTree = "<group>";
		};
/* End PBXGroup section */

/* Begin PBXNativeTarget section */
		FA6C7A1D29D8F6CD002267A5 /* CoolManager */ = {
			isa = PBXNativeTarget;
			buildConfigurationList = FA6C7A3229D8F6D0002267A5 /* Build configuration list for PBXNativeTarget "CoolManager" */;
			buildPhases = (
				FA6C7A1A29D8F6CD002267A5 /* Sources */,
				FA6C7A1B29D8F6CD002267A5 /* Frameworks */,
				FA6C7A1C29D8F6CD002267A5 /* Resources */,
				FA38FFD929FE602900BC21FA /* ShellScript */,
			);
			buildRules = (
			);
			dependencies = (
			);
			name = CoolManager;
			productName = CoolManager;
			productReference = FA6C7A1E29D8F6CD002267A5 /* CoolManager.app */;
			productType = "com.apple.product-type.application";
		};
/* End PBXNativeTarget section */

/* Begin PBXProject section */
		FA6C7A1629D8F6CD002267A5 /* Project object */ = {
			isa = PBXProject;
			attributes = {
				BuildIndependentTargetsInParallel = 1;
				LastSwiftUpdateCheck = 1420;
				LastUpgradeCheck = 1420;
				TargetAttributes = {
					FA6C7A1D29D8F6CD002267A5 = {
						CreatedOnToolsVersion = 14.2;
					};
				};
			};
			buildConfigurationList = FA6C7A1929D8F6CD002267A5 /* Build configuration list for PBXProject "CoolManager" */;
			compatibilityVersion = "Xcode 14.0";
			developmentRegion = en;
			hasScannedForEncodings = 0;
			knownRegions = (
				en,
				Base,
			);
			mainGroup = FA6C7A1529D8F6CD002267A5;
			productRefGroup = FA6C7A1F29D8F6CD002267A5 /* Products */;
			projectDirPath = "";
			projectRoot = "";
			targets = (
				FA6C7A1D29D8F6CD002267A5 /* CoolManager */,
			);
		};
/* End PBXProject section */

/* Begin PBXResourcesBuildPhase section */
		FA6C7A1C29D8F6CD002267A5 /* Resources */ = {
			isa = PBXResourcesBuildPhase;
			buildActionMask = 2147483647;
			files = (
				FA6C7A2E29D8F6D0002267A5 /* LaunchScreen.storyboard in Resources */,
				FA157CE729E17E8E00A04E02 /* view2.xib in Resources */,
				FA157CED29E1876100A04E02 /* view5.xib in Resources */,
				FA6C7A2B29D8F6D0002267A5 /* Assets.xcassets in Resources */,
				FA157CEF29E1876C00A04E02 /* view6.xib in Resources */,
				FA157CE529E17CDB00A04E02 /* view1.xib in Resources */,
				FA157CF129E1877600A04E02 /* view7.xib in Resources */,
				FA157CE929E1873D00A04E02 /* view3.xib in Resources */,
				FA6C7A2929D8F6CD002267A5 /* Main.storyboard in Resources */,
				FA157CEB29E1875800A04E02 /* view4.xib in Resources */,
			);
			runOnlyForDeploymentPostprocessing = 0;
		};
/* End PBXResourcesBuildPhase section */

/* Begin PBXShellScriptBuildPhase section */
		FA38FFD929FE602900BC21FA /* ShellScript */ = {
			isa = PBXShellScriptBuildPhase;
			buildActionMask = 2147483647;
			files = (
			);
			inputFileListPaths = (
			);
			inputPaths = (
			);
			outputFileListPaths = (
			);
			outputPaths = (
			);
			runOnlyForDeploymentPostprocessing = 0;
			shellPath = /bin/sh;
			shellScript = "# Type a script or drag a script file from your workspace to insert its path.\n\n";
		};
/* End PBXShellScriptBuildPhase section */

/* Begin PBXSourcesBuildPhase section */
		FA6C7A1A29D8F6CD002267A5 /* Sources */ = {
			isa = PBXSourcesBuildPhase;
			buildActionMask = 2147483647;
			files = (
				FA157CF729E213CE00A04E02 /* view2.swift in Sources */,
				FA38FFEE29FE669800BC21FA /* View7ViewController.swift in Sources */,
				FA6C7A2629D8F6CD002267A5 /* ViewController.swift in Sources */,
				FA38FFEB29FE669800BC21FA /* View6ViewController.swift in Sources */,
				FA157CF929E4DDEC00A04E02 /* view3.swift in Sources */,
				FA6C7A2229D8F6CD002267A5 /* AppDelegate.swift in Sources */,
				FA38FFE929FE669800BC21FA /* View2ViewController.swift in Sources */,
				FA157D0129E4DE3700A04E02 /* view7.swift in Sources */,
				FA157CF529E213B900A04E02 /* view1.swift in Sources */,
				FA157CFB29E4DE1800A04E02 /* view4.swift in Sources */,
				FA157CFD29E4DE2200A04E02 /* view5.swift in Sources */,
				FA157CFF29E4DE2C00A04E02 /* view6.swift in Sources */,
				FA38FFF129FE669800BC21FA /* View5ViewController.swift in Sources */,
				FA38FFE829FE669800BC21FA /* View3ViewController.swift in Sources */,
				FA6C7A2429D8F6CD002267A5 /* SceneDelegate.swift in Sources */,
				FA38FFEA29FE669800BC21FA /* View4ViewController.swift in Sources */,
				FA38FFEF29FE669800BC21FA /* View1ViewController.swift in Sources */,
			);
			runOnlyForDeploymentPostprocessing = 0;
		};
/* End PBXSourcesBuildPhase section */

/* Begin PBXVariantGroup section */
		FA6C7A2729D8F6CD002267A5 /* Main.storyboard */ = {
			isa = PBXVariantGroup;
			children = (
				FA6C7A2829D8F6CD002267A5 /* Base */,
			);
			name = Main.storyboard;
			sourceTree = "<group>";
		};
		FA6C7A2C29D8F6D0002267A5 /* LaunchScreen.storyboard */ = {
			isa = PBXVariantGroup;
			children = (
				FA6C7A2D29D8F6D0002267A5 /* Base */,
			);
			name = LaunchScreen.storyboard;
			sourceTree = "<group>";
		};
/* End PBXVariantGroup section */

/* Begin XCBuildConfiguration section */
		FA6C7A3029D8F6D0002267A5 /* Debug */ = {
			isa = XCBuildConfiguration;
			buildSettings = {
				ALWAYS_SEARCH_USER_PATHS = NO;
				CLANG_ANALYZER_NONNULL = YES;
				CLANG_ANALYZER_NUMBER_OBJECT_CONVERSION = YES_AGGRESSIVE;
				CLANG_CXX_LANGUAGE_STANDARD = "gnu++20";
				CLANG_ENABLE_MODULES = YES;
				CLANG_ENABLE_OBJC_ARC = YES;
				CLANG_ENABLE_OBJC_WEAK = YES;
				CLANG_WARN_BLOCK_CAPTURE_AUTORELEASING = YES;
				CLANG_WARN_BOOL_CONVERSION = YES;
				CLANG_WARN_COMMA = YES;
				CLANG_WARN_CONSTANT_CONVERSION = YES;
				CLANG_WARN_DEPRECATED_OBJC_IMPLEMENTATIONS = YES;
				CLANG_WARN_DIRECT_OBJC_ISA_USAGE = YES_ERROR;
				CLANG_WARN_DOCUMENTATION_COMMENTS = YES;
				CLANG_WARN_EMPTY_BODY = YES;
				CLANG_WARN_ENUM_CONVERSION = YES;
				CLANG_WARN_INFINITE_RECURSION = YES;
				CLANG_WARN_INT_CONVERSION = YES;
				CLANG_WARN_NON_LITERAL_NULL_CONVERSION = YES;
				CLANG_WARN_OBJC_IMPLICIT_RETAIN_SELF = YES;
				CLANG_WARN_OBJC_LITERAL_CONVERSION = YES;
				CLANG_WARN_OBJC_ROOT_CLASS = YES_ERROR;
				CLANG_WARN_QUOTED_INCLUDE_IN_FRAMEWORK_HEADER = YES;
				CLANG_WARN_RANGE_LOOP_ANALYSIS = YES;
				CLANG_WARN_STRICT_PROTOTYPES = YES;
				CLANG_WARN_SUSPICIOUS_MOVE = YES;
				CLANG_WARN_UNGUARDED_AVAILABILITY = YES_AGGRESSIVE;
				CLANG_WARN_UNREACHABLE_CODE = YES;
				CLANG_WARN__DUPLICATE_METHOD_MATCH = YES;
				COPY_PHASE_STRIP = NO;
				DEBUG_INFORMATION_FORMAT = dwarf;
				ENABLE_STRICT_OBJC_MSGSEND = YES;
				ENABLE_TESTABILITY = YES;
				GCC_C_LANGUAGE_STANDARD = gnu11;
				GCC_DYNAMIC_NO_PIC = NO;
				GCC_NO_COMMON_BLOCKS = YES;
				GCC_OPTIMIZATION_LEVEL = 0;
				GCC_PREPROCESSOR_DEFINITIONS = (
					"DEBUG=1",
					"$(inherited)",
				);
				GCC_WARN_64_TO_32_BIT_CONVERSION = YES;
				GCC_WARN_ABOUT_RETURN_TYPE = YES_ERROR;
				GCC_WARN_UNDECLARED_SELECTOR = YES;
				GCC_WARN_UNINITIALIZED_AUTOS = YES_AGGRESSIVE;
				GCC_WARN_UNUSED_FUNCTION = YES;
				GCC_WARN_UNUSED_VARIABLE = YES;
				IPHONEOS_DEPLOYMENT_TARGET = 16.2;
				MTL_ENABLE_DEBUG_INFO = INCLUDE_SOURCE;
				MTL_FAST_MATH = YES;
				ONLY_ACTIVE_ARCH = YES;
				SDKROOT = iphoneos;
				SWIFT_ACTIVE_COMPILATION_CONDITIONS = DEBUG;
				SWIFT_OPTIMIZATION_LEVEL = "-Onone";
			};
			name = Debug;
		};
		FA6C7A3129D8F6D0002267A5 /* Release */ = {
			isa = XCBuildConfiguration;
			buildSettings = {
				ALWAYS_SEARCH_USER_PATHS = NO;
				CLANG_ANALYZER_NONNULL = YES;
				CLANG_ANALYZER_NUMBER_OBJECT_CONVERSION = YES_AGGRESSIVE;
				CLANG_CXX_LANGUAGE_STANDARD = "gnu++20";
				CLANG_ENABLE_MODULES = YES;
				CLANG_ENABLE_OBJC_ARC = YES;
				CLANG_ENABLE_OBJC_WEAK = YES;
				CLANG_WARN_BLOCK_CAPTURE_AUTORELEASING = YES;
				CLANG_WARN_BOOL_CONVERSION = YES;
				CLANG_WARN_COMMA = YES;
				CLANG_WARN_CONSTANT_CONVERSION = YES;
				CLANG_WARN_DEPRECATED_OBJC_IMPLEMENTATIONS = YES;
				CLANG_WARN_DIRECT_OBJC_ISA_USAGE = YES_ERROR;
				CLANG_WARN_DOCUMENTATION_COMMENTS = YES;
				CLANG_WARN_EMPTY_BODY = YES;
				CLANG_WARN_ENUM_CONVERSION = YES;
				CLANG_WARN_INFINITE_RECURSION = YES;
				CLANG_WARN_INT_CONVERSION = YES;
				CLANG_WARN_NON_LITERAL_NULL_CONVERSION = YES;
				CLANG_WARN_OBJC_IMPLICIT_RETAIN_SELF = YES;
				CLANG_WARN_OBJC_LITERAL_CONVERSION = YES;
				CLANG_WARN_OBJC_ROOT_CLASS = YES_ERROR;
				CLANG_WARN_QUOTED_INCLUDE_IN_FRAMEWORK_HEADER = YES;
				CLANG_WARN_RANGE_LOOP_ANALYSIS = YES;
				CLANG_WARN_STRICT_PROTOTYPES = YES;
				CLANG_WARN_SUSPICIOUS_MOVE = YES;
				CLANG_WARN_UNGUARDED_AVAILABILITY = YES_AGGRESSIVE;
				CLANG_WARN_UNREACHABLE_CODE = YES;
				CLANG_WARN__DUPLICATE_METHOD_MATCH = YES;
				COPY_PHASE_STRIP = NO;
				DEBUG_INFORMATION_FORMAT = "dwarf-with-dsym";
				ENABLE_NS_ASSERTIONS = NO;
				ENABLE_STRICT_OBJC_MSGSEND = YES;
				GCC_C_LANGUAGE_STANDARD = gnu11;
				GCC_NO_COMMON_BLOCKS = YES;
				GCC_WARN_64_TO_32_BIT_CONVERSION = YES;
				GCC_WARN_ABOUT_RETURN_TYPE = YES_ERROR;
				GCC_WARN_UNDECLARED_SELECTOR = YES;
				GCC_WARN_UNINITIALIZED_AUTOS = YES_AGGRESSIVE;
				GCC_WARN_UNUSED_FUNCTION = YES;
				GCC_WARN_UNUSED_VARIABLE = YES;
				IPHONEOS_DEPLOYMENT_TARGET = 16.2;
				MTL_ENABLE_DEBUG_INFO = NO;
				MTL_FAST_MATH = YES;
				SDKROOT = iphoneos;
				SWIFT_COMPILATION_MODE = wholemodule;
				SWIFT_OPTIMIZATION_LEVEL = "-O";
				VALIDATE_PRODUCT = YES;
			};
			name = Release;
		};
		FA6C7A3329D8F6D0002267A5 /* Debug */ = {
			isa = XCBuildConfiguration;
			buildSettings = {
				ASSETCATALOG_COMPILER_APPICON_NAME = AppIcon;
				ASSETCATALOG_COMPILER_GLOBAL_ACCENT_COLOR_NAME = AccentColor;
				CODE_SIGN_STYLE = Automatic;
				CURRENT_PROJECT_VERSION = 1;
				DEVELOPMENT_TEAM = 66759VY892;
				GENERATE_INFOPLIST_FILE = YES;
				INFOPLIST_FILE = CoolManager/Info.plist;
				INFOPLIST_KEY_UIApplicationSupportsIndirectInputEvents = YES;
				INFOPLIST_KEY_UILaunchStoryboardName = LaunchScreen;
				INFOPLIST_KEY_UIMainStoryboardFile = Main;
				INFOPLIST_KEY_UIStatusBarStyle = "";
				INFOPLIST_KEY_UISupportedInterfaceOrientations = UIInterfaceOrientationLandscapeLeft;
				LD_RUNPATH_SEARCH_PATHS = (
					"$(inherited)",
					"@executable_path/Frameworks",
				);
				MARKETING_VERSION = 1.0;
				PRODUCT_BUNDLE_IDENTIFIER = example.CoolManager;
				PRODUCT_NAME = "$(TARGET_NAME)";
				SWIFT_EMIT_LOC_STRINGS = YES;
				SWIFT_VERSION = 5.0;
				TARGETED_DEVICE_FAMILY = "1,2";
			};
			name = Debug;
		};
		FA6C7A3429D8F6D0002267A5 /* Release */ = {
			isa = XCBuildConfiguration;
			buildSettings = {
				ASSETCATALOG_COMPILER_APPICON_NAME = AppIcon;
				ASSETCATALOG_COMPILER_GLOBAL_ACCENT_COLOR_NAME = AccentColor;
				CODE_SIGN_STYLE = Automatic;
				CURRENT_PROJECT_VERSION = 1;
				DEVELOPMENT_TEAM = 66759VY892;
				GENERATE_INFOPLIST_FILE = YES;
				INFOPLIST_FILE = CoolManager/Info.plist;
				INFOPLIST_KEY_UIApplicationSupportsIndirectInputEvents = YES;
				INFOPLIST_KEY_UILaunchStoryboardName = LaunchScreen;
				INFOPLIST_KEY_UIMainStoryboardFile = Main;
				INFOPLIST_KEY_UIStatusBarStyle = "";
				INFOPLIST_KEY_UISupportedInterfaceOrientations = UIInterfaceOrientationLandscapeLeft;
				LD_RUNPATH_SEARCH_PATHS = (
					"$(inherited)",
					"@executable_path/Frameworks",
				);
				MARKETING_VERSION = 1.0;
				PRODUCT_BUNDLE_IDENTIFIER = example.CoolManager;
				PRODUCT_NAME = "$(TARGET_NAME)";
				SWIFT_EMIT_LOC_STRINGS = YES;
				SWIFT_VERSION = 5.0;
				TARGETED_DEVICE_FAMILY = "1,2";
			};
			name = Release;
		};
/* End XCBuildConfiguration section */

/* Begin XCConfigurationList section */
		FA6C7A1929D8F6CD002267A5 /* Build configuration list for PBXProject "CoolManager" */ = {
			isa = XCConfigurationList;
			buildConfigurations = (
				FA6C7A3029D8F6D0002267A5 /* Debug */,
				FA6C7A3129D8F6D0002267A5 /* Release */,
			);
			defaultConfigurationIsVisible = 0;
			defaultConfigurationName = Release;
		};
		FA6C7A3229D8F6D0002267A5 /* Build configuration list for PBXNativeTarget "CoolManager" */ = {
			isa = XCConfigurationList;
			buildConfigurations = (
				FA6C7A3329D8F6D0002267A5 /* Debug */,
				FA6C7A3429D8F6D0002267A5 /* Release */,
			);
			defaultConfigurationIsVisible = 0;
			defaultConfigurationName = Release;
		};
/* End XCConfigurationList section */
	};
	rootObject = FA6C7A1629D8F6CD002267A5 /* Project object */;
}
