// !$*UTF8*$!
{
	archiveVersion = 1;
	classes = {
	};
	objectVersion = 56;
	objects = {

/* Begin PBXBuildFile section */
		FA2706832A2954D100EB2DAE /* RefrigeratorTests.swift in Sources */ = {isa = PBXBuildFile; fileRef = FA2706822A2954D100EB2DAE /* RefrigeratorTests.swift */; };
		FA2706862A295B8200EB2DAE /* TemperatureController.swift in Sources */ = {isa = PBXBuildFile; fileRef = FA2706852A295B8200EB2DAE /* TemperatureController.swift */; };
		FA2706872A295B8200EB2DAE /* TemperatureController.swift in Sources */ = {isa = PBXBuildFile; fileRef = FA2706852A295B8200EB2DAE /* TemperatureController.swift */; };
		FA382EB62A19A2320047D033 /* EcoState.swift in Sources */ = {isa = PBXBuildFile; fileRef = FAB54C0B2A0DBFDD00E14E1E /* EcoState.swift */; };
		FA382EB72A19A23E0047D033 /* Compressor.swift in Sources */ = {isa = PBXBuildFile; fileRef = FAB54C2A2A0DC03200E14E1E /* Compressor.swift */; };
		FA382EB82A19A23E0047D033 /* Resistance.swift in Sources */ = {isa = PBXBuildFile; fileRef = FAB54C2E2A0DC03200E14E1E /* Resistance.swift */; };
		FA382EB92A19A23E0047D033 /* Refrigerator.swift in Sources */ = {isa = PBXBuildFile; fileRef = FA714C1F2A086C0D003E2CA4 /* Refrigerator.swift */; };
		FA382EBA2A19A23E0047D033 /* Temperature.swift in Sources */ = {isa = PBXBuildFile; fileRef = FA714C212A0870A2003E2CA4 /* Temperature.swift */; };
		FA382EBB2A19A23E0047D033 /* TemperatureRule.swift in Sources */ = {isa = PBXBuildFile; fileRef = FA714C232A087882003E2CA4 /* TemperatureRule.swift */; };
		FA382EBC2A19A23E0047D033 /* TemperatureStatus.swift in Sources */ = {isa = PBXBuildFile; fileRef = FA714C262A088089003E2CA4 /* TemperatureStatus.swift */; };
		FA382EBD2A19A23E0047D033 /* TemperatureUnit.swift in Sources */ = {isa = PBXBuildFile; fileRef = FA714C282A088369003E2CA4 /* TemperatureUnit.swift */; };
		FA382EBF2A19A2850047D033 /* NormalState.swift in Sources */ = {isa = PBXBuildFile; fileRef = FAB54C062A0DBFDD00E14E1E /* NormalState.swift */; };
		FA382EC02A19A2860047D033 /* NightModeState.swift in Sources */ = {isa = PBXBuildFile; fileRef = FAB54C072A0DBFDD00E14E1E /* NightModeState.swift */; };
		FA382EC12A19A2860047D033 /* SmartModeState.swift in Sources */ = {isa = PBXBuildFile; fileRef = FAB54C082A0DBFDD00E14E1E /* SmartModeState.swift */; };
		FA382EC22A19A2860047D033 /* LowPowerState.swift in Sources */ = {isa = PBXBuildFile; fileRef = FAB54C092A0DBFDD00E14E1E /* LowPowerState.swift */; };
		FA382EC32A19A2860047D033 /* TurboState.swift in Sources */ = {isa = PBXBuildFile; fileRef = FAB54C0A2A0DBFDD00E14E1E /* TurboState.swift */; };
		FA382EC42A19A2860047D033 /* StandbyState.swift in Sources */ = {isa = PBXBuildFile; fileRef = FAB54C0C2A0DBFDD00E14E1E /* StandbyState.swift */; };
		FA382EC52A19A2860047D033 /* HolidayModeState.swift in Sources */ = {isa = PBXBuildFile; fileRef = FAB54C0D2A0DBFDD00E14E1E /* HolidayModeState.swift */; };
		FA382EC62A19A2860047D033 /* StorageState.swift in Sources */ = {isa = PBXBuildFile; fileRef = FAB54C0E2A0DBFDD00E14E1E /* StorageState.swift */; };
		FA382EC72A19A2860047D033 /* ChildLockState.swift in Sources */ = {isa = PBXBuildFile; fileRef = FAB54C0F2A0DBFDD00E14E1E /* ChildLockState.swift */; };
		FA382EC82A19A2860047D033 /* FreshProduceState.swift in Sources */ = {isa = PBXBuildFile; fileRef = FAB54C102A0DBFDD00E14E1E /* FreshProduceState.swift */; };
		FA382EC92A19A2860047D033 /* QuickCoolingState.swift in Sources */ = {isa = PBXBuildFile; fileRef = FAB54C112A0DBFDD00E14E1E /* QuickCoolingState.swift */; };
		FA382ECA2A19A2860047D033 /* MaintenanceModeState.swift in Sources */ = {isa = PBXBuildFile; fileRef = FAB54C122A0DBFDD00E14E1E /* MaintenanceModeState.swift */; };
		FA382ECB2A19A2860047D033 /* EnergySaverState.swift in Sources */ = {isa = PBXBuildFile; fileRef = FAB54C132A0DBFDD00E14E1E /* EnergySaverState.swift */; };
		FA382ECC2A19A2860047D033 /* DefrostState.swift in Sources */ = {isa = PBXBuildFile; fileRef = FAB54C142A0DBFDD00E14E1E /* DefrostState.swift */; };
		FA382ECD2A19A2860047D033 /* PartyState.swift in Sources */ = {isa = PBXBuildFile; fileRef = FAB54C152A0DBFDD00E14E1E /* PartyState.swift */; };
		FA382ECE2A19A2860047D033 /* RefrigeratorState.swift in Sources */ = {isa = PBXBuildFile; fileRef = FAB54C162A0DBFDD00E14E1E /* RefrigeratorState.swift */; };
		FA382ECF2A19A2860047D033 /* FreezingState.swift in Sources */ = {isa = PBXBuildFile; fileRef = FAB54C172A0DBFDD00E14E1E /* FreezingState.swift */; };
		FA382ED02A19A2930047D033 /* Door.swift in Sources */ = {isa = PBXBuildFile; fileRef = FAB54C2B2A0DC03200E14E1E /* Door.swift */; };
		FA382ED12A19A2930047D033 /* Fan.swift in Sources */ = {isa = PBXBuildFile; fileRef = FAB54C2D2A0DC03200E14E1E /* Fan.swift */; };
		FA382ED22A19A2930047D033 /* Light.swift in Sources */ = {isa = PBXBuildFile; fileRef = FAB54C2C2A0DC03200E14E1E /* Light.swift */; };
		FA382ED52A19E1C30047D033 /* RefrigeratorFactory.swift in Sources */ = {isa = PBXBuildFile; fileRef = FA382ED42A19E1C30047D033 /* RefrigeratorFactory.swift */; };
		FA382ED62A19E1C30047D033 /* RefrigeratorFactory.swift in Sources */ = {isa = PBXBuildFile; fileRef = FA382ED42A19E1C30047D033 /* RefrigeratorFactory.swift */; };
		FA382ED82A19E2710047D033 /* NormalRefrigeratorFactory.swift in Sources */ = {isa = PBXBuildFile; fileRef = FA382ED72A19E2710047D033 /* NormalRefrigeratorFactory.swift */; };
		FA382ED92A19E2710047D033 /* NormalRefrigeratorFactory.swift in Sources */ = {isa = PBXBuildFile; fileRef = FA382ED72A19E2710047D033 /* NormalRefrigeratorFactory.swift */; };
		FA382EDC2A1A79060047D033 /* DefrostingRefrigeratorFactory.swift in Sources */ = {isa = PBXBuildFile; fileRef = FA382EDB2A1A79060047D033 /* DefrostingRefrigeratorFactory.swift */; };
		FA382EDD2A1A79060047D033 /* DefrostingRefrigeratorFactory.swift in Sources */ = {isa = PBXBuildFile; fileRef = FA382EDB2A1A79060047D033 /* DefrostingRefrigeratorFactory.swift */; };
		FA382EDF2A1F3CC80047D033 /* FanProtocol.swift in Sources */ = {isa = PBXBuildFile; fileRef = FA382EDE2A1F3CC80047D033 /* FanProtocol.swift */; };
		FA382EE02A1F3CC80047D033 /* FanProtocol.swift in Sources */ = {isa = PBXBuildFile; fileRef = FA382EDE2A1F3CC80047D033 /* FanProtocol.swift */; };
		FA382EE22A1F3CE20047D033 /* ResistanceProtocol.swift in Sources */ = {isa = PBXBuildFile; fileRef = FA382EE12A1F3CE20047D033 /* ResistanceProtocol.swift */; };
		FA382EE32A1F3CE20047D033 /* ResistanceProtocol.swift in Sources */ = {isa = PBXBuildFile; fileRef = FA382EE12A1F3CE20047D033 /* ResistanceProtocol.swift */; };
		FA382EE52A1F3CFC0047D033 /* LightProtocol.swift in Sources */ = {isa = PBXBuildFile; fileRef = FA382EE42A1F3CFC0047D033 /* LightProtocol.swift */; };
		FA382EE62A1F3CFC0047D033 /* LightProtocol.swift in Sources */ = {isa = PBXBuildFile; fileRef = FA382EE42A1F3CFC0047D033 /* LightProtocol.swift */; };
		FA382EE82A1F3D160047D033 /* CompressorProtocol.swift in Sources */ = {isa = PBXBuildFile; fileRef = FA382EE72A1F3D160047D033 /* CompressorProtocol.swift */; };
		FA382EE92A1F3D160047D033 /* CompressorProtocol.swift in Sources */ = {isa = PBXBuildFile; fileRef = FA382EE72A1F3D160047D033 /* CompressorProtocol.swift */; };
		FA382EEB2A1F3D2D0047D033 /* DoorProtocol.swift in Sources */ = {isa = PBXBuildFile; fileRef = FA382EEA2A1F3D2D0047D033 /* DoorProtocol.swift */; };
		FA382EEC2A1F3D2D0047D033 /* DoorProtocol.swift in Sources */ = {isa = PBXBuildFile; fileRef = FA382EEA2A1F3D2D0047D033 /* DoorProtocol.swift */; };
		FA382EEE2A1F3D4E0047D033 /* RefrigeratorComponent.swift in Sources */ = {isa = PBXBuildFile; fileRef = FA382EED2A1F3D4E0047D033 /* RefrigeratorComponent.swift */; };
		FA382EEF2A1F3D4E0047D033 /* RefrigeratorComponent.swift in Sources */ = {isa = PBXBuildFile; fileRef = FA382EED2A1F3D4E0047D033 /* RefrigeratorComponent.swift */; };
		FA382EF22A1FB34B0047D033 /* Update.swift in Sources */ = {isa = PBXBuildFile; fileRef = FA382EF12A1FB34B0047D033 /* Update.swift */; };
		FA382EF32A1FB34B0047D033 /* Update.swift in Sources */ = {isa = PBXBuildFile; fileRef = FA382EF12A1FB34B0047D033 /* Update.swift */; };
		FA382EF52A1FB3660047D033 /* SetPoint.swift in Sources */ = {isa = PBXBuildFile; fileRef = FA382EF42A1FB3660047D033 /* SetPoint.swift */; };
		FA382EF62A1FB3660047D033 /* SetPoint.swift in Sources */ = {isa = PBXBuildFile; fileRef = FA382EF42A1FB3660047D033 /* SetPoint.swift */; };
		FA382EF82A20F20E0047D033 /* DoorOpenedRefrigeratorFactory.swift in Sources */ = {isa = PBXBuildFile; fileRef = FA382EF72A20F20E0047D033 /* DoorOpenedRefrigeratorFactory.swift */; };
		FA382EF92A20F20E0047D033 /* DoorOpenedRefrigeratorFactory.swift in Sources */ = {isa = PBXBuildFile; fileRef = FA382EF72A20F20E0047D033 /* DoorOpenedRefrigeratorFactory.swift */; };
		FA382EFB2A20FE060047D033 /* CorruptTemperaturesRefrigeratorFactory.swift in Sources */ = {isa = PBXBuildFile; fileRef = FA382EFA2A20FE060047D033 /* CorruptTemperaturesRefrigeratorFactory.swift */; };
		FA382EFC2A20FE060047D033 /* CorruptTemperaturesRefrigeratorFactory.swift in Sources */ = {isa = PBXBuildFile; fileRef = FA382EFA2A20FE060047D033 /* CorruptTemperaturesRefrigeratorFactory.swift */; };
		FA382F022A253F320047D033 /* User.swift in Sources */ = {isa = PBXBuildFile; fileRef = FA382F012A253F320047D033 /* User.swift */; };
		FA382F032A253F320047D033 /* User.swift in Sources */ = {isa = PBXBuildFile; fileRef = FA382F012A253F320047D033 /* User.swift */; };
		FA382F052A253F3E0047D033 /* CoolManager.swift in Sources */ = {isa = PBXBuildFile; fileRef = FA382F042A253F3E0047D033 /* CoolManager.swift */; };
		FA382F062A253F3E0047D033 /* CoolManager.swift in Sources */ = {isa = PBXBuildFile; fileRef = FA382F042A253F3E0047D033 /* CoolManager.swift */; };
		FA38FFE829FE669800BC21FA /* View3ViewController.swift in Sources */ = {isa = PBXBuildFile; fileRef = FA38FFDA29FE669800BC21FA /* View3ViewController.swift */; };
		FA38FFE929FE669800BC21FA /* View2ViewController.swift in Sources */ = {isa = PBXBuildFile; fileRef = FA38FFDB29FE669800BC21FA /* View2ViewController.swift */; };
		FA38FFEA29FE669800BC21FA /* View4ViewController.swift in Sources */ = {isa = PBXBuildFile; fileRef = FA38FFDC29FE669800BC21FA /* View4ViewController.swift */; };
		FA38FFEB29FE669800BC21FA /* View6ViewController.swift in Sources */ = {isa = PBXBuildFile; fileRef = FA38FFDD29FE669800BC21FA /* View6ViewController.swift */; };
		FA38FFEE29FE669800BC21FA /* View7ViewController.swift in Sources */ = {isa = PBXBuildFile; fileRef = FA38FFE029FE669800BC21FA /* View7ViewController.swift */; };
		FA38FFEF29FE669800BC21FA /* View1ViewController.swift in Sources */ = {isa = PBXBuildFile; fileRef = FA38FFE129FE669800BC21FA /* View1ViewController.swift */; };
		FA38FFF129FE669800BC21FA /* View5ViewController.swift in Sources */ = {isa = PBXBuildFile; fileRef = FA38FFE329FE669800BC21FA /* View5ViewController.swift */; };
		FA38FFF829FE670900BC21FA /* UIKit.framework in Frameworks */ = {isa = PBXBuildFile; fileRef = FA38FFF729FE670900BC21FA /* UIKit.framework */; };
		FA6C7A2229D8F6CD002267A5 /* AppDelegate.swift in Sources */ = {isa = PBXBuildFile; fileRef = FA6C7A2129D8F6CD002267A5 /* AppDelegate.swift */; };
		FA6C7A2429D8F6CD002267A5 /* SceneDelegate.swift in Sources */ = {isa = PBXBuildFile; fileRef = FA6C7A2329D8F6CD002267A5 /* SceneDelegate.swift */; };
		FA6C7A2629D8F6CD002267A5 /* ViewController.swift in Sources */ = {isa = PBXBuildFile; fileRef = FA6C7A2529D8F6CD002267A5 /* ViewController.swift */; };
		FA6C7A2929D8F6CD002267A5 /* Main.storyboard in Resources */ = {isa = PBXBuildFile; fileRef = FA6C7A2729D8F6CD002267A5 /* Main.storyboard */; };
		FA6C7A2B29D8F6D0002267A5 /* Assets.xcassets in Resources */ = {isa = PBXBuildFile; fileRef = FA6C7A2A29D8F6D0002267A5 /* Assets.xcassets */; };
		FA6C7A2E29D8F6D0002267A5 /* LaunchScreen.storyboard in Resources */ = {isa = PBXBuildFile; fileRef = FA6C7A2C29D8F6D0002267A5 /* LaunchScreen.storyboard */; };
		FA714C202A086C0D003E2CA4 /* Refrigerator.swift in Sources */ = {isa = PBXBuildFile; fileRef = FA714C1F2A086C0D003E2CA4 /* Refrigerator.swift */; };
		FA714C222A0870A2003E2CA4 /* Temperature.swift in Sources */ = {isa = PBXBuildFile; fileRef = FA714C212A0870A2003E2CA4 /* Temperature.swift */; };
		FA714C242A087882003E2CA4 /* TemperatureRule.swift in Sources */ = {isa = PBXBuildFile; fileRef = FA714C232A087882003E2CA4 /* TemperatureRule.swift */; };
		FA714C272A088089003E2CA4 /* TemperatureStatus.swift in Sources */ = {isa = PBXBuildFile; fileRef = FA714C262A088089003E2CA4 /* TemperatureStatus.swift */; };
		FA714C292A088369003E2CA4 /* TemperatureUnit.swift in Sources */ = {isa = PBXBuildFile; fileRef = FA714C282A088369003E2CA4 /* TemperatureUnit.swift */; };
		FA714C382A088BFF003E2CA4 /* CoolManagerTests.swift in Sources */ = {isa = PBXBuildFile; fileRef = FA714C372A088BFF003E2CA4 /* CoolManagerTests.swift */; };
		FA714C3E2A088C11003E2CA4 /* TemperatureRulesTests.swift in Sources */ = {isa = PBXBuildFile; fileRef = FA714C2F2A088BD9003E2CA4 /* TemperatureRulesTests.swift */; };
		FA714C412A088CC8003E2CA4 /* temperature_rules.txt in Resources */ = {isa = PBXBuildFile; fileRef = FA714C402A088CC8003E2CA4 /* temperature_rules.txt */; };
		FAB54C182A0DBFDD00E14E1E /* NormalState.swift in Sources */ = {isa = PBXBuildFile; fileRef = FAB54C062A0DBFDD00E14E1E /* NormalState.swift */; };
		FAB54C192A0DBFDD00E14E1E /* NightModeState.swift in Sources */ = {isa = PBXBuildFile; fileRef = FAB54C072A0DBFDD00E14E1E /* NightModeState.swift */; };
		FAB54C1A2A0DBFDD00E14E1E /* SmartModeState.swift in Sources */ = {isa = PBXBuildFile; fileRef = FAB54C082A0DBFDD00E14E1E /* SmartModeState.swift */; };
		FAB54C1B2A0DBFDD00E14E1E /* LowPowerState.swift in Sources */ = {isa = PBXBuildFile; fileRef = FAB54C092A0DBFDD00E14E1E /* LowPowerState.swift */; };
		FAB54C1C2A0DBFDD00E14E1E /* TurboState.swift in Sources */ = {isa = PBXBuildFile; fileRef = FAB54C0A2A0DBFDD00E14E1E /* TurboState.swift */; };
		FAB54C1D2A0DBFDD00E14E1E /* EcoState.swift in Sources */ = {isa = PBXBuildFile; fileRef = FAB54C0B2A0DBFDD00E14E1E /* EcoState.swift */; };
		FAB54C1E2A0DBFDD00E14E1E /* StandbyState.swift in Sources */ = {isa = PBXBuildFile; fileRef = FAB54C0C2A0DBFDD00E14E1E /* StandbyState.swift */; };
		FAB54C1F2A0DBFDD00E14E1E /* HolidayModeState.swift in Sources */ = {isa = PBXBuildFile; fileRef = FAB54C0D2A0DBFDD00E14E1E /* HolidayModeState.swift */; };
		FAB54C202A0DBFDD00E14E1E /* StorageState.swift in Sources */ = {isa = PBXBuildFile; fileRef = FAB54C0E2A0DBFDD00E14E1E /* StorageState.swift */; };
		FAB54C212A0DBFDD00E14E1E /* ChildLockState.swift in Sources */ = {isa = PBXBuildFile; fileRef = FAB54C0F2A0DBFDD00E14E1E /* ChildLockState.swift */; };
		FAB54C222A0DBFDD00E14E1E /* FreshProduceState.swift in Sources */ = {isa = PBXBuildFile; fileRef = FAB54C102A0DBFDD00E14E1E /* FreshProduceState.swift */; };
		FAB54C232A0DBFDD00E14E1E /* QuickCoolingState.swift in Sources */ = {isa = PBXBuildFile; fileRef = FAB54C112A0DBFDD00E14E1E /* QuickCoolingState.swift */; };
		FAB54C242A0DBFDD00E14E1E /* MaintenanceModeState.swift in Sources */ = {isa = PBXBuildFile; fileRef = FAB54C122A0DBFDD00E14E1E /* MaintenanceModeState.swift */; };
		FAB54C252A0DBFDD00E14E1E /* EnergySaverState.swift in Sources */ = {isa = PBXBuildFile; fileRef = FAB54C132A0DBFDD00E14E1E /* EnergySaverState.swift */; };
		FAB54C262A0DBFDD00E14E1E /* DefrostState.swift in Sources */ = {isa = PBXBuildFile; fileRef = FAB54C142A0DBFDD00E14E1E /* DefrostState.swift */; };
		FAB54C272A0DBFDD00E14E1E /* PartyState.swift in Sources */ = {isa = PBXBuildFile; fileRef = FAB54C152A0DBFDD00E14E1E /* PartyState.swift */; };
		FAB54C282A0DBFDD00E14E1E /* RefrigeratorState.swift in Sources */ = {isa = PBXBuildFile; fileRef = FAB54C162A0DBFDD00E14E1E /* RefrigeratorState.swift */; };
		FAB54C292A0DBFDD00E14E1E /* FreezingState.swift in Sources */ = {isa = PBXBuildFile; fileRef = FAB54C172A0DBFDD00E14E1E /* FreezingState.swift */; };
		FAB54C2F2A0DC03200E14E1E /* Compressor.swift in Sources */ = {isa = PBXBuildFile; fileRef = FAB54C2A2A0DC03200E14E1E /* Compressor.swift */; };
		FAB54C302A0DC03200E14E1E /* Door.swift in Sources */ = {isa = PBXBuildFile; fileRef = FAB54C2B2A0DC03200E14E1E /* Door.swift */; };
		FAB54C312A0DC03200E14E1E /* Light.swift in Sources */ = {isa = PBXBuildFile; fileRef = FAB54C2C2A0DC03200E14E1E /* Light.swift */; };
		FAB54C322A0DC03200E14E1E /* Fan.swift in Sources */ = {isa = PBXBuildFile; fileRef = FAB54C2D2A0DC03200E14E1E /* Fan.swift */; };
		FAB54C332A0DC03200E14E1E /* Resistance.swift in Sources */ = {isa = PBXBuildFile; fileRef = FAB54C2E2A0DC03200E14E1E /* Resistance.swift */; };
		FAB54C352A0DC8AE00E14E1E /* TemperatureTests.swift in Sources */ = {isa = PBXBuildFile; fileRef = FAB54C342A0DC8AE00E14E1E /* TemperatureTests.swift */; };
		FAB54C382A0E113C00E14E1E /* View1Presenter.swift in Sources */ = {isa = PBXBuildFile; fileRef = FAB54C372A0E113C00E14E1E /* View1Presenter.swift */; };
		FAB54C392A0E113C00E14E1E /* View1Presenter.swift in Sources */ = {isa = PBXBuildFile; fileRef = FAB54C372A0E113C00E14E1E /* View1Presenter.swift */; };
		FAB54C3B2A0E116600E14E1E /* View1View.swift in Sources */ = {isa = PBXBuildFile; fileRef = FAB54C3A2A0E116600E14E1E /* View1View.swift */; };
		FAB54C3C2A0E116600E14E1E /* View1View.swift in Sources */ = {isa = PBXBuildFile; fileRef = FAB54C3A2A0E116600E14E1E /* View1View.swift */; };
		FAB54C3E2A0E118A00E14E1E /* RefrigeratorBuilderViewModel.swift in Sources */ = {isa = PBXBuildFile; fileRef = FAB54C3D2A0E118A00E14E1E /* RefrigeratorBuilderViewModel.swift */; };
		FAB54C3F2A0E118A00E14E1E /* RefrigeratorBuilderViewModel.swift in Sources */ = {isa = PBXBuildFile; fileRef = FAB54C3D2A0E118A00E14E1E /* RefrigeratorBuilderViewModel.swift */; };
		FAB54C442A0E152300E14E1E /* RefrigeratorBuilderViewModelTests.swift in Sources */ = {isa = PBXBuildFile; fileRef = FAB54C432A0E152300E14E1E /* RefrigeratorBuilderViewModelTests.swift */; };
		FAB54C512A0E82E300E14E1E /* ViewHome.xib in Resources */ = {isa = PBXBuildFile; fileRef = FAB54C462A0E82E200E14E1E /* ViewHome.xib */; };
		FAB54C522A0E82E300E14E1E /* ViewHome.xib in Resources */ = {isa = PBXBuildFile; fileRef = FAB54C462A0E82E200E14E1E /* ViewHome.xib */; };
		FAB54C532A0E82E300E14E1E /* VISTA6.xib in Resources */ = {isa = PBXBuildFile; fileRef = FAB54C472A0E82E200E14E1E /* VISTA6.xib */; };
		FAB54C542A0E82E300E14E1E /* VISTA6.xib in Resources */ = {isa = PBXBuildFile; fileRef = FAB54C472A0E82E200E14E1E /* VISTA6.xib */; };
		FAB54C552A0E82E300E14E1E /* VISTA1.xib in Resources */ = {isa = PBXBuildFile; fileRef = FAB54C482A0E82E200E14E1E /* VISTA1.xib */; };
		FAB54C562A0E82E300E14E1E /* VISTA1.xib in Resources */ = {isa = PBXBuildFile; fileRef = FAB54C482A0E82E200E14E1E /* VISTA1.xib */; };
		FAB54C572A0E82E300E14E1E /* VISTA7.xib in Resources */ = {isa = PBXBuildFile; fileRef = FAB54C492A0E82E200E14E1E /* VISTA7.xib */; };
		FAB54C582A0E82E300E14E1E /* VISTA7.xib in Resources */ = {isa = PBXBuildFile; fileRef = FAB54C492A0E82E200E14E1E /* VISTA7.xib */; };
		FAB54C592A0E82E300E14E1E /* VISTA3.xib in Resources */ = {isa = PBXBuildFile; fileRef = FAB54C4A2A0E82E200E14E1E /* VISTA3.xib */; };
		FAB54C5A2A0E82E300E14E1E /* VISTA3.xib in Resources */ = {isa = PBXBuildFile; fileRef = FAB54C4A2A0E82E200E14E1E /* VISTA3.xib */; };
		FAB54C5B2A0E82E300E14E1E /* VISTA8.xib in Resources */ = {isa = PBXBuildFile; fileRef = FAB54C4B2A0E82E200E14E1E /* VISTA8.xib */; };
		FAB54C5C2A0E82E300E14E1E /* VISTA8.xib in Resources */ = {isa = PBXBuildFile; fileRef = FAB54C4B2A0E82E200E14E1E /* VISTA8.xib */; };
		FAB54C5D2A0E82E300E14E1E /* VISTA4.xib in Resources */ = {isa = PBXBuildFile; fileRef = FAB54C4C2A0E82E300E14E1E /* VISTA4.xib */; };
		FAB54C5E2A0E82E300E14E1E /* VISTA4.xib in Resources */ = {isa = PBXBuildFile; fileRef = FAB54C4C2A0E82E300E14E1E /* VISTA4.xib */; };
		FAB54C5F2A0E82E300E14E1E /* VISTA2.xib in Resources */ = {isa = PBXBuildFile; fileRef = FAB54C4D2A0E82E300E14E1E /* VISTA2.xib */; };
		FAB54C602A0E82E300E14E1E /* VISTA2.xib in Resources */ = {isa = PBXBuildFile; fileRef = FAB54C4D2A0E82E300E14E1E /* VISTA2.xib */; };
		FAB54C612A0E82E300E14E1E /* VISTA9.xib in Resources */ = {isa = PBXBuildFile; fileRef = FAB54C4E2A0E82E300E14E1E /* VISTA9.xib */; };
		FAB54C622A0E82E300E14E1E /* VISTA9.xib in Resources */ = {isa = PBXBuildFile; fileRef = FAB54C4E2A0E82E300E14E1E /* VISTA9.xib */; };
		FAB54C632A0E82E300E14E1E /* VISTA10.xib in Resources */ = {isa = PBXBuildFile; fileRef = FAB54C4F2A0E82E300E14E1E /* VISTA10.xib */; };
		FAB54C642A0E82E300E14E1E /* VISTA10.xib in Resources */ = {isa = PBXBuildFile; fileRef = FAB54C4F2A0E82E300E14E1E /* VISTA10.xib */; };
		FAB54C652A0E82E300E14E1E /* VISTA5.xib in Resources */ = {isa = PBXBuildFile; fileRef = FAB54C502A0E82E300E14E1E /* VISTA5.xib */; };
		FAB54C662A0E82E300E14E1E /* VISTA5.xib in Resources */ = {isa = PBXBuildFile; fileRef = FAB54C502A0E82E300E14E1E /* VISTA5.xib */; };
		FAB54C682A0EB93900E14E1E /* Vista1.swift in Sources */ = {isa = PBXBuildFile; fileRef = FAB54C672A0EB93900E14E1E /* Vista1.swift */; };
		FAB54C692A0EB93900E14E1E /* Vista1.swift in Sources */ = {isa = PBXBuildFile; fileRef = FAB54C672A0EB93900E14E1E /* Vista1.swift */; };
/* End PBXBuildFile section */

/* Begin PBXContainerItemProxy section */
		FA714C392A088BFF003E2CA4 /* PBXContainerItemProxy */ = {
			isa = PBXContainerItemProxy;
			containerPortal = FA6C7A1629D8F6CD002267A5 /* Project object */;
			proxyType = 1;
			remoteGlobalIDString = FA6C7A1D29D8F6CD002267A5;
			remoteInfo = CoolManager;
		};
/* End PBXContainerItemProxy section */

/* Begin PBXFileReference section */
		FA2706822A2954D100EB2DAE /* RefrigeratorTests.swift */ = {isa = PBXFileReference; fileEncoding = 4; lastKnownFileType = sourcecode.swift; path = RefrigeratorTests.swift; sourceTree = "<group>"; };
		FA2706852A295B8200EB2DAE /* TemperatureController.swift */ = {isa = PBXFileReference; lastKnownFileType = sourcecode.swift; path = TemperatureController.swift; sourceTree = "<group>"; };
		FA382ED42A19E1C30047D033 /* RefrigeratorFactory.swift */ = {isa = PBXFileReference; lastKnownFileType = sourcecode.swift; path = RefrigeratorFactory.swift; sourceTree = "<group>"; };
		FA382ED72A19E2710047D033 /* NormalRefrigeratorFactory.swift */ = {isa = PBXFileReference; lastKnownFileType = sourcecode.swift; path = NormalRefrigeratorFactory.swift; sourceTree = "<group>"; };
		FA382EDB2A1A79060047D033 /* DefrostingRefrigeratorFactory.swift */ = {isa = PBXFileReference; lastKnownFileType = sourcecode.swift; path = DefrostingRefrigeratorFactory.swift; sourceTree = "<group>"; };
		FA382EDE2A1F3CC80047D033 /* FanProtocol.swift */ = {isa = PBXFileReference; lastKnownFileType = sourcecode.swift; path = FanProtocol.swift; sourceTree = "<group>"; };
		FA382EE12A1F3CE20047D033 /* ResistanceProtocol.swift */ = {isa = PBXFileReference; lastKnownFileType = sourcecode.swift; path = ResistanceProtocol.swift; sourceTree = "<group>"; };
		FA382EE42A1F3CFC0047D033 /* LightProtocol.swift */ = {isa = PBXFileReference; lastKnownFileType = sourcecode.swift; path = LightProtocol.swift; sourceTree = "<group>"; };
		FA382EE72A1F3D160047D033 /* CompressorProtocol.swift */ = {isa = PBXFileReference; lastKnownFileType = sourcecode.swift; path = CompressorProtocol.swift; sourceTree = "<group>"; };
		FA382EEA2A1F3D2D0047D033 /* DoorProtocol.swift */ = {isa = PBXFileReference; lastKnownFileType = sourcecode.swift; path = DoorProtocol.swift; sourceTree = "<group>"; };
		FA382EED2A1F3D4E0047D033 /* RefrigeratorComponent.swift */ = {isa = PBXFileReference; lastKnownFileType = sourcecode.swift; path = RefrigeratorComponent.swift; sourceTree = "<group>"; };
		FA382EF12A1FB34B0047D033 /* Update.swift */ = {isa = PBXFileReference; lastKnownFileType = sourcecode.swift; path = Update.swift; sourceTree = "<group>"; };
		FA382EF42A1FB3660047D033 /* SetPoint.swift */ = {isa = PBXFileReference; lastKnownFileType = sourcecode.swift; path = SetPoint.swift; sourceTree = "<group>"; };
		FA382EF72A20F20E0047D033 /* DoorOpenedRefrigeratorFactory.swift */ = {isa = PBXFileReference; lastKnownFileType = sourcecode.swift; path = DoorOpenedRefrigeratorFactory.swift; sourceTree = "<group>"; };
		FA382EFA2A20FE060047D033 /* CorruptTemperaturesRefrigeratorFactory.swift */ = {isa = PBXFileReference; lastKnownFileType = sourcecode.swift; path = CorruptTemperaturesRefrigeratorFactory.swift; sourceTree = "<group>"; };
		FA382F012A253F320047D033 /* User.swift */ = {isa = PBXFileReference; lastKnownFileType = sourcecode.swift; path = User.swift; sourceTree = "<group>"; };
		FA382F042A253F3E0047D033 /* CoolManager.swift */ = {isa = PBXFileReference; lastKnownFileType = sourcecode.swift; path = CoolManager.swift; sourceTree = "<group>"; };
		FA38FFDA29FE669800BC21FA /* View3ViewController.swift */ = {isa = PBXFileReference; fileEncoding = 4; lastKnownFileType = sourcecode.swift; path = View3ViewController.swift; sourceTree = "<group>"; };
		FA38FFDB29FE669800BC21FA /* View2ViewController.swift */ = {isa = PBXFileReference; fileEncoding = 4; lastKnownFileType = sourcecode.swift; path = View2ViewController.swift; sourceTree = "<group>"; };
		FA38FFDC29FE669800BC21FA /* View4ViewController.swift */ = {isa = PBXFileReference; fileEncoding = 4; lastKnownFileType = sourcecode.swift; path = View4ViewController.swift; sourceTree = "<group>"; };
		FA38FFDD29FE669800BC21FA /* View6ViewController.swift */ = {isa = PBXFileReference; fileEncoding = 4; lastKnownFileType = sourcecode.swift; path = View6ViewController.swift; sourceTree = "<group>"; };
		FA38FFE029FE669800BC21FA /* View7ViewController.swift */ = {isa = PBXFileReference; fileEncoding = 4; lastKnownFileType = sourcecode.swift; path = View7ViewController.swift; sourceTree = "<group>"; };
		FA38FFE129FE669800BC21FA /* View1ViewController.swift */ = {isa = PBXFileReference; fileEncoding = 4; lastKnownFileType = sourcecode.swift; path = View1ViewController.swift; sourceTree = "<group>"; };
		FA38FFE329FE669800BC21FA /* View5ViewController.swift */ = {isa = PBXFileReference; fileEncoding = 4; lastKnownFileType = sourcecode.swift; path = View5ViewController.swift; sourceTree = "<group>"; };
		FA38FFF729FE670900BC21FA /* UIKit.framework */ = {isa = PBXFileReference; lastKnownFileType = wrapper.framework; name = UIKit.framework; path = System/Library/Frameworks/UIKit.framework; sourceTree = SDKROOT; };
		FA6C7A1E29D8F6CD002267A5 /* CoolManager.app */ = {isa = PBXFileReference; explicitFileType = wrapper.application; includeInIndex = 0; path = CoolManager.app; sourceTree = BUILT_PRODUCTS_DIR; };
		FA6C7A2129D8F6CD002267A5 /* AppDelegate.swift */ = {isa = PBXFileReference; lastKnownFileType = sourcecode.swift; path = AppDelegate.swift; sourceTree = "<group>"; };
		FA6C7A2329D8F6CD002267A5 /* SceneDelegate.swift */ = {isa = PBXFileReference; lastKnownFileType = sourcecode.swift; path = SceneDelegate.swift; sourceTree = "<group>"; };
		FA6C7A2529D8F6CD002267A5 /* ViewController.swift */ = {isa = PBXFileReference; lastKnownFileType = sourcecode.swift; path = ViewController.swift; sourceTree = "<group>"; };
		FA6C7A2829D8F6CD002267A5 /* Base */ = {isa = PBXFileReference; lastKnownFileType = file.storyboard; name = Base; path = Base.lproj/Main.storyboard; sourceTree = "<group>"; };
		FA6C7A2A29D8F6D0002267A5 /* Assets.xcassets */ = {isa = PBXFileReference; lastKnownFileType = folder.assetcatalog; path = Assets.xcassets; sourceTree = "<group>"; };
		FA6C7A2D29D8F6D0002267A5 /* Base */ = {isa = PBXFileReference; lastKnownFileType = file.storyboard; name = Base; path = Base.lproj/LaunchScreen.storyboard; sourceTree = "<group>"; };
		FA6C7A2F29D8F6D0002267A5 /* Info.plist */ = {isa = PBXFileReference; lastKnownFileType = text.plist.xml; path = Info.plist; sourceTree = "<group>"; };
		FA714C1F2A086C0D003E2CA4 /* Refrigerator.swift */ = {isa = PBXFileReference; lastKnownFileType = sourcecode.swift; path = Refrigerator.swift; sourceTree = "<group>"; };
		FA714C212A0870A2003E2CA4 /* Temperature.swift */ = {isa = PBXFileReference; lastKnownFileType = sourcecode.swift; path = Temperature.swift; sourceTree = "<group>"; };
		FA714C232A087882003E2CA4 /* TemperatureRule.swift */ = {isa = PBXFileReference; lastKnownFileType = sourcecode.swift; path = TemperatureRule.swift; sourceTree = "<group>"; };
		FA714C252A087F06003E2CA4 /* temperature_rules_test.txt */ = {isa = PBXFileReference; lastKnownFileType = text; path = temperature_rules_test.txt; sourceTree = "<group>"; };
		FA714C262A088089003E2CA4 /* TemperatureStatus.swift */ = {isa = PBXFileReference; lastKnownFileType = sourcecode.swift; path = TemperatureStatus.swift; sourceTree = "<group>"; };
		FA714C282A088369003E2CA4 /* TemperatureUnit.swift */ = {isa = PBXFileReference; lastKnownFileType = sourcecode.swift; path = TemperatureUnit.swift; sourceTree = "<group>"; };
		FA714C2F2A088BD9003E2CA4 /* TemperatureRulesTests.swift */ = {isa = PBXFileReference; lastKnownFileType = sourcecode.swift; path = TemperatureRulesTests.swift; sourceTree = "<group>"; };
		FA714C352A088BFF003E2CA4 /* CoolManagerTests.xctest */ = {isa = PBXFileReference; explicitFileType = wrapper.cfbundle; includeInIndex = 0; path = CoolManagerTests.xctest; sourceTree = BUILT_PRODUCTS_DIR; };
		FA714C372A088BFF003E2CA4 /* CoolManagerTests.swift */ = {isa = PBXFileReference; lastKnownFileType = sourcecode.swift; path = CoolManagerTests.swift; sourceTree = "<group>"; };
		FA714C402A088CC8003E2CA4 /* temperature_rules.txt */ = {isa = PBXFileReference; fileEncoding = 4; lastKnownFileType = text; path = temperature_rules.txt; sourceTree = "<group>"; };
		FAB54C062A0DBFDD00E14E1E /* NormalState.swift */ = {isa = PBXFileReference; fileEncoding = 4; lastKnownFileType = sourcecode.swift; path = NormalState.swift; sourceTree = "<group>"; };
		FAB54C072A0DBFDD00E14E1E /* NightModeState.swift */ = {isa = PBXFileReference; fileEncoding = 4; lastKnownFileType = sourcecode.swift; path = NightModeState.swift; sourceTree = "<group>"; };
		FAB54C082A0DBFDD00E14E1E /* SmartModeState.swift */ = {isa = PBXFileReference; fileEncoding = 4; lastKnownFileType = sourcecode.swift; path = SmartModeState.swift; sourceTree = "<group>"; };
		FAB54C092A0DBFDD00E14E1E /* LowPowerState.swift */ = {isa = PBXFileReference; fileEncoding = 4; lastKnownFileType = sourcecode.swift; path = LowPowerState.swift; sourceTree = "<group>"; };
		FAB54C0A2A0DBFDD00E14E1E /* TurboState.swift */ = {isa = PBXFileReference; fileEncoding = 4; lastKnownFileType = sourcecode.swift; path = TurboState.swift; sourceTree = "<group>"; };
		FAB54C0B2A0DBFDD00E14E1E /* EcoState.swift */ = {isa = PBXFileReference; fileEncoding = 4; lastKnownFileType = sourcecode.swift; path = EcoState.swift; sourceTree = "<group>"; };
		FAB54C0C2A0DBFDD00E14E1E /* StandbyState.swift */ = {isa = PBXFileReference; fileEncoding = 4; lastKnownFileType = sourcecode.swift; path = StandbyState.swift; sourceTree = "<group>"; };
		FAB54C0D2A0DBFDD00E14E1E /* HolidayModeState.swift */ = {isa = PBXFileReference; fileEncoding = 4; lastKnownFileType = sourcecode.swift; path = HolidayModeState.swift; sourceTree = "<group>"; };
		FAB54C0E2A0DBFDD00E14E1E /* StorageState.swift */ = {isa = PBXFileReference; fileEncoding = 4; lastKnownFileType = sourcecode.swift; path = StorageState.swift; sourceTree = "<group>"; };
		FAB54C0F2A0DBFDD00E14E1E /* ChildLockState.swift */ = {isa = PBXFileReference; fileEncoding = 4; lastKnownFileType = sourcecode.swift; path = ChildLockState.swift; sourceTree = "<group>"; };
		FAB54C102A0DBFDD00E14E1E /* FreshProduceState.swift */ = {isa = PBXFileReference; fileEncoding = 4; lastKnownFileType = sourcecode.swift; path = FreshProduceState.swift; sourceTree = "<group>"; };
		FAB54C112A0DBFDD00E14E1E /* QuickCoolingState.swift */ = {isa = PBXFileReference; fileEncoding = 4; lastKnownFileType = sourcecode.swift; path = QuickCoolingState.swift; sourceTree = "<group>"; };
		FAB54C122A0DBFDD00E14E1E /* MaintenanceModeState.swift */ = {isa = PBXFileReference; fileEncoding = 4; lastKnownFileType = sourcecode.swift; path = MaintenanceModeState.swift; sourceTree = "<group>"; };
		FAB54C132A0DBFDD00E14E1E /* EnergySaverState.swift */ = {isa = PBXFileReference; fileEncoding = 4; lastKnownFileType = sourcecode.swift; path = EnergySaverState.swift; sourceTree = "<group>"; };
		FAB54C142A0DBFDD00E14E1E /* DefrostState.swift */ = {isa = PBXFileReference; fileEncoding = 4; lastKnownFileType = sourcecode.swift; path = DefrostState.swift; sourceTree = "<group>"; };
		FAB54C152A0DBFDD00E14E1E /* PartyState.swift */ = {isa = PBXFileReference; fileEncoding = 4; lastKnownFileType = sourcecode.swift; path = PartyState.swift; sourceTree = "<group>"; };
		FAB54C162A0DBFDD00E14E1E /* RefrigeratorState.swift */ = {isa = PBXFileReference; fileEncoding = 4; lastKnownFileType = sourcecode.swift; path = RefrigeratorState.swift; sourceTree = "<group>"; };
		FAB54C172A0DBFDD00E14E1E /* FreezingState.swift */ = {isa = PBXFileReference; fileEncoding = 4; lastKnownFileType = sourcecode.swift; path = FreezingState.swift; sourceTree = "<group>"; };
		FAB54C2A2A0DC03200E14E1E /* Compressor.swift */ = {isa = PBXFileReference; fileEncoding = 4; lastKnownFileType = sourcecode.swift; path = Compressor.swift; sourceTree = "<group>"; };
		FAB54C2B2A0DC03200E14E1E /* Door.swift */ = {isa = PBXFileReference; fileEncoding = 4; lastKnownFileType = sourcecode.swift; path = Door.swift; sourceTree = "<group>"; };
		FAB54C2C2A0DC03200E14E1E /* Light.swift */ = {isa = PBXFileReference; fileEncoding = 4; lastKnownFileType = sourcecode.swift; path = Light.swift; sourceTree = "<group>"; };
		FAB54C2D2A0DC03200E14E1E /* Fan.swift */ = {isa = PBXFileReference; fileEncoding = 4; lastKnownFileType = sourcecode.swift; path = Fan.swift; sourceTree = "<group>"; };
		FAB54C2E2A0DC03200E14E1E /* Resistance.swift */ = {isa = PBXFileReference; fileEncoding = 4; lastKnownFileType = sourcecode.swift; path = Resistance.swift; sourceTree = "<group>"; };
		FAB54C342A0DC8AE00E14E1E /* TemperatureTests.swift */ = {isa = PBXFileReference; lastKnownFileType = sourcecode.swift; path = TemperatureTests.swift; sourceTree = "<group>"; };
		FAB54C372A0E113C00E14E1E /* View1Presenter.swift */ = {isa = PBXFileReference; lastKnownFileType = sourcecode.swift; path = View1Presenter.swift; sourceTree = "<group>"; };
		FAB54C3A2A0E116600E14E1E /* View1View.swift */ = {isa = PBXFileReference; lastKnownFileType = sourcecode.swift; path = View1View.swift; sourceTree = "<group>"; };
		FAB54C3D2A0E118A00E14E1E /* RefrigeratorBuilderViewModel.swift */ = {isa = PBXFileReference; lastKnownFileType = sourcecode.swift; path = RefrigeratorBuilderViewModel.swift; sourceTree = "<group>"; };
		FAB54C432A0E152300E14E1E /* RefrigeratorBuilderViewModelTests.swift */ = {isa = PBXFileReference; lastKnownFileType = sourcecode.swift; path = RefrigeratorBuilderViewModelTests.swift; sourceTree = "<group>"; };
		FAB54C462A0E82E200E14E1E /* ViewHome.xib */ = {isa = PBXFileReference; fileEncoding = 4; lastKnownFileType = file.xib; path = ViewHome.xib; sourceTree = "<group>"; };
		FAB54C472A0E82E200E14E1E /* VISTA6.xib */ = {isa = PBXFileReference; fileEncoding = 4; lastKnownFileType = file.xib; path = VISTA6.xib; sourceTree = "<group>"; };
		FAB54C482A0E82E200E14E1E /* VISTA1.xib */ = {isa = PBXFileReference; fileEncoding = 4; lastKnownFileType = file.xib; path = VISTA1.xib; sourceTree = "<group>"; };
		FAB54C492A0E82E200E14E1E /* VISTA7.xib */ = {isa = PBXFileReference; fileEncoding = 4; lastKnownFileType = file.xib; path = VISTA7.xib; sourceTree = "<group>"; };
		FAB54C4A2A0E82E200E14E1E /* VISTA3.xib */ = {isa = PBXFileReference; fileEncoding = 4; lastKnownFileType = file.xib; path = VISTA3.xib; sourceTree = "<group>"; };
		FAB54C4B2A0E82E200E14E1E /* VISTA8.xib */ = {isa = PBXFileReference; fileEncoding = 4; lastKnownFileType = file.xib; path = VISTA8.xib; sourceTree = "<group>"; };
		FAB54C4C2A0E82E300E14E1E /* VISTA4.xib */ = {isa = PBXFileReference; fileEncoding = 4; lastKnownFileType = file.xib; path = VISTA4.xib; sourceTree = "<group>"; };
		FAB54C4D2A0E82E300E14E1E /* VISTA2.xib */ = {isa = PBXFileReference; fileEncoding = 4; lastKnownFileType = file.xib; path = VISTA2.xib; sourceTree = "<group>"; };
		FAB54C4E2A0E82E300E14E1E /* VISTA9.xib */ = {isa = PBXFileReference; fileEncoding = 4; lastKnownFileType = file.xib; path = VISTA9.xib; sourceTree = "<group>"; };
		FAB54C4F2A0E82E300E14E1E /* VISTA10.xib */ = {isa = PBXFileReference; fileEncoding = 4; lastKnownFileType = file.xib; path = VISTA10.xib; sourceTree = "<group>"; };
		FAB54C502A0E82E300E14E1E /* VISTA5.xib */ = {isa = PBXFileReference; fileEncoding = 4; lastKnownFileType = file.xib; path = VISTA5.xib; sourceTree = "<group>"; };
		FAB54C672A0EB93900E14E1E /* Vista1.swift */ = {isa = PBXFileReference; lastKnownFileType = sourcecode.swift; path = Vista1.swift; sourceTree = "<group>"; };
/* End PBXFileReference section */

/* Begin PBXFrameworksBuildPhase section */
		FA6C7A1B29D8F6CD002267A5 /* Frameworks */ = {
			isa = PBXFrameworksBuildPhase;
			buildActionMask = 2147483647;
			files = (
				FA38FFF829FE670900BC21FA /* UIKit.framework in Frameworks */,
			);
			runOnlyForDeploymentPostprocessing = 0;
		};
		FA714C322A088BFF003E2CA4 /* Frameworks */ = {
			isa = PBXFrameworksBuildPhase;
			buildActionMask = 2147483647;
			files = (
			);
			runOnlyForDeploymentPostprocessing = 0;
		};
/* End PBXFrameworksBuildPhase section */

/* Begin PBXGroup section */
		FA2706842A295B6800EB2DAE /* Controllers */ = {
			isa = PBXGroup;
			children = (
				FA2706852A295B8200EB2DAE /* TemperatureController.swift */,
			);
			path = Controllers;
			sourceTree = "<group>";
		};
		FA382ED32A19E1920047D033 /* Factory */ = {
			isa = PBXGroup;
			children = (
				FA382ED42A19E1C30047D033 /* RefrigeratorFactory.swift */,
				FA382ED72A19E2710047D033 /* NormalRefrigeratorFactory.swift */,
				FA382EDB2A1A79060047D033 /* DefrostingRefrigeratorFactory.swift */,
				FA382EF72A20F20E0047D033 /* DoorOpenedRefrigeratorFactory.swift */,
				FA382EFA2A20FE060047D033 /* CorruptTemperaturesRefrigeratorFactory.swift */,
			);
			path = Factory;
			sourceTree = "<group>";
		};
		FA382EDA2A19E2990047D033 /* Components */ = {
			isa = PBXGroup;
			children = (
				FA382EF02A1F3D660047D033 /* NormalComponents */,
				FA382EDE2A1F3CC80047D033 /* FanProtocol.swift */,
				FA382EE12A1F3CE20047D033 /* ResistanceProtocol.swift */,
				FA382EE42A1F3CFC0047D033 /* LightProtocol.swift */,
				FA382EE72A1F3D160047D033 /* CompressorProtocol.swift */,
				FA382EEA2A1F3D2D0047D033 /* DoorProtocol.swift */,
				FA382EED2A1F3D4E0047D033 /* RefrigeratorComponent.swift */,
			);
			path = Components;
			sourceTree = "<group>";
		};
		FA382EF02A1F3D660047D033 /* NormalComponents */ = {
			isa = PBXGroup;
			children = (
				FAB54C2E2A0DC03200E14E1E /* Resistance.swift */,
				FAB54C2A2A0DC03200E14E1E /* Compressor.swift */,
				FAB54C2B2A0DC03200E14E1E /* Door.swift */,
				FAB54C2D2A0DC03200E14E1E /* Fan.swift */,
				FAB54C2C2A0DC03200E14E1E /* Light.swift */,
			);
			path = NormalComponents;
			sourceTree = "<group>";
		};
		FA38FFCC29FE5DE500BC21FA /* ViewControllers */ = {
			isa = PBXGroup;
			children = (
				FAB54C362A0E110F00E14E1E /* ViewControler1 */,
				FA38FFDB29FE669800BC21FA /* View2ViewController.swift */,
				FA38FFDA29FE669800BC21FA /* View3ViewController.swift */,
				FA38FFDC29FE669800BC21FA /* View4ViewController.swift */,
				FA38FFE329FE669800BC21FA /* View5ViewController.swift */,
				FA38FFDD29FE669800BC21FA /* View6ViewController.swift */,
				FA38FFE029FE669800BC21FA /* View7ViewController.swift */,
			);
			path = ViewControllers;
			sourceTree = "<group>";
		};
		FA38FFF629FE670900BC21FA /* Frameworks */ = {
			isa = PBXGroup;
			children = (
				FA38FFF729FE670900BC21FA /* UIKit.framework */,
			);
			name = Frameworks;
			sourceTree = "<group>";
		};
		FA6C7A1529D8F6CD002267A5 = {
			isa = PBXGroup;
			children = (
				FA6C7A2029D8F6CD002267A5 /* CoolManager */,
				FA714C362A088BFF003E2CA4 /* CoolManagerTests */,
				FA6C7A1F29D8F6CD002267A5 /* Products */,
				FA38FFF629FE670900BC21FA /* Frameworks */,
			);
			sourceTree = "<group>";
		};
		FA6C7A1F29D8F6CD002267A5 /* Products */ = {
			isa = PBXGroup;
			children = (
				FA6C7A1E29D8F6CD002267A5 /* CoolManager.app */,
				FA714C352A088BFF003E2CA4 /* CoolManagerTests.xctest */,
			);
			name = Products;
			sourceTree = "<group>";
		};
		FA6C7A2029D8F6CD002267A5 /* CoolManager */ = {
			isa = PBXGroup;
			children = (
				FA714C1E2A086BF4003E2CA4 /* Domain */,
				FA382EDA2A19E2990047D033 /* Components */,
				FA382ED32A19E1920047D033 /* Factory */,
				FAB54C052A0DBFDD00E14E1E /* States */,
				FA2706842A295B6800EB2DAE /* Controllers */,
				FAB54C452A0E82A400E14E1E /* xib */,
				FA38FFCC29FE5DE500BC21FA /* ViewControllers */,
				FA6C7A2129D8F6CD002267A5 /* AppDelegate.swift */,
				FA6C7A2329D8F6CD002267A5 /* SceneDelegate.swift */,
				FA6C7A2529D8F6CD002267A5 /* ViewController.swift */,
				FA6C7A2A29D8F6D0002267A5 /* Assets.xcassets */,
				FA6C7A2F29D8F6D0002267A5 /* Info.plist */,
			);
			path = CoolManager;
			sourceTree = "<group>";
		};
		FA714C1E2A086BF4003E2CA4 /* Domain */ = {
			isa = PBXGroup;
			children = (
				FA714C402A088CC8003E2CA4 /* temperature_rules.txt */,
				FA714C1F2A086C0D003E2CA4 /* Refrigerator.swift */,
				FA714C212A0870A2003E2CA4 /* Temperature.swift */,
				FA714C232A087882003E2CA4 /* TemperatureRule.swift */,
				FA714C262A088089003E2CA4 /* TemperatureStatus.swift */,
				FA714C282A088369003E2CA4 /* TemperatureUnit.swift */,
				FA382EF12A1FB34B0047D033 /* Update.swift */,
				FA382EF42A1FB3660047D033 /* SetPoint.swift */,
				FA382F012A253F320047D033 /* User.swift */,
				FA382F042A253F3E0047D033 /* CoolManager.swift */,
			);
			path = Domain;
			sourceTree = "<group>";
		};
		FA714C362A088BFF003E2CA4 /* CoolManagerTests */ = {
			isa = PBXGroup;
			children = (
				FA2706822A2954D100EB2DAE /* RefrigeratorTests.swift */,
				FA714C252A087F06003E2CA4 /* temperature_rules_test.txt */,
				FA714C2F2A088BD9003E2CA4 /* TemperatureRulesTests.swift */,
				FA714C372A088BFF003E2CA4 /* CoolManagerTests.swift */,
				FAB54C342A0DC8AE00E14E1E /* TemperatureTests.swift */,
				FAB54C432A0E152300E14E1E /* RefrigeratorBuilderViewModelTests.swift */,
			);
			path = CoolManagerTests;
			sourceTree = "<group>";
		};
		FAB54C052A0DBFDD00E14E1E /* States */ = {
			isa = PBXGroup;
			children = (
				FAB54C062A0DBFDD00E14E1E /* NormalState.swift */,
				FAB54C072A0DBFDD00E14E1E /* NightModeState.swift */,
				FAB54C082A0DBFDD00E14E1E /* SmartModeState.swift */,
				FAB54C092A0DBFDD00E14E1E /* LowPowerState.swift */,
				FAB54C0A2A0DBFDD00E14E1E /* TurboState.swift */,
				FAB54C0B2A0DBFDD00E14E1E /* EcoState.swift */,
				FAB54C0C2A0DBFDD00E14E1E /* StandbyState.swift */,
				FAB54C0D2A0DBFDD00E14E1E /* HolidayModeState.swift */,
				FAB54C0E2A0DBFDD00E14E1E /* StorageState.swift */,
				FAB54C0F2A0DBFDD00E14E1E /* ChildLockState.swift */,
				FAB54C102A0DBFDD00E14E1E /* FreshProduceState.swift */,
				FAB54C112A0DBFDD00E14E1E /* QuickCoolingState.swift */,
				FAB54C122A0DBFDD00E14E1E /* MaintenanceModeState.swift */,
				FAB54C132A0DBFDD00E14E1E /* EnergySaverState.swift */,
				FAB54C142A0DBFDD00E14E1E /* DefrostState.swift */,
				FAB54C152A0DBFDD00E14E1E /* PartyState.swift */,
				FAB54C162A0DBFDD00E14E1E /* RefrigeratorState.swift */,
				FAB54C172A0DBFDD00E14E1E /* FreezingState.swift */,
			);
			path = States;
			sourceTree = "<group>";
		};
		FAB54C362A0E110F00E14E1E /* ViewControler1 */ = {
			isa = PBXGroup;
			children = (
				FA38FFE129FE669800BC21FA /* View1ViewController.swift */,
				FAB54C372A0E113C00E14E1E /* View1Presenter.swift */,
				FAB54C3A2A0E116600E14E1E /* View1View.swift */,
				FAB54C3D2A0E118A00E14E1E /* RefrigeratorBuilderViewModel.swift */,
				FAB54C672A0EB93900E14E1E /* Vista1.swift */,
			);
			path = ViewControler1;
			sourceTree = "<group>";
		};
		FAB54C452A0E82A400E14E1E /* xib */ = {
			isa = PBXGroup;
			children = (
				FA6C7A2C29D8F6D0002267A5 /* LaunchScreen.storyboard */,
				FA6C7A2729D8F6CD002267A5 /* Main.storyboard */,
				FAB54C462A0E82E200E14E1E /* ViewHome.xib */,
				FAB54C482A0E82E200E14E1E /* VISTA1.xib */,
				FAB54C4D2A0E82E300E14E1E /* VISTA2.xib */,
				FAB54C4A2A0E82E200E14E1E /* VISTA3.xib */,
				FAB54C4C2A0E82E300E14E1E /* VISTA4.xib */,
				FAB54C502A0E82E300E14E1E /* VISTA5.xib */,
				FAB54C472A0E82E200E14E1E /* VISTA6.xib */,
				FAB54C492A0E82E200E14E1E /* VISTA7.xib */,
				FAB54C4B2A0E82E200E14E1E /* VISTA8.xib */,
				FAB54C4E2A0E82E300E14E1E /* VISTA9.xib */,
				FAB54C4F2A0E82E300E14E1E /* VISTA10.xib */,
			);
			path = xib;
			sourceTree = "<group>";
		};
/* End PBXGroup section */

/* Begin PBXNativeTarget section */
		FA6C7A1D29D8F6CD002267A5 /* CoolManager */ = {
			isa = PBXNativeTarget;
			buildConfigurationList = FA6C7A3229D8F6D0002267A5 /* Build configuration list for PBXNativeTarget "CoolManager" */;
			buildPhases = (
				FA6C7A1A29D8F6CD002267A5 /* Sources */,
				FA6C7A1B29D8F6CD002267A5 /* Frameworks */,
				FA6C7A1C29D8F6CD002267A5 /* Resources */,
			);
			buildRules = (
			);
			dependencies = (
			);
			name = CoolManager;
			productName = CoolManager;
			productReference = FA6C7A1E29D8F6CD002267A5 /* CoolManager.app */;
			productType = "com.apple.product-type.application";
		};
		FA714C342A088BFF003E2CA4 /* CoolManagerTests */ = {
			isa = PBXNativeTarget;
			buildConfigurationList = FA714C3B2A088BFF003E2CA4 /* Build configuration list for PBXNativeTarget "CoolManagerTests" */;
			buildPhases = (
				FA714C312A088BFF003E2CA4 /* Sources */,
				FA714C322A088BFF003E2CA4 /* Frameworks */,
				FA714C332A088BFF003E2CA4 /* Resources */,
			);
			buildRules = (
			);
			dependencies = (
				FA714C3A2A088BFF003E2CA4 /* PBXTargetDependency */,
			);
			name = CoolManagerTests;
			productName = CoolManagerTests;
			productReference = FA714C352A088BFF003E2CA4 /* CoolManagerTests.xctest */;
			productType = "com.apple.product-type.bundle.unit-test";
		};
/* End PBXNativeTarget section */

/* Begin PBXProject section */
		FA6C7A1629D8F6CD002267A5 /* Project object */ = {
			isa = PBXProject;
			attributes = {
				BuildIndependentTargetsInParallel = 1;
				LastSwiftUpdateCheck = 1420;
				LastUpgradeCheck = 1420;
				TargetAttributes = {
					FA6C7A1D29D8F6CD002267A5 = {
						CreatedOnToolsVersion = 14.2;
					};
					FA714C342A088BFF003E2CA4 = {
						CreatedOnToolsVersion = 14.2;
						TestTargetID = FA6C7A1D29D8F6CD002267A5;
					};
				};
			};
			buildConfigurationList = FA6C7A1929D8F6CD002267A5 /* Build configuration list for PBXProject "CoolManager" */;
			compatibilityVersion = "Xcode 14.0";
			developmentRegion = en;
			hasScannedForEncodings = 0;
			knownRegions = (
				en,
				Base,
			);
			mainGroup = FA6C7A1529D8F6CD002267A5;
			productRefGroup = FA6C7A1F29D8F6CD002267A5 /* Products */;
			projectDirPath = "";
			projectRoot = "";
			targets = (
				FA6C7A1D29D8F6CD002267A5 /* CoolManager */,
				FA714C342A088BFF003E2CA4 /* CoolManagerTests */,
			);
		};
/* End PBXProject section */

/* Begin PBXResourcesBuildPhase section */
		FA6C7A1C29D8F6CD002267A5 /* Resources */ = {
			isa = PBXResourcesBuildPhase;
			buildActionMask = 2147483647;
			files = (
				FAB54C5F2A0E82E300E14E1E /* VISTA2.xib in Resources */,
				FA6C7A2E29D8F6D0002267A5 /* LaunchScreen.storyboard in Resources */,
				FAB54C572A0E82E300E14E1E /* VISTA7.xib in Resources */,
				FA714C412A088CC8003E2CA4 /* temperature_rules.txt in Resources */,
				FAB54C532A0E82E300E14E1E /* VISTA6.xib in Resources */,
				FAB54C612A0E82E300E14E1E /* VISTA9.xib in Resources */,
				FAB54C652A0E82E300E14E1E /* VISTA5.xib in Resources */,
				FAB54C552A0E82E300E14E1E /* VISTA1.xib in Resources */,
				FAB54C512A0E82E300E14E1E /* ViewHome.xib in Resources */,
				FAB54C5B2A0E82E300E14E1E /* VISTA8.xib in Resources */,
				FA6C7A2B29D8F6D0002267A5 /* Assets.xcassets in Resources */,
				FA6C7A2929D8F6CD002267A5 /* Main.storyboard in Resources */,
				FAB54C592A0E82E300E14E1E /* VISTA3.xib in Resources */,
				FAB54C632A0E82E300E14E1E /* VISTA10.xib in Resources */,
				FAB54C5D2A0E82E300E14E1E /* VISTA4.xib in Resources */,
			);
			runOnlyForDeploymentPostprocessing = 0;
		};
		FA714C332A088BFF003E2CA4 /* Resources */ = {
			isa = PBXResourcesBuildPhase;
			buildActionMask = 2147483647;
			files = (
				FAB54C5E2A0E82E300E14E1E /* VISTA4.xib in Resources */,
				FAB54C5C2A0E82E300E14E1E /* VISTA8.xib in Resources */,
				FAB54C622A0E82E300E14E1E /* VISTA9.xib in Resources */,
				FAB54C542A0E82E300E14E1E /* VISTA6.xib in Resources */,
				FAB54C5A2A0E82E300E14E1E /* VISTA3.xib in Resources */,
				FAB54C662A0E82E300E14E1E /* VISTA5.xib in Resources */,
				FAB54C602A0E82E300E14E1E /* VISTA2.xib in Resources */,
				FAB54C642A0E82E300E14E1E /* VISTA10.xib in Resources */,
				FAB54C582A0E82E300E14E1E /* VISTA7.xib in Resources */,
				FAB54C562A0E82E300E14E1E /* VISTA1.xib in Resources */,
				FAB54C522A0E82E300E14E1E /* ViewHome.xib in Resources */,
			);
			runOnlyForDeploymentPostprocessing = 0;
		};
/* End PBXResourcesBuildPhase section */

/* Begin PBXSourcesBuildPhase section */
		FA6C7A1A29D8F6CD002267A5 /* Sources */ = {
			isa = PBXSourcesBuildPhase;
			buildActionMask = 2147483647;
			files = (
				FAB54C3E2A0E118A00E14E1E /* RefrigeratorBuilderViewModel.swift in Sources */,
				FA714C202A086C0D003E2CA4 /* Refrigerator.swift in Sources */,
				FAB54C1F2A0DBFDD00E14E1E /* HolidayModeState.swift in Sources */,
				FA382EDC2A1A79060047D033 /* DefrostingRefrigeratorFactory.swift in Sources */,
				FA38FFEE29FE669800BC21FA /* View7ViewController.swift in Sources */,
				FA382EF52A1FB3660047D033 /* SetPoint.swift in Sources */,
				FAB54C1B2A0DBFDD00E14E1E /* LowPowerState.swift in Sources */,
				FA6C7A2629D8F6CD002267A5 /* ViewController.swift in Sources */,
				FA382EEB2A1F3D2D0047D033 /* DoorProtocol.swift in Sources */,
				FAB54C252A0DBFDD00E14E1E /* EnergySaverState.swift in Sources */,
				FAB54C282A0DBFDD00E14E1E /* RefrigeratorState.swift in Sources */,
				FAB54C262A0DBFDD00E14E1E /* DefrostState.swift in Sources */,
				FA38FFEB29FE669800BC21FA /* View6ViewController.swift in Sources */,
				FAB54C322A0DC03200E14E1E /* Fan.swift in Sources */,
				FAB54C332A0DC03200E14E1E /* Resistance.swift in Sources */,
				FA6C7A2229D8F6CD002267A5 /* AppDelegate.swift in Sources */,
				FAB54C232A0DBFDD00E14E1E /* QuickCoolingState.swift in Sources */,
				FAB54C1C2A0DBFDD00E14E1E /* TurboState.swift in Sources */,
				FAB54C682A0EB93900E14E1E /* Vista1.swift in Sources */,
				FA382ED52A19E1C30047D033 /* RefrigeratorFactory.swift in Sources */,
				FA714C272A088089003E2CA4 /* TemperatureStatus.swift in Sources */,
				FAB54C302A0DC03200E14E1E /* Door.swift in Sources */,
				FA38FFE929FE669800BC21FA /* View2ViewController.swift in Sources */,
				FAB54C192A0DBFDD00E14E1E /* NightModeState.swift in Sources */,
				FA382EF22A1FB34B0047D033 /* Update.swift in Sources */,
				FA714C292A088369003E2CA4 /* TemperatureUnit.swift in Sources */,
				FAB54C222A0DBFDD00E14E1E /* FreshProduceState.swift in Sources */,
				FA382EEE2A1F3D4E0047D033 /* RefrigeratorComponent.swift in Sources */,
				FA38FFF129FE669800BC21FA /* View5ViewController.swift in Sources */,
				FA38FFE829FE669800BC21FA /* View3ViewController.swift in Sources */,
				FAB54C1E2A0DBFDD00E14E1E /* StandbyState.swift in Sources */,
				FA714C222A0870A2003E2CA4 /* Temperature.swift in Sources */,
				FAB54C312A0DC03200E14E1E /* Light.swift in Sources */,
				FA6C7A2429D8F6CD002267A5 /* SceneDelegate.swift in Sources */,
				FA2706862A295B8200EB2DAE /* TemperatureController.swift in Sources */,
				FAB54C182A0DBFDD00E14E1E /* NormalState.swift in Sources */,
				FA382EDF2A1F3CC80047D033 /* FanProtocol.swift in Sources */,
				FAB54C382A0E113C00E14E1E /* View1Presenter.swift in Sources */,
				FA38FFEA29FE669800BC21FA /* View4ViewController.swift in Sources */,
				FA382EE82A1F3D160047D033 /* CompressorProtocol.swift in Sources */,
				FA382ED82A19E2710047D033 /* NormalRefrigeratorFactory.swift in Sources */,
				FAB54C292A0DBFDD00E14E1E /* FreezingState.swift in Sources */,
				FAB54C1A2A0DBFDD00E14E1E /* SmartModeState.swift in Sources */,
				FA382EE22A1F3CE20047D033 /* ResistanceProtocol.swift in Sources */,
				FAB54C202A0DBFDD00E14E1E /* StorageState.swift in Sources */,
				FA382EE52A1F3CFC0047D033 /* LightProtocol.swift in Sources */,
				FAB54C2F2A0DC03200E14E1E /* Compressor.swift in Sources */,
				FA714C242A087882003E2CA4 /* TemperatureRule.swift in Sources */,
				FA382F052A253F3E0047D033 /* CoolManager.swift in Sources */,
				FA382EF82A20F20E0047D033 /* DoorOpenedRefrigeratorFactory.swift in Sources */,
				FA38FFEF29FE669800BC21FA /* View1ViewController.swift in Sources */,
				FAB54C272A0DBFDD00E14E1E /* PartyState.swift in Sources */,
				FA382EFB2A20FE060047D033 /* CorruptTemperaturesRefrigeratorFactory.swift in Sources */,
				FAB54C1D2A0DBFDD00E14E1E /* EcoState.swift in Sources */,
				FAB54C242A0DBFDD00E14E1E /* MaintenanceModeState.swift in Sources */,
				FAB54C212A0DBFDD00E14E1E /* ChildLockState.swift in Sources */,
				FAB54C3B2A0E116600E14E1E /* View1View.swift in Sources */,
				FA382F022A253F320047D033 /* User.swift in Sources */,
			);
			runOnlyForDeploymentPostprocessing = 0;
		};
		FA714C312A088BFF003E2CA4 /* Sources */ = {
			isa = PBXSourcesBuildPhase;
			buildActionMask = 2147483647;
			files = (
				FA382F062A253F3E0047D033 /* CoolManager.swift in Sources */,
				FA382ED02A19A2930047D033 /* Door.swift in Sources */,
				FA382ED12A19A2930047D033 /* Fan.swift in Sources */,
				FA382ED22A19A2930047D033 /* Light.swift in Sources */,
				FA382EBF2A19A2850047D033 /* NormalState.swift in Sources */,
				FA382EC02A19A2860047D033 /* NightModeState.swift in Sources */,
				FA382EC12A19A2860047D033 /* SmartModeState.swift in Sources */,
				FA382EC22A19A2860047D033 /* LowPowerState.swift in Sources */,
				FA382EC32A19A2860047D033 /* TurboState.swift in Sources */,
				FA382ED92A19E2710047D033 /* NormalRefrigeratorFactory.swift in Sources */,
				FA382EC42A19A2860047D033 /* StandbyState.swift in Sources */,
				FA382EC52A19A2860047D033 /* HolidayModeState.swift in Sources */,
				FA2706872A295B8200EB2DAE /* TemperatureController.swift in Sources */,
				FA382EC62A19A2860047D033 /* StorageState.swift in Sources */,
				FA382EC72A19A2860047D033 /* ChildLockState.swift in Sources */,
				FA382ED62A19E1C30047D033 /* RefrigeratorFactory.swift in Sources */,
				FA382EC82A19A2860047D033 /* FreshProduceState.swift in Sources */,
				FA382EDD2A1A79060047D033 /* DefrostingRefrigeratorFactory.swift in Sources */,
				FA382EC92A19A2860047D033 /* QuickCoolingState.swift in Sources */,
				FA382ECA2A19A2860047D033 /* MaintenanceModeState.swift in Sources */,
				FA382ECB2A19A2860047D033 /* EnergySaverState.swift in Sources */,
				FA382EFC2A20FE060047D033 /* CorruptTemperaturesRefrigeratorFactory.swift in Sources */,
				FA382EE62A1F3CFC0047D033 /* LightProtocol.swift in Sources */,
				FA382ECC2A19A2860047D033 /* DefrostState.swift in Sources */,
				FA382EE32A1F3CE20047D033 /* ResistanceProtocol.swift in Sources */,
				FA382ECD2A19A2860047D033 /* PartyState.swift in Sources */,
				FA382ECE2A19A2860047D033 /* RefrigeratorState.swift in Sources */,
				FA382ECF2A19A2860047D033 /* FreezingState.swift in Sources */,
				FA382EE02A1F3CC80047D033 /* FanProtocol.swift in Sources */,
				FA382EE92A1F3D160047D033 /* CompressorProtocol.swift in Sources */,
				FA382EB72A19A23E0047D033 /* Compressor.swift in Sources */,
				FA382EB82A19A23E0047D033 /* Resistance.swift in Sources */,
				FA382EEF2A1F3D4E0047D033 /* RefrigeratorComponent.swift in Sources */,
				FA382EB92A19A23E0047D033 /* Refrigerator.swift in Sources */,
				FA382EBA2A19A23E0047D033 /* Temperature.swift in Sources */,
				FA382EBB2A19A23E0047D033 /* TemperatureRule.swift in Sources */,
				FA382EBC2A19A23E0047D033 /* TemperatureStatus.swift in Sources */,
				FA382EBD2A19A23E0047D033 /* TemperatureUnit.swift in Sources */,
				FA382EB62A19A2320047D033 /* EcoState.swift in Sources */,
				FAB54C3F2A0E118A00E14E1E /* RefrigeratorBuilderViewModel.swift in Sources */,
				FAB54C352A0DC8AE00E14E1E /* TemperatureTests.swift in Sources */,
				FA714C3E2A088C11003E2CA4 /* TemperatureRulesTests.swift in Sources */,
				FA2706832A2954D100EB2DAE /* RefrigeratorTests.swift in Sources */,
				FA382F032A253F320047D033 /* User.swift in Sources */,
				FA714C382A088BFF003E2CA4 /* CoolManagerTests.swift in Sources */,
				FA382EEC2A1F3D2D0047D033 /* DoorProtocol.swift in Sources */,
				FA382EF32A1FB34B0047D033 /* Update.swift in Sources */,
				FAB54C392A0E113C00E14E1E /* View1Presenter.swift in Sources */,
				FAB54C3C2A0E116600E14E1E /* View1View.swift in Sources */,
				FAB54C442A0E152300E14E1E /* RefrigeratorBuilderViewModelTests.swift in Sources */,
				FA382EF92A20F20E0047D033 /* DoorOpenedRefrigeratorFactory.swift in Sources */,
				FAB54C692A0EB93900E14E1E /* Vista1.swift in Sources */,
				FA382EF62A1FB3660047D033 /* SetPoint.swift in Sources */,
			);
			runOnlyForDeploymentPostprocessing = 0;
		};
/* End PBXSourcesBuildPhase section */

/* Begin PBXTargetDependency section */
		FA714C3A2A088BFF003E2CA4 /* PBXTargetDependency */ = {
			isa = PBXTargetDependency;
			target = FA6C7A1D29D8F6CD002267A5 /* CoolManager */;
			targetProxy = FA714C392A088BFF003E2CA4 /* PBXContainerItemProxy */;
		};
/* End PBXTargetDependency section */

/* Begin PBXVariantGroup section */
		FA6C7A2729D8F6CD002267A5 /* Main.storyboard */ = {
			isa = PBXVariantGroup;
			children = (
				FA6C7A2829D8F6CD002267A5 /* Base */,
			);
			name = Main.storyboard;
			sourceTree = "<group>";
		};
		FA6C7A2C29D8F6D0002267A5 /* LaunchScreen.storyboard */ = {
			isa = PBXVariantGroup;
			children = (
				FA6C7A2D29D8F6D0002267A5 /* Base */,
			);
			name = LaunchScreen.storyboard;
			sourceTree = "<group>";
		};
/* End PBXVariantGroup section */

/* Begin XCBuildConfiguration section */
		FA6C7A3029D8F6D0002267A5 /* Debug */ = {
			isa = XCBuildConfiguration;
			buildSettings = {
				ALWAYS_SEARCH_USER_PATHS = NO;
				CLANG_ANALYZER_NONNULL = YES;
				CLANG_ANALYZER_NUMBER_OBJECT_CONVERSION = YES_AGGRESSIVE;
				CLANG_CXX_LANGUAGE_STANDARD = "gnu++20";
				CLANG_ENABLE_MODULES = YES;
				CLANG_ENABLE_OBJC_ARC = YES;
				CLANG_ENABLE_OBJC_WEAK = YES;
				CLANG_WARN_BLOCK_CAPTURE_AUTORELEASING = YES;
				CLANG_WARN_BOOL_CONVERSION = YES;
				CLANG_WARN_COMMA = YES;
				CLANG_WARN_CONSTANT_CONVERSION = YES;
				CLANG_WARN_DEPRECATED_OBJC_IMPLEMENTATIONS = YES;
				CLANG_WARN_DIRECT_OBJC_ISA_USAGE = YES_ERROR;
				CLANG_WARN_DOCUMENTATION_COMMENTS = YES;
				CLANG_WARN_EMPTY_BODY = YES;
				CLANG_WARN_ENUM_CONVERSION = YES;
				CLANG_WARN_INFINITE_RECURSION = YES;
				CLANG_WARN_INT_CONVERSION = YES;
				CLANG_WARN_NON_LITERAL_NULL_CONVERSION = YES;
				CLANG_WARN_OBJC_IMPLICIT_RETAIN_SELF = YES;
				CLANG_WARN_OBJC_LITERAL_CONVERSION = YES;
				CLANG_WARN_OBJC_ROOT_CLASS = YES_ERROR;
				CLANG_WARN_QUOTED_INCLUDE_IN_FRAMEWORK_HEADER = YES;
				CLANG_WARN_RANGE_LOOP_ANALYSIS = YES;
				CLANG_WARN_STRICT_PROTOTYPES = YES;
				CLANG_WARN_SUSPICIOUS_MOVE = YES;
				CLANG_WARN_UNGUARDED_AVAILABILITY = YES_AGGRESSIVE;
				CLANG_WARN_UNREACHABLE_CODE = YES;
				CLANG_WARN__DUPLICATE_METHOD_MATCH = YES;
				COPY_PHASE_STRIP = NO;
				DEBUG_INFORMATION_FORMAT = dwarf;
				ENABLE_STRICT_OBJC_MSGSEND = YES;
				ENABLE_TESTABILITY = YES;
				GCC_C_LANGUAGE_STANDARD = gnu11;
				GCC_DYNAMIC_NO_PIC = NO;
				GCC_NO_COMMON_BLOCKS = YES;
				GCC_OPTIMIZATION_LEVEL = 0;
				GCC_PREPROCESSOR_DEFINITIONS = (
					"DEBUG=1",
					"$(inherited)",
				);
				GCC_WARN_64_TO_32_BIT_CONVERSION = YES;
				GCC_WARN_ABOUT_RETURN_TYPE = YES_ERROR;
				GCC_WARN_UNDECLARED_SELECTOR = YES;
				GCC_WARN_UNINITIALIZED_AUTOS = YES_AGGRESSIVE;
				GCC_WARN_UNUSED_FUNCTION = YES;
				GCC_WARN_UNUSED_VARIABLE = YES;
				IPHONEOS_DEPLOYMENT_TARGET = 16.2;
				MTL_ENABLE_DEBUG_INFO = INCLUDE_SOURCE;
				MTL_FAST_MATH = YES;
				ONLY_ACTIVE_ARCH = YES;
				SDKROOT = iphoneos;
				SWIFT_ACTIVE_COMPILATION_CONDITIONS = DEBUG;
				SWIFT_OPTIMIZATION_LEVEL = "-Onone";
			};
			name = Debug;
		};
		FA6C7A3129D8F6D0002267A5 /* Release */ = {
			isa = XCBuildConfiguration;
			buildSettings = {
				ALWAYS_SEARCH_USER_PATHS = NO;
				CLANG_ANALYZER_NONNULL = YES;
				CLANG_ANALYZER_NUMBER_OBJECT_CONVERSION = YES_AGGRESSIVE;
				CLANG_CXX_LANGUAGE_STANDARD = "gnu++20";
				CLANG_ENABLE_MODULES = YES;
				CLANG_ENABLE_OBJC_ARC = YES;
				CLANG_ENABLE_OBJC_WEAK = YES;
				CLANG_WARN_BLOCK_CAPTURE_AUTORELEASING = YES;
				CLANG_WARN_BOOL_CONVERSION = YES;
				CLANG_WARN_COMMA = YES;
				CLANG_WARN_CONSTANT_CONVERSION = YES;
				CLANG_WARN_DEPRECATED_OBJC_IMPLEMENTATIONS = YES;
				CLANG_WARN_DIRECT_OBJC_ISA_USAGE = YES_ERROR;
				CLANG_WARN_DOCUMENTATION_COMMENTS = YES;
				CLANG_WARN_EMPTY_BODY = YES;
				CLANG_WARN_ENUM_CONVERSION = YES;
				CLANG_WARN_INFINITE_RECURSION = YES;
				CLANG_WARN_INT_CONVERSION = YES;
				CLANG_WARN_NON_LITERAL_NULL_CONVERSION = YES;
				CLANG_WARN_OBJC_IMPLICIT_RETAIN_SELF = YES;
				CLANG_WARN_OBJC_LITERAL_CONVERSION = YES;
				CLANG_WARN_OBJC_ROOT_CLASS = YES_ERROR;
				CLANG_WARN_QUOTED_INCLUDE_IN_FRAMEWORK_HEADER = YES;
				CLANG_WARN_RANGE_LOOP_ANALYSIS = YES;
				CLANG_WARN_STRICT_PROTOTYPES = YES;
				CLANG_WARN_SUSPICIOUS_MOVE = YES;
				CLANG_WARN_UNGUARDED_AVAILABILITY = YES_AGGRESSIVE;
				CLANG_WARN_UNREACHABLE_CODE = YES;
				CLANG_WARN__DUPLICATE_METHOD_MATCH = YES;
				COPY_PHASE_STRIP = NO;
				DEBUG_INFORMATION_FORMAT = "dwarf-with-dsym";
				ENABLE_NS_ASSERTIONS = NO;
				ENABLE_STRICT_OBJC_MSGSEND = YES;
				GCC_C_LANGUAGE_STANDARD = gnu11;
				GCC_NO_COMMON_BLOCKS = YES;
				GCC_WARN_64_TO_32_BIT_CONVERSION = YES;
				GCC_WARN_ABOUT_RETURN_TYPE = YES_ERROR;
				GCC_WARN_UNDECLARED_SELECTOR = YES;
				GCC_WARN_UNINITIALIZED_AUTOS = YES_AGGRESSIVE;
				GCC_WARN_UNUSED_FUNCTION = YES;
				GCC_WARN_UNUSED_VARIABLE = YES;
				IPHONEOS_DEPLOYMENT_TARGET = 16.2;
				MTL_ENABLE_DEBUG_INFO = NO;
				MTL_FAST_MATH = YES;
				SDKROOT = iphoneos;
				SWIFT_COMPILATION_MODE = wholemodule;
				SWIFT_OPTIMIZATION_LEVEL = "-O";
				VALIDATE_PRODUCT = YES;
			};
			name = Release;
		};
		FA6C7A3329D8F6D0002267A5 /* Debug */ = {
			isa = XCBuildConfiguration;
			buildSettings = {
				ASSETCATALOG_COMPILER_APPICON_NAME = AppIcon;
				ASSETCATALOG_COMPILER_GLOBAL_ACCENT_COLOR_NAME = AccentColor;
				CODE_SIGN_STYLE = Automatic;
				CURRENT_PROJECT_VERSION = 1;
				DEVELOPMENT_TEAM = 66759VY892;
				GENERATE_INFOPLIST_FILE = YES;
				INFOPLIST_FILE = CoolManager/Info.plist;
				INFOPLIST_KEY_UIApplicationSupportsIndirectInputEvents = YES;
				INFOPLIST_KEY_UILaunchStoryboardName = LaunchScreen;
				INFOPLIST_KEY_UIMainStoryboardFile = Main;
				INFOPLIST_KEY_UIStatusBarStyle = "";
				INFOPLIST_KEY_UISupportedInterfaceOrientations = UIInterfaceOrientationLandscapeLeft;
				LD_RUNPATH_SEARCH_PATHS = (
					"$(inherited)",
					"@executable_path/Frameworks",
				);
				MARKETING_VERSION = 1.0;
				PRODUCT_BUNDLE_IDENTIFIER = example.CoolManager;
				PRODUCT_NAME = "$(TARGET_NAME)";
				SUPPORTED_PLATFORMS = "iphoneos iphonesimulator";
				SUPPORTS_MACCATALYST = NO;
				SUPPORTS_MAC_DESIGNED_FOR_IPHONE_IPAD = NO;
				SWIFT_EMIT_LOC_STRINGS = YES;
				SWIFT_VERSION = 5.0;
				TARGETED_DEVICE_FAMILY = 2;
			};
			name = Debug;
		};
		FA6C7A3429D8F6D0002267A5 /* Release */ = {
			isa = XCBuildConfiguration;
			buildSettings = {
				ASSETCATALOG_COMPILER_APPICON_NAME = AppIcon;
				ASSETCATALOG_COMPILER_GLOBAL_ACCENT_COLOR_NAME = AccentColor;
				CODE_SIGN_STYLE = Automatic;
				CURRENT_PROJECT_VERSION = 1;
				DEVELOPMENT_TEAM = 66759VY892;
				GENERATE_INFOPLIST_FILE = YES;
				INFOPLIST_FILE = CoolManager/Info.plist;
				INFOPLIST_KEY_UIApplicationSupportsIndirectInputEvents = YES;
				INFOPLIST_KEY_UILaunchStoryboardName = LaunchScreen;
				INFOPLIST_KEY_UIMainStoryboardFile = Main;
				INFOPLIST_KEY_UIStatusBarStyle = "";
				INFOPLIST_KEY_UISupportedInterfaceOrientations = UIInterfaceOrientationLandscapeLeft;
				LD_RUNPATH_SEARCH_PATHS = (
					"$(inherited)",
					"@executable_path/Frameworks",
				);
				MARKETING_VERSION = 1.0;
				PRODUCT_BUNDLE_IDENTIFIER = example.CoolManager;
				PRODUCT_NAME = "$(TARGET_NAME)";
				SUPPORTED_PLATFORMS = "iphoneos iphonesimulator";
				SUPPORTS_MACCATALYST = NO;
				SUPPORTS_MAC_DESIGNED_FOR_IPHONE_IPAD = NO;
				SWIFT_EMIT_LOC_STRINGS = YES;
				SWIFT_VERSION = 5.0;
				TARGETED_DEVICE_FAMILY = 2;
			};
			name = Release;
		};
		FA714C3C2A088BFF003E2CA4 /* Debug */ = {
			isa = XCBuildConfiguration;
			buildSettings = {
				BUNDLE_LOADER = "$(TEST_HOST)";
				CODE_SIGN_STYLE = Automatic;
				CURRENT_PROJECT_VERSION = 1;
				DEVELOPMENT_TEAM = 66759VY892;
				GENERATE_INFOPLIST_FILE = YES;
				MARKETING_VERSION = 1.0;
				PRODUCT_BUNDLE_IDENTIFIER = example.CoolManagerTests;
				PRODUCT_NAME = "$(TARGET_NAME)";
				SWIFT_EMIT_LOC_STRINGS = NO;
				SWIFT_VERSION = 5.0;
				TARGETED_DEVICE_FAMILY = "1,2";
				TEST_HOST = "$(BUILT_PRODUCTS_DIR)/CoolManager.app/$(BUNDLE_EXECUTABLE_FOLDER_PATH)/CoolManager";
			};
			name = Debug;
		};
		FA714C3D2A088BFF003E2CA4 /* Release */ = {
			isa = XCBuildConfiguration;
			buildSettings = {
				BUNDLE_LOADER = "$(TEST_HOST)";
				CODE_SIGN_STYLE = Automatic;
				CURRENT_PROJECT_VERSION = 1;
				DEVELOPMENT_TEAM = 66759VY892;
				GENERATE_INFOPLIST_FILE = YES;
				MARKETING_VERSION = 1.0;
				PRODUCT_BUNDLE_IDENTIFIER = example.CoolManagerTests;
				PRODUCT_NAME = "$(TARGET_NAME)";
				SWIFT_EMIT_LOC_STRINGS = NO;
				SWIFT_VERSION = 5.0;
				TARGETED_DEVICE_FAMILY = "1,2";
				TEST_HOST = "$(BUILT_PRODUCTS_DIR)/CoolManager.app/$(BUNDLE_EXECUTABLE_FOLDER_PATH)/CoolManager";
			};
			name = Release;
		};
/* End XCBuildConfiguration section */

/* Begin XCConfigurationList section */
		FA6C7A1929D8F6CD002267A5 /* Build configuration list for PBXProject "CoolManager" */ = {
			isa = XCConfigurationList;
			buildConfigurations = (
				FA6C7A3029D8F6D0002267A5 /* Debug */,
				FA6C7A3129D8F6D0002267A5 /* Release */,
			);
			defaultConfigurationIsVisible = 0;
			defaultConfigurationName = Release;
		};
		FA6C7A3229D8F6D0002267A5 /* Build configuration list for PBXNativeTarget "CoolManager" */ = {
			isa = XCConfigurationList;
			buildConfigurations = (
				FA6C7A3329D8F6D0002267A5 /* Debug */,
				FA6C7A3429D8F6D0002267A5 /* Release */,
			);
			defaultConfigurationIsVisible = 0;
			defaultConfigurationName = Release;
		};
		FA714C3B2A088BFF003E2CA4 /* Build configuration list for PBXNativeTarget "CoolManagerTests" */ = {
			isa = XCConfigurationList;
			buildConfigurations = (
				FA714C3C2A088BFF003E2CA4 /* Debug */,
				FA714C3D2A088BFF003E2CA4 /* Release */,
			);
			defaultConfigurationIsVisible = 0;
			defaultConfigurationName = Release;
		};
/* End XCConfigurationList section */
	};
	rootObject = FA6C7A1629D8F6CD002267A5 /* Project object */;
}
